
Microsoft Visual Studio Solution File, Format Version 12.00
# Visual Studio 2013
VisualStudioVersion = 12.0.40302.0
MinimumVisualStudioVersion = 10.0.40219.1
Project("{FAE04EC0-301F-11D3-BF4B-00C04F79EFBC}") = "HelloMVVMCross", "HelloMVVMCross\HelloMVVMCross.csproj", "{8F9D879D-CA22-4F77-9B89-2C11124A6937}"
EndProject
Project("{2150E333-8FDC-42A3-9474-1A3956D46DE8}") = "HelloMVVMCross.Windows", "HelloMVVMCross.Windows", "{F4BD22FE-9FA2-4372-968D-E1EA30A5B976}"
EndProject
Project("{D954291E-2A0B-460D-934E-DC6B0785DB48}") = "HelloMVVMCross.Windows.Shared", "HelloMVVMCross.Windows\HelloMVVMCross.Windows.Shared\HelloMVVMCross.Windows.Shared.shproj", "{4BDD8DD1-7877-4C26-9E27-813608F550F2}"
EndProject
Project("{FAE04EC0-301F-11D3-BF4B-00C04F79EFBC}") = "HelloMVVMCross.Windows.Windows", "HelloMVVMCross.Windows\HelloMVVMCross.Windows.Windows\HelloMVVMCross.Windows.Windows.csproj", "{AA680B82-0ACD-4E34-9688-AFFCC62EAC47}"
EndProject
Project("{FAE04EC0-301F-11D3-BF4B-00C04F79EFBC}") = "HelloMVVMCross.Windows.WindowsPhone", "HelloMVVMCross.Windows\HelloMVVMCross.Windows.WindowsPhone\HelloMVVMCross.Windows.WindowsPhone.csproj", "{77B09BC3-9B07-4D6E-84D4-77EECF6C3269}"
EndProject
Project("{FAE04EC0-301F-11D3-BF4B-00C04F79EFBC}") = "HelloMMVVMCross.WPF", "HelloMMVVMCross.WPF\HelloMMVVMCross.WPF.csproj", "{19A969F9-C2E1-414D-96C0-408358D28B48}"
EndProject
Project("{FAE04EC0-301F-11D3-BF4B-00C04F79EFBC}") = "HelloMVVMCross.Android", "HelloMVVMCross.Android\HelloMVVMCross.Android.csproj", "{DAF0B2B0-8C68-4558-97E1-CBB072C34187}"
EndProject
Project("{FAE04EC0-301F-11D3-BF4B-00C04F79EFBC}") = "HelloMVVMCross.Iphone", "HelloMVVMCross.Iphone\HelloMVVMCross.Iphone.csproj", "{B71ADFAC-777D-4B73-B0A7-8EEC52307B4D}"
EndProject
Project("{2150E333-8FDC-42A3-9474-1A3956D46DE8}") = ".nuget", ".nuget", "{52555AE5-8D27-4A9E-97B6-29F1C08E1599}"
	ProjectSection(SolutionItems) = preProject
		.nuget\NuGet.Config = .nuget\NuGet.Config
		.nuget\NuGet.exe = .nuget\NuGet.exe
		.nuget\NuGet.targets = .nuget\NuGet.targets
	EndProjectSection
EndProject
Global
	GlobalSection(SharedMSBuildProjectFiles) = preSolution
		HelloMVVMCross.Windows\HelloMVVMCross.Windows.Shared\HelloMVVMCross.Windows.Shared.projitems*{77b09bc3-9b07-4d6e-84d4-77eecf6c3269}*SharedItemsImports = 4
		HelloMVVMCross.Windows\HelloMVVMCross.Windows.Shared\HelloMVVMCross.Windows.Shared.projitems*{4bdd8dd1-7877-4c26-9e27-813608f550f2}*SharedItemsImports = 13
		HelloMVVMCross.Windows\HelloMVVMCross.Windows.Shared\HelloMVVMCross.Windows.Shared.projitems*{aa680b82-0acd-4e34-9688-affcc62eac47}*SharedItemsImports = 4
	EndGlobalSection
	GlobalSection(SolutionConfigurationPlatforms) = preSolution
		Ad-Hoc|Any CPU = Ad-Hoc|Any CPU
		Ad-Hoc|ARM = Ad-Hoc|ARM
		Ad-Hoc|iPhone = Ad-Hoc|iPhone
		Ad-Hoc|iPhoneSimulator = Ad-Hoc|iPhoneSimulator
		Ad-Hoc|Mixed Platforms = Ad-Hoc|Mixed Platforms
		Ad-Hoc|x64 = Ad-Hoc|x64
		Ad-Hoc|x86 = Ad-Hoc|x86
		AppStore|Any CPU = AppStore|Any CPU
		AppStore|ARM = AppStore|ARM
		AppStore|iPhone = AppStore|iPhone
		AppStore|iPhoneSimulator = AppStore|iPhoneSimulator
		AppStore|Mixed Platforms = AppStore|Mixed Platforms
		AppStore|x64 = AppStore|x64
		AppStore|x86 = AppStore|x86
		Debug|Any CPU = Debug|Any CPU
		Debug|ARM = Debug|ARM
		Debug|iPhone = Debug|iPhone
		Debug|iPhoneSimulator = Debug|iPhoneSimulator
		Debug|Mixed Platforms = Debug|Mixed Platforms
		Debug|x64 = Debug|x64
		Debug|x86 = Debug|x86
		Release|Any CPU = Release|Any CPU
		Release|ARM = Release|ARM
		Release|iPhone = Release|iPhone
		Release|iPhoneSimulator = Release|iPhoneSimulator
		Release|Mixed Platforms = Release|Mixed Platforms
		Release|x64 = Release|x64
		Release|x86 = Release|x86
	EndGlobalSection
	GlobalSection(ProjectConfigurationPlatforms) = postSolution
		{8F9D879D-CA22-4F77-9B89-2C11124A6937}.Ad-Hoc|Any CPU.ActiveCfg = Release|Any CPU
		{8F9D879D-CA22-4F77-9B89-2C11124A6937}.Ad-Hoc|Any CPU.Build.0 = Release|Any CPU
		{8F9D879D-CA22-4F77-9B89-2C11124A6937}.Ad-Hoc|ARM.ActiveCfg = Release|Any CPU
		{8F9D879D-CA22-4F77-9B89-2C11124A6937}.Ad-Hoc|iPhone.ActiveCfg = Release|Any CPU
		{8F9D879D-CA22-4F77-9B89-2C11124A6937}.Ad-Hoc|iPhoneSimulator.ActiveCfg = Release|Any CPU
		{8F9D879D-CA22-4F77-9B89-2C11124A6937}.Ad-Hoc|Mixed Platforms.ActiveCfg = Release|Any CPU
		{8F9D879D-CA22-4F77-9B89-2C11124A6937}.Ad-Hoc|Mixed Platforms.Build.0 = Release|Any CPU
		{8F9D879D-CA22-4F77-9B89-2C11124A6937}.Ad-Hoc|x64.ActiveCfg = Release|Any CPU
		{8F9D879D-CA22-4F77-9B89-2C11124A6937}.Ad-Hoc|x86.ActiveCfg = Release|Any CPU
		{8F9D879D-CA22-4F77-9B89-2C11124A6937}.AppStore|Any CPU.ActiveCfg = Release|Any CPU
		{8F9D879D-CA22-4F77-9B89-2C11124A6937}.AppStore|Any CPU.Build.0 = Release|Any CPU
		{8F9D879D-CA22-4F77-9B89-2C11124A6937}.AppStore|ARM.ActiveCfg = Release|Any CPU
		{8F9D879D-CA22-4F77-9B89-2C11124A6937}.AppStore|iPhone.ActiveCfg = Release|Any CPU
		{8F9D879D-CA22-4F77-9B89-2C11124A6937}.AppStore|iPhoneSimulator.ActiveCfg = Release|Any CPU
		{8F9D879D-CA22-4F77-9B89-2C11124A6937}.AppStore|Mixed Platforms.ActiveCfg = Release|Any CPU
		{8F9D879D-CA22-4F77-9B89-2C11124A6937}.AppStore|Mixed Platforms.Build.0 = Release|Any CPU
		{8F9D879D-CA22-4F77-9B89-2C11124A6937}.AppStore|x64.ActiveCfg = Release|Any CPU
		{8F9D879D-CA22-4F77-9B89-2C11124A6937}.AppStore|x86.ActiveCfg = Release|Any CPU
		{8F9D879D-CA22-4F77-9B89-2C11124A6937}.Debug|Any CPU.ActiveCfg = Debug|Any CPU
		{8F9D879D-CA22-4F77-9B89-2C11124A6937}.Debug|Any CPU.Build.0 = Debug|Any CPU
		{8F9D879D-CA22-4F77-9B89-2C11124A6937}.Debug|ARM.ActiveCfg = Debug|Any CPU
		{8F9D879D-CA22-4F77-9B89-2C11124A6937}.Debug|iPhone.ActiveCfg = Debug|Any CPU
		{8F9D879D-CA22-4F77-9B89-2C11124A6937}.Debug|iPhoneSimulator.ActiveCfg = Debug|Any CPU
		{8F9D879D-CA22-4F77-9B89-2C11124A6937}.Debug|Mixed Platforms.ActiveCfg = Debug|Any CPU
		{8F9D879D-CA22-4F77-9B89-2C11124A6937}.Debug|Mixed Platforms.Build.0 = Debug|Any CPU
		{8F9D879D-CA22-4F77-9B89-2C11124A6937}.Debug|x64.ActiveCfg = Debug|Any CPU
		{8F9D879D-CA22-4F77-9B89-2C11124A6937}.Debug|x86.ActiveCfg = Debug|Any CPU
		{8F9D879D-CA22-4F77-9B89-2C11124A6937}.Release|Any CPU.ActiveCfg = Release|Any CPU
		{8F9D879D-CA22-4F77-9B89-2C11124A6937}.Release|Any CPU.Build.0 = Release|Any CPU
		{8F9D879D-CA22-4F77-9B89-2C11124A6937}.Release|ARM.ActiveCfg = Release|Any CPU
		{8F9D879D-CA22-4F77-9B89-2C11124A6937}.Release|iPhone.ActiveCfg = Release|Any CPU
		{8F9D879D-CA22-4F77-9B89-2C11124A6937}.Release|iPhoneSimulator.ActiveCfg = Release|Any CPU
		{8F9D879D-CA22-4F77-9B89-2C11124A6937}.Release|Mixed Platforms.ActiveCfg = Release|Any CPU
		{8F9D879D-CA22-4F77-9B89-2C11124A6937}.Release|Mixed Platforms.Build.0 = Release|Any CPU
		{8F9D879D-CA22-4F77-9B89-2C11124A6937}.Release|x64.ActiveCfg = Release|Any CPU
		{8F9D879D-CA22-4F77-9B89-2C11124A6937}.Release|x86.ActiveCfg = Release|Any CPU
		{AA680B82-0ACD-4E34-9688-AFFCC62EAC47}.Ad-Hoc|Any CPU.ActiveCfg = Release|Any CPU
		{AA680B82-0ACD-4E34-9688-AFFCC62EAC47}.Ad-Hoc|Any CPU.Build.0 = Release|Any CPU
		{AA680B82-0ACD-4E34-9688-AFFCC62EAC47}.Ad-Hoc|Any CPU.Deploy.0 = Release|Any CPU
		{AA680B82-0ACD-4E34-9688-AFFCC62EAC47}.Ad-Hoc|ARM.ActiveCfg = Release|ARM
		{AA680B82-0ACD-4E34-9688-AFFCC62EAC47}.Ad-Hoc|ARM.Build.0 = Release|ARM
		{AA680B82-0ACD-4E34-9688-AFFCC62EAC47}.Ad-Hoc|ARM.Deploy.0 = Release|ARM
		{AA680B82-0ACD-4E34-9688-AFFCC62EAC47}.Ad-Hoc|iPhone.ActiveCfg = Release|Any CPU
		{AA680B82-0ACD-4E34-9688-AFFCC62EAC47}.Ad-Hoc|iPhoneSimulator.ActiveCfg = Release|Any CPU
		{AA680B82-0ACD-4E34-9688-AFFCC62EAC47}.Ad-Hoc|Mixed Platforms.ActiveCfg = Release|x86
		{AA680B82-0ACD-4E34-9688-AFFCC62EAC47}.Ad-Hoc|Mixed Platforms.Build.0 = Release|x86
		{AA680B82-0ACD-4E34-9688-AFFCC62EAC47}.Ad-Hoc|Mixed Platforms.Deploy.0 = Release|x86
		{AA680B82-0ACD-4E34-9688-AFFCC62EAC47}.Ad-Hoc|x64.ActiveCfg = Release|x64
		{AA680B82-0ACD-4E34-9688-AFFCC62EAC47}.Ad-Hoc|x64.Build.0 = Release|x64
		{AA680B82-0ACD-4E34-9688-AFFCC62EAC47}.Ad-Hoc|x64.Deploy.0 = Release|x64
		{AA680B82-0ACD-4E34-9688-AFFCC62EAC47}.Ad-Hoc|x86.ActiveCfg = Release|x86
		{AA680B82-0ACD-4E34-9688-AFFCC62EAC47}.Ad-Hoc|x86.Build.0 = Release|x86
		{AA680B82-0ACD-4E34-9688-AFFCC62EAC47}.Ad-Hoc|x86.Deploy.0 = Release|x86
		{AA680B82-0ACD-4E34-9688-AFFCC62EAC47}.AppStore|Any CPU.ActiveCfg = Release|Any CPU
		{AA680B82-0ACD-4E34-9688-AFFCC62EAC47}.AppStore|Any CPU.Build.0 = Release|Any CPU
		{AA680B82-0ACD-4E34-9688-AFFCC62EAC47}.AppStore|Any CPU.Deploy.0 = Release|Any CPU
		{AA680B82-0ACD-4E34-9688-AFFCC62EAC47}.AppStore|ARM.ActiveCfg = Release|ARM
		{AA680B82-0ACD-4E34-9688-AFFCC62EAC47}.AppStore|ARM.Build.0 = Release|ARM
		{AA680B82-0ACD-4E34-9688-AFFCC62EAC47}.AppStore|ARM.Deploy.0 = Release|ARM
		{AA680B82-0ACD-4E34-9688-AFFCC62EAC47}.AppStore|iPhone.ActiveCfg = Release|Any CPU
		{AA680B82-0ACD-4E34-9688-AFFCC62EAC47}.AppStore|iPhoneSimulator.ActiveCfg = Release|Any CPU
		{AA680B82-0ACD-4E34-9688-AFFCC62EAC47}.AppStore|Mixed Platforms.ActiveCfg = Release|x86
		{AA680B82-0ACD-4E34-9688-AFFCC62EAC47}.AppStore|Mixed Platforms.Build.0 = Release|x86
		{AA680B82-0ACD-4E34-9688-AFFCC62EAC47}.AppStore|Mixed Platforms.Deploy.0 = Release|x86
		{AA680B82-0ACD-4E34-9688-AFFCC62EAC47}.AppStore|x64.ActiveCfg = Release|x64
		{AA680B82-0ACD-4E34-9688-AFFCC62EAC47}.AppStore|x64.Build.0 = Release|x64
		{AA680B82-0ACD-4E34-9688-AFFCC62EAC47}.AppStore|x64.Deploy.0 = Release|x64
		{AA680B82-0ACD-4E34-9688-AFFCC62EAC47}.AppStore|x86.ActiveCfg = Release|x86
		{AA680B82-0ACD-4E34-9688-AFFCC62EAC47}.AppStore|x86.Build.0 = Release|x86
		{AA680B82-0ACD-4E34-9688-AFFCC62EAC47}.AppStore|x86.Deploy.0 = Release|x86
		{AA680B82-0ACD-4E34-9688-AFFCC62EAC47}.Debug|Any CPU.ActiveCfg = Debug|Any CPU
		{AA680B82-0ACD-4E34-9688-AFFCC62EAC47}.Debug|Any CPU.Build.0 = Debug|Any CPU
		{AA680B82-0ACD-4E34-9688-AFFCC62EAC47}.Debug|Any CPU.Deploy.0 = Debug|Any CPU
		{AA680B82-0ACD-4E34-9688-AFFCC62EAC47}.Debug|ARM.ActiveCfg = Debug|ARM
		{AA680B82-0ACD-4E34-9688-AFFCC62EAC47}.Debug|ARM.Build.0 = Debug|ARM
		{AA680B82-0ACD-4E34-9688-AFFCC62EAC47}.Debug|ARM.Deploy.0 = Debug|ARM
		{AA680B82-0ACD-4E34-9688-AFFCC62EAC47}.Debug|iPhone.ActiveCfg = Debug|Any CPU
		{AA680B82-0ACD-4E34-9688-AFFCC62EAC47}.Debug|iPhoneSimulator.ActiveCfg = Debug|Any CPU
		{AA680B82-0ACD-4E34-9688-AFFCC62EAC47}.Debug|Mixed Platforms.ActiveCfg = Debug|x86
		{AA680B82-0ACD-4E34-9688-AFFCC62EAC47}.Debug|Mixed Platforms.Build.0 = Debug|x86
		{AA680B82-0ACD-4E34-9688-AFFCC62EAC47}.Debug|Mixed Platforms.Deploy.0 = Debug|x86
		{AA680B82-0ACD-4E34-9688-AFFCC62EAC47}.Debug|x64.ActiveCfg = Debug|x64
		{AA680B82-0ACD-4E34-9688-AFFCC62EAC47}.Debug|x64.Build.0 = Debug|x64
		{AA680B82-0ACD-4E34-9688-AFFCC62EAC47}.Debug|x64.Deploy.0 = Debug|x64
		{AA680B82-0ACD-4E34-9688-AFFCC62EAC47}.Debug|x86.ActiveCfg = Debug|x86
		{AA680B82-0ACD-4E34-9688-AFFCC62EAC47}.Debug|x86.Build.0 = Debug|x86
		{AA680B82-0ACD-4E34-9688-AFFCC62EAC47}.Debug|x86.Deploy.0 = Debug|x86
		{AA680B82-0ACD-4E34-9688-AFFCC62EAC47}.Release|Any CPU.ActiveCfg = Release|Any CPU
		{AA680B82-0ACD-4E34-9688-AFFCC62EAC47}.Release|Any CPU.Build.0 = Release|Any CPU
		{AA680B82-0ACD-4E34-9688-AFFCC62EAC47}.Release|Any CPU.Deploy.0 = Release|Any CPU
		{AA680B82-0ACD-4E34-9688-AFFCC62EAC47}.Release|ARM.ActiveCfg = Release|ARM
		{AA680B82-0ACD-4E34-9688-AFFCC62EAC47}.Release|ARM.Build.0 = Release|ARM
		{AA680B82-0ACD-4E34-9688-AFFCC62EAC47}.Release|ARM.Deploy.0 = Release|ARM
		{AA680B82-0ACD-4E34-9688-AFFCC62EAC47}.Release|iPhone.ActiveCfg = Release|Any CPU
		{AA680B82-0ACD-4E34-9688-AFFCC62EAC47}.Release|iPhoneSimulator.ActiveCfg = Release|Any CPU
		{AA680B82-0ACD-4E34-9688-AFFCC62EAC47}.Release|Mixed Platforms.ActiveCfg = Release|x86
		{AA680B82-0ACD-4E34-9688-AFFCC62EAC47}.Release|Mixed Platforms.Build.0 = Release|x86
		{AA680B82-0ACD-4E34-9688-AFFCC62EAC47}.Release|Mixed Platforms.Deploy.0 = Release|x86
		{AA680B82-0ACD-4E34-9688-AFFCC62EAC47}.Release|x64.ActiveCfg = Release|x64
		{AA680B82-0ACD-4E34-9688-AFFCC62EAC47}.Release|x64.Build.0 = Release|x64
		{AA680B82-0ACD-4E34-9688-AFFCC62EAC47}.Release|x64.Deploy.0 = Release|x64
		{AA680B82-0ACD-4E34-9688-AFFCC62EAC47}.Release|x86.ActiveCfg = Release|x86
		{AA680B82-0ACD-4E34-9688-AFFCC62EAC47}.Release|x86.Build.0 = Release|x86
		{AA680B82-0ACD-4E34-9688-AFFCC62EAC47}.Release|x86.Deploy.0 = Release|x86
		{77B09BC3-9B07-4D6E-84D4-77EECF6C3269}.Ad-Hoc|Any CPU.ActiveCfg = Release|Any CPU
		{77B09BC3-9B07-4D6E-84D4-77EECF6C3269}.Ad-Hoc|Any CPU.Build.0 = Release|Any CPU
		{77B09BC3-9B07-4D6E-84D4-77EECF6C3269}.Ad-Hoc|Any CPU.Deploy.0 = Release|Any CPU
		{77B09BC3-9B07-4D6E-84D4-77EECF6C3269}.Ad-Hoc|ARM.ActiveCfg = Release|ARM
		{77B09BC3-9B07-4D6E-84D4-77EECF6C3269}.Ad-Hoc|ARM.Build.0 = Release|ARM
		{77B09BC3-9B07-4D6E-84D4-77EECF6C3269}.Ad-Hoc|ARM.Deploy.0 = Release|ARM
		{77B09BC3-9B07-4D6E-84D4-77EECF6C3269}.Ad-Hoc|iPhone.ActiveCfg = Release|Any CPU
		{77B09BC3-9B07-4D6E-84D4-77EECF6C3269}.Ad-Hoc|iPhoneSimulator.ActiveCfg = Release|Any CPU
		{77B09BC3-9B07-4D6E-84D4-77EECF6C3269}.Ad-Hoc|Mixed Platforms.ActiveCfg = Release|x86
		{77B09BC3-9B07-4D6E-84D4-77EECF6C3269}.Ad-Hoc|Mixed Platforms.Build.0 = Release|x86
		{77B09BC3-9B07-4D6E-84D4-77EECF6C3269}.Ad-Hoc|Mixed Platforms.Deploy.0 = Release|x86
		{77B09BC3-9B07-4D6E-84D4-77EECF6C3269}.Ad-Hoc|x64.ActiveCfg = Release|Any CPU
		{77B09BC3-9B07-4D6E-84D4-77EECF6C3269}.Ad-Hoc|x86.ActiveCfg = Release|x86
		{77B09BC3-9B07-4D6E-84D4-77EECF6C3269}.Ad-Hoc|x86.Build.0 = Release|x86
		{77B09BC3-9B07-4D6E-84D4-77EECF6C3269}.Ad-Hoc|x86.Deploy.0 = Release|x86
		{77B09BC3-9B07-4D6E-84D4-77EECF6C3269}.AppStore|Any CPU.ActiveCfg = Release|Any CPU
		{77B09BC3-9B07-4D6E-84D4-77EECF6C3269}.AppStore|Any CPU.Build.0 = Release|Any CPU
		{77B09BC3-9B07-4D6E-84D4-77EECF6C3269}.AppStore|Any CPU.Deploy.0 = Release|Any CPU
		{77B09BC3-9B07-4D6E-84D4-77EECF6C3269}.AppStore|ARM.ActiveCfg = Release|ARM
		{77B09BC3-9B07-4D6E-84D4-77EECF6C3269}.AppStore|ARM.Build.0 = Release|ARM
		{77B09BC3-9B07-4D6E-84D4-77EECF6C3269}.AppStore|ARM.Deploy.0 = Release|ARM
		{77B09BC3-9B07-4D6E-84D4-77EECF6C3269}.AppStore|iPhone.ActiveCfg = Release|Any CPU
		{77B09BC3-9B07-4D6E-84D4-77EECF6C3269}.AppStore|iPhoneSimulator.ActiveCfg = Release|Any CPU
		{77B09BC3-9B07-4D6E-84D4-77EECF6C3269}.AppStore|Mixed Platforms.ActiveCfg = Release|x86
		{77B09BC3-9B07-4D6E-84D4-77EECF6C3269}.AppStore|Mixed Platforms.Build.0 = Release|x86
		{77B09BC3-9B07-4D6E-84D4-77EECF6C3269}.AppStore|Mixed Platforms.Deploy.0 = Release|x86
		{77B09BC3-9B07-4D6E-84D4-77EECF6C3269}.AppStore|x64.ActiveCfg = Release|Any CPU
		{77B09BC3-9B07-4D6E-84D4-77EECF6C3269}.AppStore|x86.ActiveCfg = Release|x86
		{77B09BC3-9B07-4D6E-84D4-77EECF6C3269}.AppStore|x86.Build.0 = Release|x86
		{77B09BC3-9B07-4D6E-84D4-77EECF6C3269}.AppStore|x86.Deploy.0 = Release|x86
		{77B09BC3-9B07-4D6E-84D4-77EECF6C3269}.Debug|Any CPU.ActiveCfg = Debug|Any CPU
		{77B09BC3-9B07-4D6E-84D4-77EECF6C3269}.Debug|Any CPU.Build.0 = Debug|Any CPU
		{77B09BC3-9B07-4D6E-84D4-77EECF6C3269}.Debug|Any CPU.Deploy.0 = Debug|Any CPU
		{77B09BC3-9B07-4D6E-84D4-77EECF6C3269}.Debug|ARM.ActiveCfg = Debug|ARM
		{77B09BC3-9B07-4D6E-84D4-77EECF6C3269}.Debug|ARM.Build.0 = Debug|ARM
		{77B09BC3-9B07-4D6E-84D4-77EECF6C3269}.Debug|ARM.Deploy.0 = Debug|ARM
		{77B09BC3-9B07-4D6E-84D4-77EECF6C3269}.Debug|iPhone.ActiveCfg = Debug|Any CPU
		{77B09BC3-9B07-4D6E-84D4-77EECF6C3269}.Debug|iPhoneSimulator.ActiveCfg = Debug|Any CPU
		{77B09BC3-9B07-4D6E-84D4-77EECF6C3269}.Debug|Mixed Platforms.ActiveCfg = Debug|x86
		{77B09BC3-9B07-4D6E-84D4-77EECF6C3269}.Debug|Mixed Platforms.Build.0 = Debug|x86
		{77B09BC3-9B07-4D6E-84D4-77EECF6C3269}.Debug|Mixed Platforms.Deploy.0 = Debug|x86
		{77B09BC3-9B07-4D6E-84D4-77EECF6C3269}.Debug|x64.ActiveCfg = Debug|Any CPU
		{77B09BC3-9B07-4D6E-84D4-77EECF6C3269}.Debug|x86.ActiveCfg = Debug|x86
		{77B09BC3-9B07-4D6E-84D4-77EECF6C3269}.Debug|x86.Build.0 = Debug|x86
		{77B09BC3-9B07-4D6E-84D4-77EECF6C3269}.Debug|x86.Deploy.0 = Debug|x86
		{77B09BC3-9B07-4D6E-84D4-77EECF6C3269}.Release|Any CPU.ActiveCfg = Release|Any CPU
		{77B09BC3-9B07-4D6E-84D4-77EECF6C3269}.Release|Any CPU.Build.0 = Release|Any CPU
		{77B09BC3-9B07-4D6E-84D4-77EECF6C3269}.Release|Any CPU.Deploy.0 = Release|Any CPU
		{77B09BC3-9B07-4D6E-84D4-77EECF6C3269}.Release|ARM.ActiveCfg = Release|ARM
		{77B09BC3-9B07-4D6E-84D4-77EECF6C3269}.Release|ARM.Build.0 = Release|ARM
		{77B09BC3-9B07-4D6E-84D4-77EECF6C3269}.Release|ARM.Deploy.0 = Release|ARM
		{77B09BC3-9B07-4D6E-84D4-77EECF6C3269}.Release|iPhone.ActiveCfg = Release|Any CPU
		{77B09BC3-9B07-4D6E-84D4-77EECF6C3269}.Release|iPhoneSimulator.ActiveCfg = Release|Any CPU
		{77B09BC3-9B07-4D6E-84D4-77EECF6C3269}.Release|Mixed Platforms.ActiveCfg = Release|x86
		{77B09BC3-9B07-4D6E-84D4-77EECF6C3269}.Release|Mixed Platforms.Build.0 = Release|x86
		{77B09BC3-9B07-4D6E-84D4-77EECF6C3269}.Release|Mixed Platforms.Deploy.0 = Release|x86
		{77B09BC3-9B07-4D6E-84D4-77EECF6C3269}.Release|x64.ActiveCfg = Release|Any CPU
		{77B09BC3-9B07-4D6E-84D4-77EECF6C3269}.Release|x86.ActiveCfg = Release|x86
		{77B09BC3-9B07-4D6E-84D4-77EECF6C3269}.Release|x86.Build.0 = Release|x86
		{77B09BC3-9B07-4D6E-84D4-77EECF6C3269}.Release|x86.Deploy.0 = Release|x86
		{19A969F9-C2E1-414D-96C0-408358D28B48}.Ad-Hoc|Any CPU.ActiveCfg = Release|Any CPU
		{19A969F9-C2E1-414D-96C0-408358D28B48}.Ad-Hoc|Any CPU.Build.0 = Release|Any CPU
		{19A969F9-C2E1-414D-96C0-408358D28B48}.Ad-Hoc|ARM.ActiveCfg = Release|Any CPU
		{19A969F9-C2E1-414D-96C0-408358D28B48}.Ad-Hoc|iPhone.ActiveCfg = Release|Any CPU
		{19A969F9-C2E1-414D-96C0-408358D28B48}.Ad-Hoc|iPhoneSimulator.ActiveCfg = Release|Any CPU
		{19A969F9-C2E1-414D-96C0-408358D28B48}.Ad-Hoc|Mixed Platforms.ActiveCfg = Release|Any CPU
		{19A969F9-C2E1-414D-96C0-408358D28B48}.Ad-Hoc|Mixed Platforms.Build.0 = Release|Any CPU
		{19A969F9-C2E1-414D-96C0-408358D28B48}.Ad-Hoc|x64.ActiveCfg = Release|Any CPU
		{19A969F9-C2E1-414D-96C0-408358D28B48}.Ad-Hoc|x86.ActiveCfg = Release|Any CPU
		{19A969F9-C2E1-414D-96C0-408358D28B48}.AppStore|Any CPU.ActiveCfg = Release|Any CPU
		{19A969F9-C2E1-414D-96C0-408358D28B48}.AppStore|Any CPU.Build.0 = Release|Any CPU
		{19A969F9-C2E1-414D-96C0-408358D28B48}.AppStore|ARM.ActiveCfg = Release|Any CPU
		{19A969F9-C2E1-414D-96C0-408358D28B48}.AppStore|iPhone.ActiveCfg = Release|Any CPU
		{19A969F9-C2E1-414D-96C0-408358D28B48}.AppStore|iPhoneSimulator.ActiveCfg = Release|Any CPU
		{19A969F9-C2E1-414D-96C0-408358D28B48}.AppStore|Mixed Platforms.ActiveCfg = Release|Any CPU
		{19A969F9-C2E1-414D-96C0-408358D28B48}.AppStore|Mixed Platforms.Build.0 = Release|Any CPU
		{19A969F9-C2E1-414D-96C0-408358D28B48}.AppStore|x64.ActiveCfg = Release|Any CPU
		{19A969F9-C2E1-414D-96C0-408358D28B48}.AppStore|x86.ActiveCfg = Release|Any CPU
		{19A969F9-C2E1-414D-96C0-408358D28B48}.Debug|Any CPU.ActiveCfg = Debug|Any CPU
		{19A969F9-C2E1-414D-96C0-408358D28B48}.Debug|Any CPU.Build.0 = Debug|Any CPU
		{19A969F9-C2E1-414D-96C0-408358D28B48}.Debug|ARM.ActiveCfg = Debug|Any CPU
		{19A969F9-C2E1-414D-96C0-408358D28B48}.Debug|iPhone.ActiveCfg = Debug|Any CPU
		{19A969F9-C2E1-414D-96C0-408358D28B48}.Debug|iPhoneSimulator.ActiveCfg = Debug|Any CPU
		{19A969F9-C2E1-414D-96C0-408358D28B48}.Debug|Mixed Platforms.ActiveCfg = Debug|Any CPU
		{19A969F9-C2E1-414D-96C0-408358D28B48}.Debug|Mixed Platforms.Build.0 = Debug|Any CPU
		{19A969F9-C2E1-414D-96C0-408358D28B48}.Debug|x64.ActiveCfg = Debug|Any CPU
		{19A969F9-C2E1-414D-96C0-408358D28B48}.Debug|x86.ActiveCfg = Debug|Any CPU
		{19A969F9-C2E1-414D-96C0-408358D28B48}.Release|Any CPU.ActiveCfg = Release|Any CPU
		{19A969F9-C2E1-414D-96C0-408358D28B48}.Release|Any CPU.Build.0 = Release|Any CPU
		{19A969F9-C2E1-414D-96C0-408358D28B48}.Release|ARM.ActiveCfg = Release|Any CPU
		{19A969F9-C2E1-414D-96C0-408358D28B48}.Release|iPhone.ActiveCfg = Release|Any CPU
		{19A969F9-C2E1-414D-96C0-408358D28B48}.Release|iPhoneSimulator.ActiveCfg = Release|Any CPU
		{19A969F9-C2E1-414D-96C0-408358D28B48}.Release|Mixed Platforms.ActiveCfg = Release|Any CPU
		{19A969F9-C2E1-414D-96C0-408358D28B48}.Release|Mixed Platforms.Build.0 = Release|Any CPU
		{19A969F9-C2E1-414D-96C0-408358D28B48}.Release|x64.ActiveCfg = Release|Any CPU
		{19A969F9-C2E1-414D-96C0-408358D28B48}.Release|x86.ActiveCfg = Release|Any CPU
		{DAF0B2B0-8C68-4558-97E1-CBB072C34187}.Ad-Hoc|Any CPU.ActiveCfg = Release|Any CPU
		{DAF0B2B0-8C68-4558-97E1-CBB072C34187}.Ad-Hoc|Any CPU.Build.0 = Release|Any CPU
		{DAF0B2B0-8C68-4558-97E1-CBB072C34187}.Ad-Hoc|Any CPU.Deploy.0 = Release|Any CPU
		{DAF0B2B0-8C68-4558-97E1-CBB072C34187}.Ad-Hoc|ARM.ActiveCfg = Release|Any CPU
		{DAF0B2B0-8C68-4558-97E1-CBB072C34187}.Ad-Hoc|iPhone.ActiveCfg = Release|Any CPU
		{DAF0B2B0-8C68-4558-97E1-CBB072C34187}.Ad-Hoc|iPhoneSimulator.ActiveCfg = Release|Any CPU
		{DAF0B2B0-8C68-4558-97E1-CBB072C34187}.Ad-Hoc|Mixed Platforms.ActiveCfg = Release|Any CPU
		{DAF0B2B0-8C68-4558-97E1-CBB072C34187}.Ad-Hoc|Mixed Platforms.Build.0 = Release|Any CPU
		{DAF0B2B0-8C68-4558-97E1-CBB072C34187}.Ad-Hoc|Mixed Platforms.Deploy.0 = Release|Any CPU
		{DAF0B2B0-8C68-4558-97E1-CBB072C34187}.Ad-Hoc|x64.ActiveCfg = Release|Any CPU
		{DAF0B2B0-8C68-4558-97E1-CBB072C34187}.Ad-Hoc|x86.ActiveCfg = Release|Any CPU
		{DAF0B2B0-8C68-4558-97E1-CBB072C34187}.AppStore|Any CPU.ActiveCfg = Release|Any CPU
		{DAF0B2B0-8C68-4558-97E1-CBB072C34187}.AppStore|Any CPU.Build.0 = Release|Any CPU
		{DAF0B2B0-8C68-4558-97E1-CBB072C34187}.AppStore|Any CPU.Deploy.0 = Release|Any CPU
		{DAF0B2B0-8C68-4558-97E1-CBB072C34187}.AppStore|ARM.ActiveCfg = Release|Any CPU
		{DAF0B2B0-8C68-4558-97E1-CBB072C34187}.AppStore|iPhone.ActiveCfg = Release|Any CPU
		{DAF0B2B0-8C68-4558-97E1-CBB072C34187}.AppStore|iPhoneSimulator.ActiveCfg = Release|Any CPU
		{DAF0B2B0-8C68-4558-97E1-CBB072C34187}.AppStore|Mixed Platforms.ActiveCfg = Release|Any CPU
		{DAF0B2B0-8C68-4558-97E1-CBB072C34187}.AppStore|Mixed Platforms.Build.0 = Release|Any CPU
		{DAF0B2B0-8C68-4558-97E1-CBB072C34187}.AppStore|Mixed Platforms.Deploy.0 = Release|Any CPU
		{DAF0B2B0-8C68-4558-97E1-CBB072C34187}.AppStore|x64.ActiveCfg = Release|Any CPU
		{DAF0B2B0-8C68-4558-97E1-CBB072C34187}.AppStore|x86.ActiveCfg = Release|Any CPU
		{DAF0B2B0-8C68-4558-97E1-CBB072C34187}.Debug|Any CPU.ActiveCfg = Debug|Any CPU
		{DAF0B2B0-8C68-4558-97E1-CBB072C34187}.Debug|Any CPU.Build.0 = Debug|Any CPU
		{DAF0B2B0-8C68-4558-97E1-CBB072C34187}.Debug|Any CPU.Deploy.0 = Debug|Any CPU
		{DAF0B2B0-8C68-4558-97E1-CBB072C34187}.Debug|ARM.ActiveCfg = Debug|Any CPU
		{DAF0B2B0-8C68-4558-97E1-CBB072C34187}.Debug|iPhone.ActiveCfg = Debug|Any CPU
		{DAF0B2B0-8C68-4558-97E1-CBB072C34187}.Debug|iPhoneSimulator.ActiveCfg = Debug|Any CPU
		{DAF0B2B0-8C68-4558-97E1-CBB072C34187}.Debug|Mixed Platforms.ActiveCfg = Debug|Any CPU
		{DAF0B2B0-8C68-4558-97E1-CBB072C34187}.Debug|Mixed Platforms.Build.0 = Debug|Any CPU
		{DAF0B2B0-8C68-4558-97E1-CBB072C34187}.Debug|Mixed Platforms.Deploy.0 = Debug|Any CPU
		{DAF0B2B0-8C68-4558-97E1-CBB072C34187}.Debug|x64.ActiveCfg = Debug|Any CPU
		{DAF0B2B0-8C68-4558-97E1-CBB072C34187}.Debug|x86.ActiveCfg = Debug|Any CPU
		{DAF0B2B0-8C68-4558-97E1-CBB072C34187}.Release|Any CPU.ActiveCfg = Release|Any CPU
		{DAF0B2B0-8C68-4558-97E1-CBB072C34187}.Release|Any CPU.Build.0 = Release|Any CPU
		{DAF0B2B0-8C68-4558-97E1-CBB072C34187}.Release|Any CPU.Deploy.0 = Release|Any CPU
		{DAF0B2B0-8C68-4558-97E1-CBB072C34187}.Release|ARM.ActiveCfg = Release|Any CPU
		{DAF0B2B0-8C68-4558-97E1-CBB072C34187}.Release|iPhone.ActiveCfg = Release|Any CPU
		{DAF0B2B0-8C68-4558-97E1-CBB072C34187}.Release|iPhoneSimulator.ActiveCfg = Release|Any CPU
		{DAF0B2B0-8C68-4558-97E1-CBB072C34187}.Release|Mixed Platforms.ActiveCfg = Release|Any CPU
		{DAF0B2B0-8C68-4558-97E1-CBB072C34187}.Release|Mixed Platforms.Build.0 = Release|Any CPU
		{DAF0B2B0-8C68-4558-97E1-CBB072C34187}.Release|Mixed Platforms.Deploy.0 = Release|Any CPU
		{DAF0B2B0-8C68-4558-97E1-CBB072C34187}.Release|x64.ActiveCfg = Release|Any CPU
		{DAF0B2B0-8C68-4558-97E1-CBB072C34187}.Release|x86.ActiveCfg = Release|Any CPU
		{B71ADFAC-777D-4B73-B0A7-8EEC52307B4D}.Ad-Hoc|Any CPU.ActiveCfg = Ad-Hoc|iPhone
		{B71ADFAC-777D-4B73-B0A7-8EEC52307B4D}.Ad-Hoc|ARM.ActiveCfg = Ad-Hoc|iPhone
		{B71ADFAC-777D-4B73-B0A7-8EEC52307B4D}.Ad-Hoc|iPhone.ActiveCfg = Ad-Hoc|iPhone
		{B71ADFAC-777D-4B73-B0A7-8EEC52307B4D}.Ad-Hoc|iPhone.Build.0 = Ad-Hoc|iPhone
		{B71ADFAC-777D-4B73-B0A7-8EEC52307B4D}.Ad-Hoc|iPhoneSimulator.ActiveCfg = Ad-Hoc|iPhoneSimulator
		{B71ADFAC-777D-4B73-B0A7-8EEC52307B4D}.Ad-Hoc|iPhoneSimulator.Build.0 = Ad-Hoc|iPhoneSimulator
		{B71ADFAC-777D-4B73-B0A7-8EEC52307B4D}.Ad-Hoc|Mixed Platforms.ActiveCfg = Ad-Hoc|iPhone
		{B71ADFAC-777D-4B73-B0A7-8EEC52307B4D}.Ad-Hoc|Mixed Platforms.Build.0 = Ad-Hoc|iPhone
		{B71ADFAC-777D-4B73-B0A7-8EEC52307B4D}.Ad-Hoc|x64.ActiveCfg = Ad-Hoc|iPhone
		{B71ADFAC-777D-4B73-B0A7-8EEC52307B4D}.Ad-Hoc|x86.ActiveCfg = Ad-Hoc|iPhone
		{B71ADFAC-777D-4B73-B0A7-8EEC52307B4D}.AppStore|Any CPU.ActiveCfg = AppStore|iPhone
		{B71ADFAC-777D-4B73-B0A7-8EEC52307B4D}.AppStore|ARM.ActiveCfg = AppStore|iPhone
		{B71ADFAC-777D-4B73-B0A7-8EEC52307B4D}.AppStore|iPhone.ActiveCfg = AppStore|iPhone
		{B71ADFAC-777D-4B73-B0A7-8EEC52307B4D}.AppStore|iPhone.Build.0 = AppStore|iPhone
		{B71ADFAC-777D-4B73-B0A7-8EEC52307B4D}.AppStore|iPhoneSimulator.ActiveCfg = AppStore|iPhoneSimulator
		{B71ADFAC-777D-4B73-B0A7-8EEC52307B4D}.AppStore|iPhoneSimulator.Build.0 = AppStore|iPhoneSimulator
		{B71ADFAC-777D-4B73-B0A7-8EEC52307B4D}.AppStore|Mixed Platforms.ActiveCfg = AppStore|iPhone
		{B71ADFAC-777D-4B73-B0A7-8EEC52307B4D}.AppStore|Mixed Platforms.Build.0 = AppStore|iPhone
		{B71ADFAC-777D-4B73-B0A7-8EEC52307B4D}.AppStore|x64.ActiveCfg = AppStore|iPhone
		{B71ADFAC-777D-4B73-B0A7-8EEC52307B4D}.AppStore|x86.ActiveCfg = AppStore|iPhone
		{B71ADFAC-777D-4B73-B0A7-8EEC52307B4D}.Debug|Any CPU.ActiveCfg = Debug|iPhone
		{B71ADFAC-777D-4B73-B0A7-8EEC52307B4D}.Debug|ARM.ActiveCfg = Debug|iPhone
		{B71ADFAC-777D-4B73-B0A7-8EEC52307B4D}.Debug|iPhone.ActiveCfg = Debug|iPhone
		{B71ADFAC-777D-4B73-B0A7-8EEC52307B4D}.Debug|iPhone.Build.0 = Debug|iPhone
		{B71ADFAC-777D-4B73-B0A7-8EEC52307B4D}.Debug|iPhoneSimulator.ActiveCfg = Debug|iPhoneSimulator
		{B71ADFAC-777D-4B73-B0A7-8EEC52307B4D}.Debug|iPhoneSimulator.Build.0 = Debug|iPhoneSimulator
		{B71ADFAC-777D-4B73-B0A7-8EEC52307B4D}.Debug|Mixed Platforms.ActiveCfg = Debug|iPhone
		{B71ADFAC-777D-4B73-B0A7-8EEC52307B4D}.Debug|Mixed Platforms.Build.0 = Debug|iPhone
		{B71ADFAC-777D-4B73-B0A7-8EEC52307B4D}.Debug|x64.ActiveCfg = Debug|iPhone
		{B71ADFAC-777D-4B73-B0A7-8EEC52307B4D}.Debug|x86.ActiveCfg = Debug|iPhone
		{B71ADFAC-777D-4B73-B0A7-8EEC52307B4D}.Release|Any CPU.ActiveCfg = Release|iPhone
		{B71ADFAC-777D-4B73-B0A7-8EEC52307B4D}.Release|ARM.ActiveCfg = Release|iPhone
		{B71ADFAC-777D-4B73-B0A7-8EEC52307B4D}.Release|iPhone.ActiveCfg = Release|iPhone
		{B71ADFAC-777D-4B73-B0A7-8EEC52307B4D}.Release|iPhone.Build.0 = Release|iPhone
		{B71ADFAC-777D-4B73-B0A7-8EEC52307B4D}.Release|iPhoneSimulator.ActiveCfg = Release|iPhoneSimulator
		{B71ADFAC-777D-4B73-B0A7-8EEC52307B4D}.Release|iPhoneSimulator.Build.0 = Release|iPhoneSimulator
		{B71ADFAC-777D-4B73-B0A7-8EEC52307B4D}.Release|Mixed Platforms.ActiveCfg = Release|iPhone
		{B71ADFAC-777D-4B73-B0A7-8EEC52307B4D}.Release|Mixed Platforms.Build.0 = Release|iPhone
		{B71ADFAC-777D-4B73-B0A7-8EEC52307B4D}.Release|x64.ActiveCfg = Release|iPhone
		{B71ADFAC-777D-4B73-B0A7-8EEC52307B4D}.Release|x86.ActiveCfg = Release|iPhone
	EndGlobalSection
	GlobalSection(SolutionProperties) = preSolution
		HideSolutionNode = FALSE
	EndGlobalSection
	GlobalSection(NestedProjects) = preSolution
		{4BDD8DD1-7877-4C26-9E27-813608F550F2} = {F4BD22FE-9FA2-4372-968D-E1EA30A5B976}
		{AA680B82-0ACD-4E34-9688-AFFCC62EAC47} = {F4BD22FE-9FA2-4372-968D-E1EA30A5B976}
		{77B09BC3-9B07-4D6E-84D4-77EECF6C3269} = {F4BD22FE-9FA2-4372-968D-E1EA30A5B976}
	EndGlobalSection
EndGlobal
