
Microsoft Visual Studio Solution File, Format Version 12.00
# Visual Studio 14
VisualStudioVersion = 14.0.25420.1
MinimumVisualStudioVersion = 10.0.40219.1
Project("{FAE04EC0-301F-11D3-BF4B-00C04F79EFBC}") = "HolaXamarinFormsMVVM.Droid", "HolaXamarinFormsMVVM\HolaXamarinFormsMVVM.Droid\HolaXamarinFormsMVVM.Droid.csproj", "{B8606245-5041-4BD2-8D0D-81AE9120934D}"
EndProject
Project("{FAE04EC0-301F-11D3-BF4B-00C04F79EFBC}") = "HolaXamarinFormsMVVM.iOS", "HolaXamarinFormsMVVM\HolaXamarinFormsMVVM.iOS\HolaXamarinFormsMVVM.iOS.csproj", "{0F5ED079-3EB5-44FF-860A-F1A7BAFAB512}"
EndProject
Project("{FAE04EC0-301F-11D3-BF4B-00C04F79EFBC}") = "HolaXamarinFormsMVVM.WinPhone", "HolaXamarinFormsMVVM\HolaXamarinFormsMVVM.WinPhone\HolaXamarinFormsMVVM.WinPhone.csproj", "{3496B3FE-C2BC-41F0-8364-9179B409FBA4}"
EndProject
Project("{FAE04EC0-301F-11D3-BF4B-00C04F79EFBC}") = "HolaXamarinFormsMVVM.UWP", "HolaXamarinFormsMVVM\HolaXamarinFormsMVVM.UWP\HolaXamarinFormsMVVM.UWP.csproj", "{3E0042EE-37F8-47C2-B27F-CB9221DCDFA1}"
EndProject
Project("{FAE04EC0-301F-11D3-BF4B-00C04F79EFBC}") = "HolaXamarinFormsMVVM.Windows", "HolaXamarinFormsMVVM\HolaXamarinFormsMVVM.Windows\HolaXamarinFormsMVVM.Windows.csproj", "{9C7EDC1B-2053-4D64-B131-8D858436E12C}"
EndProject
Project("{FAE04EC0-301F-11D3-BF4B-00C04F79EFBC}") = "HolaXamarinFormsMVVM", "HolaXamarinFormsMVVM\HolaXamarinFormsMVVM\HolaXamarinFormsMVVM.csproj", "{541AAA5E-5249-4674-AAD6-1FE8D4FB94EE}"
EndProject
Global
	GlobalSection(SolutionConfigurationPlatforms) = preSolution
		Ad-Hoc|Any CPU = Ad-Hoc|Any CPU
		Ad-Hoc|ARM = Ad-Hoc|ARM
		Ad-Hoc|iPhone = Ad-Hoc|iPhone
		Ad-Hoc|iPhoneSimulator = Ad-Hoc|iPhoneSimulator
		Ad-Hoc|x64 = Ad-Hoc|x64
		Ad-Hoc|x86 = Ad-Hoc|x86
		AppStore|Any CPU = AppStore|Any CPU
		AppStore|ARM = AppStore|ARM
		AppStore|iPhone = AppStore|iPhone
		AppStore|iPhoneSimulator = AppStore|iPhoneSimulator
		AppStore|x64 = AppStore|x64
		AppStore|x86 = AppStore|x86
		Debug|Any CPU = Debug|Any CPU
		Debug|ARM = Debug|ARM
		Debug|iPhone = Debug|iPhone
		Debug|iPhoneSimulator = Debug|iPhoneSimulator
		Debug|x64 = Debug|x64
		Debug|x86 = Debug|x86
		Release|Any CPU = Release|Any CPU
		Release|ARM = Release|ARM
		Release|iPhone = Release|iPhone
		Release|iPhoneSimulator = Release|iPhoneSimulator
		Release|x64 = Release|x64
		Release|x86 = Release|x86
	EndGlobalSection
	GlobalSection(ProjectConfigurationPlatforms) = postSolution
		{B8606245-5041-4BD2-8D0D-81AE9120934D}.Ad-Hoc|Any CPU.ActiveCfg = Release|Any CPU
		{B8606245-5041-4BD2-8D0D-81AE9120934D}.Ad-Hoc|Any CPU.Build.0 = Release|Any CPU
		{B8606245-5041-4BD2-8D0D-81AE9120934D}.Ad-Hoc|Any CPU.Deploy.0 = Release|Any CPU
		{B8606245-5041-4BD2-8D0D-81AE9120934D}.Ad-Hoc|ARM.ActiveCfg = Release|Any CPU
		{B8606245-5041-4BD2-8D0D-81AE9120934D}.Ad-Hoc|ARM.Build.0 = Release|Any CPU
		{B8606245-5041-4BD2-8D0D-81AE9120934D}.Ad-Hoc|ARM.Deploy.0 = Release|Any CPU
		{B8606245-5041-4BD2-8D0D-81AE9120934D}.Ad-Hoc|iPhone.ActiveCfg = Release|Any CPU
		{B8606245-5041-4BD2-8D0D-81AE9120934D}.Ad-Hoc|iPhone.Build.0 = Release|Any CPU
		{B8606245-5041-4BD2-8D0D-81AE9120934D}.Ad-Hoc|iPhone.Deploy.0 = Release|Any CPU
		{B8606245-5041-4BD2-8D0D-81AE9120934D}.Ad-Hoc|iPhoneSimulator.ActiveCfg = Release|Any CPU
		{B8606245-5041-4BD2-8D0D-81AE9120934D}.Ad-Hoc|iPhoneSimulator.Build.0 = Release|Any CPU
		{B8606245-5041-4BD2-8D0D-81AE9120934D}.Ad-Hoc|iPhoneSimulator.Deploy.0 = Release|Any CPU
		{B8606245-5041-4BD2-8D0D-81AE9120934D}.Ad-Hoc|x64.ActiveCfg = Release|Any CPU
		{B8606245-5041-4BD2-8D0D-81AE9120934D}.Ad-Hoc|x64.Build.0 = Release|Any CPU
		{B8606245-5041-4BD2-8D0D-81AE9120934D}.Ad-Hoc|x64.Deploy.0 = Release|Any CPU
		{B8606245-5041-4BD2-8D0D-81AE9120934D}.Ad-Hoc|x86.ActiveCfg = Release|Any CPU
		{B8606245-5041-4BD2-8D0D-81AE9120934D}.Ad-Hoc|x86.Build.0 = Release|Any CPU
		{B8606245-5041-4BD2-8D0D-81AE9120934D}.Ad-Hoc|x86.Deploy.0 = Release|Any CPU
		{B8606245-5041-4BD2-8D0D-81AE9120934D}.AppStore|Any CPU.ActiveCfg = Release|Any CPU
		{B8606245-5041-4BD2-8D0D-81AE9120934D}.AppStore|Any CPU.Build.0 = Release|Any CPU
		{B8606245-5041-4BD2-8D0D-81AE9120934D}.AppStore|Any CPU.Deploy.0 = Release|Any CPU
		{B8606245-5041-4BD2-8D0D-81AE9120934D}.AppStore|ARM.ActiveCfg = Release|Any CPU
		{B8606245-5041-4BD2-8D0D-81AE9120934D}.AppStore|ARM.Build.0 = Release|Any CPU
		{B8606245-5041-4BD2-8D0D-81AE9120934D}.AppStore|ARM.Deploy.0 = Release|Any CPU
		{B8606245-5041-4BD2-8D0D-81AE9120934D}.AppStore|iPhone.ActiveCfg = Release|Any CPU
		{B8606245-5041-4BD2-8D0D-81AE9120934D}.AppStore|iPhone.Build.0 = Release|Any CPU
		{B8606245-5041-4BD2-8D0D-81AE9120934D}.AppStore|iPhone.Deploy.0 = Release|Any CPU
		{B8606245-5041-4BD2-8D0D-81AE9120934D}.AppStore|iPhoneSimulator.ActiveCfg = Release|Any CPU
		{B8606245-5041-4BD2-8D0D-81AE9120934D}.AppStore|iPhoneSimulator.Build.0 = Release|Any CPU
		{B8606245-5041-4BD2-8D0D-81AE9120934D}.AppStore|iPhoneSimulator.Deploy.0 = Release|Any CPU
		{B8606245-5041-4BD2-8D0D-81AE9120934D}.AppStore|x64.ActiveCfg = Release|Any CPU
		{B8606245-5041-4BD2-8D0D-81AE9120934D}.AppStore|x64.Build.0 = Release|Any CPU
		{B8606245-5041-4BD2-8D0D-81AE9120934D}.AppStore|x64.Deploy.0 = Release|Any CPU
		{B8606245-5041-4BD2-8D0D-81AE9120934D}.AppStore|x86.ActiveCfg = Release|Any CPU
		{B8606245-5041-4BD2-8D0D-81AE9120934D}.AppStore|x86.Build.0 = Release|Any CPU
		{B8606245-5041-4BD2-8D0D-81AE9120934D}.AppStore|x86.Deploy.0 = Release|Any CPU
		{B8606245-5041-4BD2-8D0D-81AE9120934D}.Debug|Any CPU.ActiveCfg = Debug|Any CPU
		{B8606245-5041-4BD2-8D0D-81AE9120934D}.Debug|Any CPU.Build.0 = Debug|Any CPU
		{B8606245-5041-4BD2-8D0D-81AE9120934D}.Debug|Any CPU.Deploy.0 = Debug|Any CPU
		{B8606245-5041-4BD2-8D0D-81AE9120934D}.Debug|ARM.ActiveCfg = Debug|Any CPU
		{B8606245-5041-4BD2-8D0D-81AE9120934D}.Debug|ARM.Build.0 = Debug|Any CPU
		{B8606245-5041-4BD2-8D0D-81AE9120934D}.Debug|ARM.Deploy.0 = Debug|Any CPU
		{B8606245-5041-4BD2-8D0D-81AE9120934D}.Debug|iPhone.ActiveCfg = Debug|Any CPU
		{B8606245-5041-4BD2-8D0D-81AE9120934D}.Debug|iPhone.Build.0 = Debug|Any CPU
		{B8606245-5041-4BD2-8D0D-81AE9120934D}.Debug|iPhone.Deploy.0 = Debug|Any CPU
		{B8606245-5041-4BD2-8D0D-81AE9120934D}.Debug|iPhoneSimulator.ActiveCfg = Debug|Any CPU
		{B8606245-5041-4BD2-8D0D-81AE9120934D}.Debug|iPhoneSimulator.Build.0 = Debug|Any CPU
		{B8606245-5041-4BD2-8D0D-81AE9120934D}.Debug|iPhoneSimulator.Deploy.0 = Debug|Any CPU
		{B8606245-5041-4BD2-8D0D-81AE9120934D}.Debug|x64.ActiveCfg = Debug|Any CPU
		{B8606245-5041-4BD2-8D0D-81AE9120934D}.Debug|x64.Build.0 = Debug|Any CPU
		{B8606245-5041-4BD2-8D0D-81AE9120934D}.Debug|x64.Deploy.0 = Debug|Any CPU
		{B8606245-5041-4BD2-8D0D-81AE9120934D}.Debug|x86.ActiveCfg = Debug|Any CPU
		{B8606245-5041-4BD2-8D0D-81AE9120934D}.Debug|x86.Build.0 = Debug|Any CPU
		{B8606245-5041-4BD2-8D0D-81AE9120934D}.Debug|x86.Deploy.0 = Debug|Any CPU
		{B8606245-5041-4BD2-8D0D-81AE9120934D}.Release|Any CPU.ActiveCfg = Release|Any CPU
		{B8606245-5041-4BD2-8D0D-81AE9120934D}.Release|Any CPU.Build.0 = Release|Any CPU
		{B8606245-5041-4BD2-8D0D-81AE9120934D}.Release|Any CPU.Deploy.0 = Release|Any CPU
		{B8606245-5041-4BD2-8D0D-81AE9120934D}.Release|ARM.ActiveCfg = Release|Any CPU
		{B8606245-5041-4BD2-8D0D-81AE9120934D}.Release|ARM.Build.0 = Release|Any CPU
		{B8606245-5041-4BD2-8D0D-81AE9120934D}.Release|ARM.Deploy.0 = Release|Any CPU
		{B8606245-5041-4BD2-8D0D-81AE9120934D}.Release|iPhone.ActiveCfg = Release|Any CPU
		{B8606245-5041-4BD2-8D0D-81AE9120934D}.Release|iPhone.Build.0 = Release|Any CPU
		{B8606245-5041-4BD2-8D0D-81AE9120934D}.Release|iPhone.Deploy.0 = Release|Any CPU
		{B8606245-5041-4BD2-8D0D-81AE9120934D}.Release|iPhoneSimulator.ActiveCfg = Release|Any CPU
		{B8606245-5041-4BD2-8D0D-81AE9120934D}.Release|iPhoneSimulator.Build.0 = Release|Any CPU
		{B8606245-5041-4BD2-8D0D-81AE9120934D}.Release|iPhoneSimulator.Deploy.0 = Release|Any CPU
		{B8606245-5041-4BD2-8D0D-81AE9120934D}.Release|x64.ActiveCfg = Release|Any CPU
		{B8606245-5041-4BD2-8D0D-81AE9120934D}.Release|x64.Build.0 = Release|Any CPU
		{B8606245-5041-4BD2-8D0D-81AE9120934D}.Release|x64.Deploy.0 = Release|Any CPU
		{B8606245-5041-4BD2-8D0D-81AE9120934D}.Release|x86.ActiveCfg = Release|Any CPU
		{B8606245-5041-4BD2-8D0D-81AE9120934D}.Release|x86.Build.0 = Release|Any CPU
		{B8606245-5041-4BD2-8D0D-81AE9120934D}.Release|x86.Deploy.0 = Release|Any CPU
		{0F5ED079-3EB5-44FF-860A-F1A7BAFAB512}.Ad-Hoc|Any CPU.ActiveCfg = Ad-Hoc|iPhone
		{0F5ED079-3EB5-44FF-860A-F1A7BAFAB512}.Ad-Hoc|ARM.ActiveCfg = Ad-Hoc|iPhone
		{0F5ED079-3EB5-44FF-860A-F1A7BAFAB512}.Ad-Hoc|iPhone.ActiveCfg = Ad-Hoc|iPhone
		{0F5ED079-3EB5-44FF-860A-F1A7BAFAB512}.Ad-Hoc|iPhone.Build.0 = Ad-Hoc|iPhone
		{0F5ED079-3EB5-44FF-860A-F1A7BAFAB512}.Ad-Hoc|iPhoneSimulator.ActiveCfg = Ad-Hoc|iPhoneSimulator
		{0F5ED079-3EB5-44FF-860A-F1A7BAFAB512}.Ad-Hoc|iPhoneSimulator.Build.0 = Ad-Hoc|iPhoneSimulator
		{0F5ED079-3EB5-44FF-860A-F1A7BAFAB512}.Ad-Hoc|x64.ActiveCfg = Ad-Hoc|iPhone
		{0F5ED079-3EB5-44FF-860A-F1A7BAFAB512}.Ad-Hoc|x86.ActiveCfg = Ad-Hoc|iPhone
		{0F5ED079-3EB5-44FF-860A-F1A7BAFAB512}.AppStore|Any CPU.ActiveCfg = AppStore|iPhone
		{0F5ED079-3EB5-44FF-860A-F1A7BAFAB512}.AppStore|ARM.ActiveCfg = AppStore|iPhone
		{0F5ED079-3EB5-44FF-860A-F1A7BAFAB512}.AppStore|iPhone.ActiveCfg = AppStore|iPhone
		{0F5ED079-3EB5-44FF-860A-F1A7BAFAB512}.AppStore|iPhone.Build.0 = AppStore|iPhone
		{0F5ED079-3EB5-44FF-860A-F1A7BAFAB512}.AppStore|iPhoneSimulator.ActiveCfg = AppStore|iPhoneSimulator
		{0F5ED079-3EB5-44FF-860A-F1A7BAFAB512}.AppStore|iPhoneSimulator.Build.0 = AppStore|iPhoneSimulator
		{0F5ED079-3EB5-44FF-860A-F1A7BAFAB512}.AppStore|x64.ActiveCfg = AppStore|iPhone
		{0F5ED079-3EB5-44FF-860A-F1A7BAFAB512}.AppStore|x86.ActiveCfg = AppStore|iPhone
		{0F5ED079-3EB5-44FF-860A-F1A7BAFAB512}.Debug|Any CPU.ActiveCfg = Debug|iPhone
		{0F5ED079-3EB5-44FF-860A-F1A7BAFAB512}.Debug|ARM.ActiveCfg = Debug|iPhone
		{0F5ED079-3EB5-44FF-860A-F1A7BAFAB512}.Debug|iPhone.ActiveCfg = Debug|iPhone
		{0F5ED079-3EB5-44FF-860A-F1A7BAFAB512}.Debug|iPhone.Build.0 = Debug|iPhone
		{0F5ED079-3EB5-44FF-860A-F1A7BAFAB512}.Debug|iPhoneSimulator.ActiveCfg = Debug|iPhoneSimulator
		{0F5ED079-3EB5-44FF-860A-F1A7BAFAB512}.Debug|iPhoneSimulator.Build.0 = Debug|iPhoneSimulator
		{0F5ED079-3EB5-44FF-860A-F1A7BAFAB512}.Debug|x64.ActiveCfg = Debug|iPhone
		{0F5ED079-3EB5-44FF-860A-F1A7BAFAB512}.Debug|x86.ActiveCfg = Debug|iPhone
		{0F5ED079-3EB5-44FF-860A-F1A7BAFAB512}.Release|Any CPU.ActiveCfg = Release|iPhone
		{0F5ED079-3EB5-44FF-860A-F1A7BAFAB512}.Release|ARM.ActiveCfg = Release|iPhone
		{0F5ED079-3EB5-44FF-860A-F1A7BAFAB512}.Release|iPhone.ActiveCfg = Release|iPhone
		{0F5ED079-3EB5-44FF-860A-F1A7BAFAB512}.Release|iPhone.Build.0 = Release|iPhone
		{0F5ED079-3EB5-44FF-860A-F1A7BAFAB512}.Release|iPhoneSimulator.ActiveCfg = Release|iPhoneSimulator
		{0F5ED079-3EB5-44FF-860A-F1A7BAFAB512}.Release|iPhoneSimulator.Build.0 = Release|iPhoneSimulator
		{0F5ED079-3EB5-44FF-860A-F1A7BAFAB512}.Release|x64.ActiveCfg = Release|iPhone
		{0F5ED079-3EB5-44FF-860A-F1A7BAFAB512}.Release|x86.ActiveCfg = Release|iPhone
		{3496B3FE-C2BC-41F0-8364-9179B409FBA4}.Ad-Hoc|Any CPU.ActiveCfg = Release|Any CPU
		{3496B3FE-C2BC-41F0-8364-9179B409FBA4}.Ad-Hoc|Any CPU.Build.0 = Release|Any CPU
		{3496B3FE-C2BC-41F0-8364-9179B409FBA4}.Ad-Hoc|Any CPU.Deploy.0 = Release|Any CPU
		{3496B3FE-C2BC-41F0-8364-9179B409FBA4}.Ad-Hoc|ARM.ActiveCfg = Release|ARM
		{3496B3FE-C2BC-41F0-8364-9179B409FBA4}.Ad-Hoc|ARM.Build.0 = Release|ARM
		{3496B3FE-C2BC-41F0-8364-9179B409FBA4}.Ad-Hoc|ARM.Deploy.0 = Release|ARM
		{3496B3FE-C2BC-41F0-8364-9179B409FBA4}.Ad-Hoc|iPhone.ActiveCfg = Release|Any CPU
		{3496B3FE-C2BC-41F0-8364-9179B409FBA4}.Ad-Hoc|iPhone.Build.0 = Release|Any CPU
		{3496B3FE-C2BC-41F0-8364-9179B409FBA4}.Ad-Hoc|iPhone.Deploy.0 = Release|Any CPU
		{3496B3FE-C2BC-41F0-8364-9179B409FBA4}.Ad-Hoc|iPhoneSimulator.ActiveCfg = Release|Any CPU
		{3496B3FE-C2BC-41F0-8364-9179B409FBA4}.Ad-Hoc|iPhoneSimulator.Build.0 = Release|Any CPU
		{3496B3FE-C2BC-41F0-8364-9179B409FBA4}.Ad-Hoc|iPhoneSimulator.Deploy.0 = Release|Any CPU
		{3496B3FE-C2BC-41F0-8364-9179B409FBA4}.Ad-Hoc|x64.ActiveCfg = Release|Any CPU
		{3496B3FE-C2BC-41F0-8364-9179B409FBA4}.Ad-Hoc|x64.Build.0 = Release|Any CPU
		{3496B3FE-C2BC-41F0-8364-9179B409FBA4}.Ad-Hoc|x64.Deploy.0 = Release|Any CPU
		{3496B3FE-C2BC-41F0-8364-9179B409FBA4}.Ad-Hoc|x86.ActiveCfg = Release|x86
		{3496B3FE-C2BC-41F0-8364-9179B409FBA4}.Ad-Hoc|x86.Build.0 = Release|x86
		{3496B3FE-C2BC-41F0-8364-9179B409FBA4}.Ad-Hoc|x86.Deploy.0 = Release|x86
		{3496B3FE-C2BC-41F0-8364-9179B409FBA4}.AppStore|Any CPU.ActiveCfg = Release|Any CPU
		{3496B3FE-C2BC-41F0-8364-9179B409FBA4}.AppStore|Any CPU.Build.0 = Release|Any CPU
		{3496B3FE-C2BC-41F0-8364-9179B409FBA4}.AppStore|Any CPU.Deploy.0 = Release|Any CPU
		{3496B3FE-C2BC-41F0-8364-9179B409FBA4}.AppStore|ARM.ActiveCfg = Release|ARM
		{3496B3FE-C2BC-41F0-8364-9179B409FBA4}.AppStore|ARM.Build.0 = Release|ARM
		{3496B3FE-C2BC-41F0-8364-9179B409FBA4}.AppStore|ARM.Deploy.0 = Release|ARM
		{3496B3FE-C2BC-41F0-8364-9179B409FBA4}.AppStore|iPhone.ActiveCfg = Release|Any CPU
		{3496B3FE-C2BC-41F0-8364-9179B409FBA4}.AppStore|iPhone.Build.0 = Release|Any CPU
		{3496B3FE-C2BC-41F0-8364-9179B409FBA4}.AppStore|iPhone.Deploy.0 = Release|Any CPU
		{3496B3FE-C2BC-41F0-8364-9179B409FBA4}.AppStore|iPhoneSimulator.ActiveCfg = Release|Any CPU
		{3496B3FE-C2BC-41F0-8364-9179B409FBA4}.AppStore|iPhoneSimulator.Build.0 = Release|Any CPU
		{3496B3FE-C2BC-41F0-8364-9179B409FBA4}.AppStore|iPhoneSimulator.Deploy.0 = Release|Any CPU
		{3496B3FE-C2BC-41F0-8364-9179B409FBA4}.AppStore|x64.ActiveCfg = Release|Any CPU
		{3496B3FE-C2BC-41F0-8364-9179B409FBA4}.AppStore|x64.Build.0 = Release|Any CPU
		{3496B3FE-C2BC-41F0-8364-9179B409FBA4}.AppStore|x64.Deploy.0 = Release|Any CPU
		{3496B3FE-C2BC-41F0-8364-9179B409FBA4}.AppStore|x86.ActiveCfg = Release|x86
		{3496B3FE-C2BC-41F0-8364-9179B409FBA4}.AppStore|x86.Build.0 = Release|x86
		{3496B3FE-C2BC-41F0-8364-9179B409FBA4}.AppStore|x86.Deploy.0 = Release|x86
		{3496B3FE-C2BC-41F0-8364-9179B409FBA4}.Debug|Any CPU.ActiveCfg = Debug|Any CPU
		{3496B3FE-C2BC-41F0-8364-9179B409FBA4}.Debug|Any CPU.Build.0 = Debug|Any CPU
		{3496B3FE-C2BC-41F0-8364-9179B409FBA4}.Debug|Any CPU.Deploy.0 = Debug|Any CPU
		{3496B3FE-C2BC-41F0-8364-9179B409FBA4}.Debug|ARM.ActiveCfg = Debug|ARM
		{3496B3FE-C2BC-41F0-8364-9179B409FBA4}.Debug|ARM.Build.0 = Debug|ARM
		{3496B3FE-C2BC-41F0-8364-9179B409FBA4}.Debug|ARM.Deploy.0 = Debug|ARM
		{3496B3FE-C2BC-41F0-8364-9179B409FBA4}.Debug|iPhone.ActiveCfg = Debug|Any CPU
		{3496B3FE-C2BC-41F0-8364-9179B409FBA4}.Debug|iPhone.Build.0 = Debug|Any CPU
		{3496B3FE-C2BC-41F0-8364-9179B409FBA4}.Debug|iPhone.Deploy.0 = Debug|Any CPU
		{3496B3FE-C2BC-41F0-8364-9179B409FBA4}.Debug|iPhoneSimulator.ActiveCfg = Debug|Any CPU
		{3496B3FE-C2BC-41F0-8364-9179B409FBA4}.Debug|iPhoneSimulator.Build.0 = Debug|Any CPU
		{3496B3FE-C2BC-41F0-8364-9179B409FBA4}.Debug|iPhoneSimulator.Deploy.0 = Debug|Any CPU
		{3496B3FE-C2BC-41F0-8364-9179B409FBA4}.Debug|x64.ActiveCfg = Debug|Any CPU
		{3496B3FE-C2BC-41F0-8364-9179B409FBA4}.Debug|x64.Build.0 = Debug|Any CPU
		{3496B3FE-C2BC-41F0-8364-9179B409FBA4}.Debug|x64.Deploy.0 = Debug|Any CPU
		{3496B3FE-C2BC-41F0-8364-9179B409FBA4}.Debug|x86.ActiveCfg = Debug|x86
		{3496B3FE-C2BC-41F0-8364-9179B409FBA4}.Debug|x86.Build.0 = Debug|x86
		{3496B3FE-C2BC-41F0-8364-9179B409FBA4}.Debug|x86.Deploy.0 = Debug|x86
		{3496B3FE-C2BC-41F0-8364-9179B409FBA4}.Release|Any CPU.ActiveCfg = Release|Any CPU
		{3496B3FE-C2BC-41F0-8364-9179B409FBA4}.Release|Any CPU.Build.0 = Release|Any CPU
		{3496B3FE-C2BC-41F0-8364-9179B409FBA4}.Release|Any CPU.Deploy.0 = Release|Any CPU
		{3496B3FE-C2BC-41F0-8364-9179B409FBA4}.Release|ARM.ActiveCfg = Release|ARM
		{3496B3FE-C2BC-41F0-8364-9179B409FBA4}.Release|ARM.Build.0 = Release|ARM
		{3496B3FE-C2BC-41F0-8364-9179B409FBA4}.Release|ARM.Deploy.0 = Release|ARM
		{3496B3FE-C2BC-41F0-8364-9179B409FBA4}.Release|iPhone.ActiveCfg = Release|Any CPU
		{3496B3FE-C2BC-41F0-8364-9179B409FBA4}.Release|iPhone.Build.0 = Release|Any CPU
		{3496B3FE-C2BC-41F0-8364-9179B409FBA4}.Release|iPhone.Deploy.0 = Release|Any CPU
		{3496B3FE-C2BC-41F0-8364-9179B409FBA4}.Release|iPhoneSimulator.ActiveCfg = Release|Any CPU
		{3496B3FE-C2BC-41F0-8364-9179B409FBA4}.Release|iPhoneSimulator.Build.0 = Release|Any CPU
		{3496B3FE-C2BC-41F0-8364-9179B409FBA4}.Release|iPhoneSimulator.Deploy.0 = Release|Any CPU
		{3496B3FE-C2BC-41F0-8364-9179B409FBA4}.Release|x64.ActiveCfg = Release|Any CPU
		{3496B3FE-C2BC-41F0-8364-9179B409FBA4}.Release|x64.Build.0 = Release|Any CPU
		{3496B3FE-C2BC-41F0-8364-9179B409FBA4}.Release|x64.Deploy.0 = Release|Any CPU
		{3496B3FE-C2BC-41F0-8364-9179B409FBA4}.Release|x86.ActiveCfg = Release|x86
		{3496B3FE-C2BC-41F0-8364-9179B409FBA4}.Release|x86.Build.0 = Release|x86
		{3496B3FE-C2BC-41F0-8364-9179B409FBA4}.Release|x86.Deploy.0 = Release|x86
		{3E0042EE-37F8-47C2-B27F-CB9221DCDFA1}.Ad-Hoc|Any CPU.ActiveCfg = Release|x86
		{3E0042EE-37F8-47C2-B27F-CB9221DCDFA1}.Ad-Hoc|Any CPU.Build.0 = Release|x86
		{3E0042EE-37F8-47C2-B27F-CB9221DCDFA1}.Ad-Hoc|Any CPU.Deploy.0 = Release|x86
		{3E0042EE-37F8-47C2-B27F-CB9221DCDFA1}.Ad-Hoc|ARM.ActiveCfg = Release|ARM
		{3E0042EE-37F8-47C2-B27F-CB9221DCDFA1}.Ad-Hoc|ARM.Build.0 = Release|ARM
		{3E0042EE-37F8-47C2-B27F-CB9221DCDFA1}.Ad-Hoc|ARM.Deploy.0 = Release|ARM
		{3E0042EE-37F8-47C2-B27F-CB9221DCDFA1}.Ad-Hoc|iPhone.ActiveCfg = Release|x86
		{3E0042EE-37F8-47C2-B27F-CB9221DCDFA1}.Ad-Hoc|iPhone.Build.0 = Release|x86
		{3E0042EE-37F8-47C2-B27F-CB9221DCDFA1}.Ad-Hoc|iPhone.Deploy.0 = Release|x86
		{3E0042EE-37F8-47C2-B27F-CB9221DCDFA1}.Ad-Hoc|iPhoneSimulator.ActiveCfg = Release|x86
		{3E0042EE-37F8-47C2-B27F-CB9221DCDFA1}.Ad-Hoc|iPhoneSimulator.Build.0 = Release|x86
		{3E0042EE-37F8-47C2-B27F-CB9221DCDFA1}.Ad-Hoc|iPhoneSimulator.Deploy.0 = Release|x86
		{3E0042EE-37F8-47C2-B27F-CB9221DCDFA1}.Ad-Hoc|x64.ActiveCfg = Release|x64
		{3E0042EE-37F8-47C2-B27F-CB9221DCDFA1}.Ad-Hoc|x64.Build.0 = Release|x64
		{3E0042EE-37F8-47C2-B27F-CB9221DCDFA1}.Ad-Hoc|x64.Deploy.0 = Release|x64
		{3E0042EE-37F8-47C2-B27F-CB9221DCDFA1}.Ad-Hoc|x86.ActiveCfg = Release|x86
		{3E0042EE-37F8-47C2-B27F-CB9221DCDFA1}.Ad-Hoc|x86.Build.0 = Release|x86
		{3E0042EE-37F8-47C2-B27F-CB9221DCDFA1}.Ad-Hoc|x86.Deploy.0 = Release|x86
		{3E0042EE-37F8-47C2-B27F-CB9221DCDFA1}.AppStore|Any CPU.ActiveCfg = Release|x86
		{3E0042EE-37F8-47C2-B27F-CB9221DCDFA1}.AppStore|Any CPU.Build.0 = Release|x86
		{3E0042EE-37F8-47C2-B27F-CB9221DCDFA1}.AppStore|Any CPU.Deploy.0 = Release|x86
		{3E0042EE-37F8-47C2-B27F-CB9221DCDFA1}.AppStore|ARM.ActiveCfg = Release|ARM
		{3E0042EE-37F8-47C2-B27F-CB9221DCDFA1}.AppStore|ARM.Build.0 = Release|ARM
		{3E0042EE-37F8-47C2-B27F-CB9221DCDFA1}.AppStore|ARM.Deploy.0 = Release|ARM
		{3E0042EE-37F8-47C2-B27F-CB9221DCDFA1}.AppStore|iPhone.ActiveCfg = Release|x86
		{3E0042EE-37F8-47C2-B27F-CB9221DCDFA1}.AppStore|iPhone.Build.0 = Release|x86
		{3E0042EE-37F8-47C2-B27F-CB9221DCDFA1}.AppStore|iPhone.Deploy.0 = Release|x86
		{3E0042EE-37F8-47C2-B27F-CB9221DCDFA1}.AppStore|iPhoneSimulator.ActiveCfg = Release|x86
		{3E0042EE-37F8-47C2-B27F-CB9221DCDFA1}.AppStore|iPhoneSimulator.Build.0 = Release|x86
		{3E0042EE-37F8-47C2-B27F-CB9221DCDFA1}.AppStore|iPhoneSimulator.Deploy.0 = Release|x86
		{3E0042EE-37F8-47C2-B27F-CB9221DCDFA1}.AppStore|x64.ActiveCfg = Release|x64
		{3E0042EE-37F8-47C2-B27F-CB9221DCDFA1}.AppStore|x64.Build.0 = Release|x64
		{3E0042EE-37F8-47C2-B27F-CB9221DCDFA1}.AppStore|x64.Deploy.0 = Release|x64
		{3E0042EE-37F8-47C2-B27F-CB9221DCDFA1}.AppStore|x86.ActiveCfg = Release|x86
		{3E0042EE-37F8-47C2-B27F-CB9221DCDFA1}.AppStore|x86.Build.0 = Release|x86
		{3E0042EE-37F8-47C2-B27F-CB9221DCDFA1}.AppStore|x86.Deploy.0 = Release|x86
		{3E0042EE-37F8-47C2-B27F-CB9221DCDFA1}.Debug|Any CPU.ActiveCfg = Debug|x86
		{3E0042EE-37F8-47C2-B27F-CB9221DCDFA1}.Debug|ARM.ActiveCfg = Debug|ARM
		{3E0042EE-37F8-47C2-B27F-CB9221DCDFA1}.Debug|ARM.Build.0 = Debug|ARM
		{3E0042EE-37F8-47C2-B27F-CB9221DCDFA1}.Debug|ARM.Deploy.0 = Debug|ARM
		{3E0042EE-37F8-47C2-B27F-CB9221DCDFA1}.Debug|iPhone.ActiveCfg = Debug|x86
		{3E0042EE-37F8-47C2-B27F-CB9221DCDFA1}.Debug|iPhoneSimulator.ActiveCfg = Debug|x86
		{3E0042EE-37F8-47C2-B27F-CB9221DCDFA1}.Debug|x64.ActiveCfg = Debug|x64
		{3E0042EE-37F8-47C2-B27F-CB9221DCDFA1}.Debug|x64.Build.0 = Debug|x64
		{3E0042EE-37F8-47C2-B27F-CB9221DCDFA1}.Debug|x64.Deploy.0 = Debug|x64
		{3E0042EE-37F8-47C2-B27F-CB9221DCDFA1}.Debug|x86.ActiveCfg = Debug|x86
		{3E0042EE-37F8-47C2-B27F-CB9221DCDFA1}.Debug|x86.Build.0 = Debug|x86
		{3E0042EE-37F8-47C2-B27F-CB9221DCDFA1}.Debug|x86.Deploy.0 = Debug|x86
		{3E0042EE-37F8-47C2-B27F-CB9221DCDFA1}.Release|Any CPU.ActiveCfg = Release|x86
		{3E0042EE-37F8-47C2-B27F-CB9221DCDFA1}.Release|ARM.ActiveCfg = Release|ARM
		{3E0042EE-37F8-47C2-B27F-CB9221DCDFA1}.Release|ARM.Build.0 = Release|ARM
		{3E0042EE-37F8-47C2-B27F-CB9221DCDFA1}.Release|ARM.Deploy.0 = Release|ARM
		{3E0042EE-37F8-47C2-B27F-CB9221DCDFA1}.Release|iPhone.ActiveCfg = Release|x86
		{3E0042EE-37F8-47C2-B27F-CB9221DCDFA1}.Release|iPhoneSimulator.ActiveCfg = Release|x86
		{3E0042EE-37F8-47C2-B27F-CB9221DCDFA1}.Release|x64.ActiveCfg = Release|x64
		{3E0042EE-37F8-47C2-B27F-CB9221DCDFA1}.Release|x64.Build.0 = Release|x64
		{3E0042EE-37F8-47C2-B27F-CB9221DCDFA1}.Release|x64.Deploy.0 = Release|x64
		{3E0042EE-37F8-47C2-B27F-CB9221DCDFA1}.Release|x86.ActiveCfg = Release|x86
		{3E0042EE-37F8-47C2-B27F-CB9221DCDFA1}.Release|x86.Build.0 = Release|x86
		{3E0042EE-37F8-47C2-B27F-CB9221DCDFA1}.Release|x86.Deploy.0 = Release|x86
		{9C7EDC1B-2053-4D64-B131-8D858436E12C}.Ad-Hoc|Any CPU.ActiveCfg = Release|Any CPU
		{9C7EDC1B-2053-4D64-B131-8D858436E12C}.Ad-Hoc|Any CPU.Build.0 = Release|Any CPU
		{9C7EDC1B-2053-4D64-B131-8D858436E12C}.Ad-Hoc|Any CPU.Deploy.0 = Release|Any CPU
		{9C7EDC1B-2053-4D64-B131-8D858436E12C}.Ad-Hoc|ARM.ActiveCfg = Release|ARM
		{9C7EDC1B-2053-4D64-B131-8D858436E12C}.Ad-Hoc|ARM.Build.0 = Release|ARM
		{9C7EDC1B-2053-4D64-B131-8D858436E12C}.Ad-Hoc|ARM.Deploy.0 = Release|ARM
		{9C7EDC1B-2053-4D64-B131-8D858436E12C}.Ad-Hoc|iPhone.ActiveCfg = Release|Any CPU
		{9C7EDC1B-2053-4D64-B131-8D858436E12C}.Ad-Hoc|iPhone.Build.0 = Release|Any CPU
		{9C7EDC1B-2053-4D64-B131-8D858436E12C}.Ad-Hoc|iPhone.Deploy.0 = Release|Any CPU
		{9C7EDC1B-2053-4D64-B131-8D858436E12C}.Ad-Hoc|iPhoneSimulator.ActiveCfg = Release|Any CPU
		{9C7EDC1B-2053-4D64-B131-8D858436E12C}.Ad-Hoc|iPhoneSimulator.Build.0 = Release|Any CPU
		{9C7EDC1B-2053-4D64-B131-8D858436E12C}.Ad-Hoc|iPhoneSimulator.Deploy.0 = Release|Any CPU
		{9C7EDC1B-2053-4D64-B131-8D858436E12C}.Ad-Hoc|x64.ActiveCfg = Release|x64
		{9C7EDC1B-2053-4D64-B131-8D858436E12C}.Ad-Hoc|x64.Build.0 = Release|x64
		{9C7EDC1B-2053-4D64-B131-8D858436E12C}.Ad-Hoc|x64.Deploy.0 = Release|x64
		{9C7EDC1B-2053-4D64-B131-8D858436E12C}.Ad-Hoc|x86.ActiveCfg = Release|x86
		{9C7EDC1B-2053-4D64-B131-8D858436E12C}.Ad-Hoc|x86.Build.0 = Release|x86
		{9C7EDC1B-2053-4D64-B131-8D858436E12C}.Ad-Hoc|x86.Deploy.0 = Release|x86
		{9C7EDC1B-2053-4D64-B131-8D858436E12C}.AppStore|Any CPU.ActiveCfg = Release|Any CPU
		{9C7EDC1B-2053-4D64-B131-8D858436E12C}.AppStore|Any CPU.Build.0 = Release|Any CPU
		{9C7EDC1B-2053-4D64-B131-8D858436E12C}.AppStore|Any CPU.Deploy.0 = Release|Any CPU
		{9C7EDC1B-2053-4D64-B131-8D858436E12C}.AppStore|ARM.ActiveCfg = Release|ARM
		{9C7EDC1B-2053-4D64-B131-8D858436E12C}.AppStore|ARM.Build.0 = Release|ARM
		{9C7EDC1B-2053-4D64-B131-8D858436E12C}.AppStore|ARM.Deploy.0 = Release|ARM
		{9C7EDC1B-2053-4D64-B131-8D858436E12C}.AppStore|iPhone.ActiveCfg = Release|Any CPU
		{9C7EDC1B-2053-4D64-B131-8D858436E12C}.AppStore|iPhone.Build.0 = Release|Any CPU
		{9C7EDC1B-2053-4D64-B131-8D858436E12C}.AppStore|iPhone.Deploy.0 = Release|Any CPU
		{9C7EDC1B-2053-4D64-B131-8D858436E12C}.AppStore|iPhoneSimulator.ActiveCfg = Release|Any CPU
		{9C7EDC1B-2053-4D64-B131-8D858436E12C}.AppStore|iPhoneSimulator.Build.0 = Release|Any CPU
		{9C7EDC1B-2053-4D64-B131-8D858436E12C}.AppStore|iPhoneSimulator.Deploy.0 = Release|Any CPU
		{9C7EDC1B-2053-4D64-B131-8D858436E12C}.AppStore|x64.ActiveCfg = Release|x64
		{9C7EDC1B-2053-4D64-B131-8D858436E12C}.AppStore|x64.Build.0 = Release|x64
		{9C7EDC1B-2053-4D64-B131-8D858436E12C}.AppStore|x64.Deploy.0 = Release|x64
		{9C7EDC1B-2053-4D64-B131-8D858436E12C}.AppStore|x86.ActiveCfg = Release|x86
		{9C7EDC1B-2053-4D64-B131-8D858436E12C}.AppStore|x86.Build.0 = Release|x86
		{9C7EDC1B-2053-4D64-B131-8D858436E12C}.AppStore|x86.Deploy.0 = Release|x86
		{9C7EDC1B-2053-4D64-B131-8D858436E12C}.Debug|Any CPU.ActiveCfg = Debug|Any CPU
		{9C7EDC1B-2053-4D64-B131-8D858436E12C}.Debug|Any CPU.Build.0 = Debug|Any CPU
		{9C7EDC1B-2053-4D64-B131-8D858436E12C}.Debug|Any CPU.Deploy.0 = Debug|Any CPU
		{9C7EDC1B-2053-4D64-B131-8D858436E12C}.Debug|ARM.ActiveCfg = Debug|ARM
		{9C7EDC1B-2053-4D64-B131-8D858436E12C}.Debug|ARM.Build.0 = Debug|ARM
		{9C7EDC1B-2053-4D64-B131-8D858436E12C}.Debug|ARM.Deploy.0 = Debug|ARM
		{9C7EDC1B-2053-4D64-B131-8D858436E12C}.Debug|iPhone.ActiveCfg = Debug|Any CPU
		{9C7EDC1B-2053-4D64-B131-8D858436E12C}.Debug|iPhone.Build.0 = Debug|Any CPU
		{9C7EDC1B-2053-4D64-B131-8D858436E12C}.Debug|iPhone.Deploy.0 = Debug|Any CPU
		{9C7EDC1B-2053-4D64-B131-8D858436E12C}.Debug|iPhoneSimulator.ActiveCfg = Debug|Any CPU
		{9C7EDC1B-2053-4D64-B131-8D858436E12C}.Debug|iPhoneSimulator.Build.0 = Debug|Any CPU
		{9C7EDC1B-2053-4D64-B131-8D858436E12C}.Debug|iPhoneSimulator.Deploy.0 = Debug|Any CPU
		{9C7EDC1B-2053-4D64-B131-8D858436E12C}.Debug|x64.ActiveCfg = Debug|x64
		{9C7EDC1B-2053-4D64-B131-8D858436E12C}.Debug|x64.Build.0 = Debug|x64
		{9C7EDC1B-2053-4D64-B131-8D858436E12C}.Debug|x64.Deploy.0 = Debug|x64
		{9C7EDC1B-2053-4D64-B131-8D858436E12C}.Debug|x86.ActiveCfg = Debug|x86
		{9C7EDC1B-2053-4D64-B131-8D858436E12C}.Debug|x86.Build.0 = Debug|x86
		{9C7EDC1B-2053-4D64-B131-8D858436E12C}.Debug|x86.Deploy.0 = Debug|x86
		{9C7EDC1B-2053-4D64-B131-8D858436E12C}.Release|Any CPU.ActiveCfg = Release|Any CPU
		{9C7EDC1B-2053-4D64-B131-8D858436E12C}.Release|Any CPU.Build.0 = Release|Any CPU
		{9C7EDC1B-2053-4D64-B131-8D858436E12C}.Release|Any CPU.Deploy.0 = Release|Any CPU
		{9C7EDC1B-2053-4D64-B131-8D858436E12C}.Release|ARM.ActiveCfg = Release|ARM
		{9C7EDC1B-2053-4D64-B131-8D858436E12C}.Release|ARM.Build.0 = Release|ARM
		{9C7EDC1B-2053-4D64-B131-8D858436E12C}.Release|ARM.Deploy.0 = Release|ARM
		{9C7EDC1B-2053-4D64-B131-8D858436E12C}.Release|iPhone.ActiveCfg = Release|Any CPU
		{9C7EDC1B-2053-4D64-B131-8D858436E12C}.Release|iPhone.Build.0 = Release|Any CPU
		{9C7EDC1B-2053-4D64-B131-8D858436E12C}.Release|iPhone.Deploy.0 = Release|Any CPU
		{9C7EDC1B-2053-4D64-B131-8D858436E12C}.Release|iPhoneSimulator.ActiveCfg = Release|Any CPU
		{9C7EDC1B-2053-4D64-B131-8D858436E12C}.Release|iPhoneSimulator.Build.0 = Release|Any CPU
		{9C7EDC1B-2053-4D64-B131-8D858436E12C}.Release|iPhoneSimulator.Deploy.0 = Release|Any CPU
		{9C7EDC1B-2053-4D64-B131-8D858436E12C}.Release|x64.ActiveCfg = Release|x64
		{9C7EDC1B-2053-4D64-B131-8D858436E12C}.Release|x64.Build.0 = Release|x64
		{9C7EDC1B-2053-4D64-B131-8D858436E12C}.Release|x64.Deploy.0 = Release|x64
		{9C7EDC1B-2053-4D64-B131-8D858436E12C}.Release|x86.ActiveCfg = Release|x86
		{9C7EDC1B-2053-4D64-B131-8D858436E12C}.Release|x86.Build.0 = Release|x86
		{9C7EDC1B-2053-4D64-B131-8D858436E12C}.Release|x86.Deploy.0 = Release|x86
		{541AAA5E-5249-4674-AAD6-1FE8D4FB94EE}.Ad-Hoc|Any CPU.ActiveCfg = Release|Any CPU
		{541AAA5E-5249-4674-AAD6-1FE8D4FB94EE}.Ad-Hoc|Any CPU.Build.0 = Release|Any CPU
		{541AAA5E-5249-4674-AAD6-1FE8D4FB94EE}.Ad-Hoc|ARM.ActiveCfg = Release|Any CPU
		{541AAA5E-5249-4674-AAD6-1FE8D4FB94EE}.Ad-Hoc|ARM.Build.0 = Release|Any CPU
		{541AAA5E-5249-4674-AAD6-1FE8D4FB94EE}.Ad-Hoc|iPhone.ActiveCfg = Release|Any CPU
		{541AAA5E-5249-4674-AAD6-1FE8D4FB94EE}.Ad-Hoc|iPhone.Build.0 = Release|Any CPU
		{541AAA5E-5249-4674-AAD6-1FE8D4FB94EE}.Ad-Hoc|iPhoneSimulator.ActiveCfg = Release|Any CPU
		{541AAA5E-5249-4674-AAD6-1FE8D4FB94EE}.Ad-Hoc|iPhoneSimulator.Build.0 = Release|Any CPU
		{541AAA5E-5249-4674-AAD6-1FE8D4FB94EE}.Ad-Hoc|x64.ActiveCfg = Release|Any CPU
		{541AAA5E-5249-4674-AAD6-1FE8D4FB94EE}.Ad-Hoc|x64.Build.0 = Release|Any CPU
		{541AAA5E-5249-4674-AAD6-1FE8D4FB94EE}.Ad-Hoc|x86.ActiveCfg = Release|Any CPU
		{541AAA5E-5249-4674-AAD6-1FE8D4FB94EE}.Ad-Hoc|x86.Build.0 = Release|Any CPU
		{541AAA5E-5249-4674-AAD6-1FE8D4FB94EE}.AppStore|Any CPU.ActiveCfg = Release|Any CPU
		{541AAA5E-5249-4674-AAD6-1FE8D4FB94EE}.AppStore|Any CPU.Build.0 = Release|Any CPU
		{541AAA5E-5249-4674-AAD6-1FE8D4FB94EE}.AppStore|ARM.ActiveCfg = Release|Any CPU
		{541AAA5E-5249-4674-AAD6-1FE8D4FB94EE}.AppStore|ARM.Build.0 = Release|Any CPU
		{541AAA5E-5249-4674-AAD6-1FE8D4FB94EE}.AppStore|iPhone.ActiveCfg = Release|Any CPU
		{541AAA5E-5249-4674-AAD6-1FE8D4FB94EE}.AppStore|iPhone.Build.0 = Release|Any CPU
		{541AAA5E-5249-4674-AAD6-1FE8D4FB94EE}.AppStore|iPhoneSimulator.ActiveCfg = Release|Any CPU
		{541AAA5E-5249-4674-AAD6-1FE8D4FB94EE}.AppStore|iPhoneSimulator.Build.0 = Release|Any CPU
		{541AAA5E-5249-4674-AAD6-1FE8D4FB94EE}.AppStore|x64.ActiveCfg = Release|Any CPU
		{541AAA5E-5249-4674-AAD6-1FE8D4FB94EE}.AppStore|x64.Build.0 = Release|Any CPU
		{541AAA5E-5249-4674-AAD6-1FE8D4FB94EE}.AppStore|x86.ActiveCfg = Release|Any CPU
		{541AAA5E-5249-4674-AAD6-1FE8D4FB94EE}.AppStore|x86.Build.0 = Release|Any CPU
		{541AAA5E-5249-4674-AAD6-1FE8D4FB94EE}.Debug|Any CPU.ActiveCfg = Debug|Any CPU
		{541AAA5E-5249-4674-AAD6-1FE8D4FB94EE}.Debug|Any CPU.Build.0 = Debug|Any CPU
		{541AAA5E-5249-4674-AAD6-1FE8D4FB94EE}.Debug|ARM.ActiveCfg = Debug|Any CPU
		{541AAA5E-5249-4674-AAD6-1FE8D4FB94EE}.Debug|ARM.Build.0 = Debug|Any CPU
		{541AAA5E-5249-4674-AAD6-1FE8D4FB94EE}.Debug|iPhone.ActiveCfg = Debug|Any CPU
		{541AAA5E-5249-4674-AAD6-1FE8D4FB94EE}.Debug|iPhone.Build.0 = Debug|Any CPU
		{541AAA5E-5249-4674-AAD6-1FE8D4FB94EE}.Debug|iPhoneSimulator.ActiveCfg = Debug|Any CPU
		{541AAA5E-5249-4674-AAD6-1FE8D4FB94EE}.Debug|iPhoneSimulator.Build.0 = Debug|Any CPU
		{541AAA5E-5249-4674-AAD6-1FE8D4FB94EE}.Debug|x64.ActiveCfg = Debug|Any CPU
		{541AAA5E-5249-4674-AAD6-1FE8D4FB94EE}.Debug|x64.Build.0 = Debug|Any CPU
		{541AAA5E-5249-4674-AAD6-1FE8D4FB94EE}.Debug|x86.ActiveCfg = Debug|Any CPU
		{541AAA5E-5249-4674-AAD6-1FE8D4FB94EE}.Debug|x86.Build.0 = Debug|Any CPU
		{541AAA5E-5249-4674-AAD6-1FE8D4FB94EE}.Release|Any CPU.ActiveCfg = Release|Any CPU
		{541AAA5E-5249-4674-AAD6-1FE8D4FB94EE}.Release|Any CPU.Build.0 = Release|Any CPU
		{541AAA5E-5249-4674-AAD6-1FE8D4FB94EE}.Release|ARM.ActiveCfg = Release|Any CPU
		{541AAA5E-5249-4674-AAD6-1FE8D4FB94EE}.Release|ARM.Build.0 = Release|Any CPU
		{541AAA5E-5249-4674-AAD6-1FE8D4FB94EE}.Release|iPhone.ActiveCfg = Release|Any CPU
		{541AAA5E-5249-4674-AAD6-1FE8D4FB94EE}.Release|iPhone.Build.0 = Release|Any CPU
		{541AAA5E-5249-4674-AAD6-1FE8D4FB94EE}.Release|iPhoneSimulator.ActiveCfg = Release|Any CPU
		{541AAA5E-5249-4674-AAD6-1FE8D4FB94EE}.Release|iPhoneSimulator.Build.0 = Release|Any CPU
		{541AAA5E-5249-4674-AAD6-1FE8D4FB94EE}.Release|x64.ActiveCfg = Release|Any CPU
		{541AAA5E-5249-4674-AAD6-1FE8D4FB94EE}.Release|x64.Build.0 = Release|Any CPU
		{541AAA5E-5249-4674-AAD6-1FE8D4FB94EE}.Release|x86.ActiveCfg = Release|Any CPU
		{541AAA5E-5249-4674-AAD6-1FE8D4FB94EE}.Release|x86.Build.0 = Release|Any CPU
	EndGlobalSection
	GlobalSection(SolutionProperties) = preSolution
		HideSolutionNode = FALSE
	EndGlobalSection
EndGlobal
