
Microsoft Visual Studio Solution File, Format Version 12.00
# Visual Studio 14
VisualStudioVersion = 14.0.25123.0
MinimumVisualStudioVersion = 10.0.40219.1
Project("{FAE04EC0-301F-11D3-BF4B-00C04F79EFBC}") = "HolaXamarinFormsMVVM.Droid", "HolaXamarinFormsMVVM\HolaXamarinFormsMVVM.Droid\HolaXamarinFormsMVVM.Droid.csproj", "{54B56CF3-6E63-424F-A181-2C3D981A169F}"
EndProject
Project("{FAE04EC0-301F-11D3-BF4B-00C04F79EFBC}") = "HolaXamarinFormsMVVM.iOS", "HolaXamarinFormsMVVM\HolaXamarinFormsMVVM.iOS\HolaXamarinFormsMVVM.iOS.csproj", "{FCFF8BA6-0921-4282-ABF0-7C68F8F1EF68}"
EndProject
Project("{FAE04EC0-301F-11D3-BF4B-00C04F79EFBC}") = "HolaXamarinFormsMVVM.WinPhone", "HolaXamarinFormsMVVM\HolaXamarinFormsMVVM.WinPhone\HolaXamarinFormsMVVM.WinPhone.csproj", "{B36D8811-21CD-4D1F-8E7A-2F9FB72C16A7}"
EndProject
Project("{FAE04EC0-301F-11D3-BF4B-00C04F79EFBC}") = "HolaXamarinFormsMVVM.UWP", "HolaXamarinFormsMVVM\HolaXamarinFormsMVVM.UWP\HolaXamarinFormsMVVM.UWP.csproj", "{7343F979-FEBA-46B3-BA05-ABA5FD74D835}"
EndProject
Project("{FAE04EC0-301F-11D3-BF4B-00C04F79EFBC}") = "HolaXamarinFormsMVVM.Windows", "HolaXamarinFormsMVVM\HolaXamarinFormsMVVM.Windows\HolaXamarinFormsMVVM.Windows.csproj", "{82477477-A5DD-4CAF-A8D8-D20F709BD559}"
EndProject
Project("{FAE04EC0-301F-11D3-BF4B-00C04F79EFBC}") = "HolaXamarinFormsMVVM", "HolaXamarinFormsMVVM\HolaXamarinFormsMVVM\HolaXamarinFormsMVVM.csproj", "{DC797513-A999-437D-984A-12D0FADD8F54}"
EndProject
Global
	GlobalSection(SolutionConfigurationPlatforms) = preSolution
		Ad-Hoc|Any CPU = Ad-Hoc|Any CPU
		Ad-Hoc|ARM = Ad-Hoc|ARM
		Ad-Hoc|iPhone = Ad-Hoc|iPhone
		Ad-Hoc|iPhoneSimulator = Ad-Hoc|iPhoneSimulator
		Ad-Hoc|x64 = Ad-Hoc|x64
		Ad-Hoc|x86 = Ad-Hoc|x86
		AppStore|Any CPU = AppStore|Any CPU
		AppStore|ARM = AppStore|ARM
		AppStore|iPhone = AppStore|iPhone
		AppStore|iPhoneSimulator = AppStore|iPhoneSimulator
		AppStore|x64 = AppStore|x64
		AppStore|x86 = AppStore|x86
		Debug|Any CPU = Debug|Any CPU
		Debug|ARM = Debug|ARM
		Debug|iPhone = Debug|iPhone
		Debug|iPhoneSimulator = Debug|iPhoneSimulator
		Debug|x64 = Debug|x64
		Debug|x86 = Debug|x86
		Release|Any CPU = Release|Any CPU
		Release|ARM = Release|ARM
		Release|iPhone = Release|iPhone
		Release|iPhoneSimulator = Release|iPhoneSimulator
		Release|x64 = Release|x64
		Release|x86 = Release|x86
	EndGlobalSection
	GlobalSection(ProjectConfigurationPlatforms) = postSolution
		{54B56CF3-6E63-424F-A181-2C3D981A169F}.Ad-Hoc|Any CPU.ActiveCfg = Release|Any CPU
		{54B56CF3-6E63-424F-A181-2C3D981A169F}.Ad-Hoc|Any CPU.Build.0 = Release|Any CPU
		{54B56CF3-6E63-424F-A181-2C3D981A169F}.Ad-Hoc|Any CPU.Deploy.0 = Release|Any CPU
		{54B56CF3-6E63-424F-A181-2C3D981A169F}.Ad-Hoc|ARM.ActiveCfg = Release|Any CPU
		{54B56CF3-6E63-424F-A181-2C3D981A169F}.Ad-Hoc|ARM.Build.0 = Release|Any CPU
		{54B56CF3-6E63-424F-A181-2C3D981A169F}.Ad-Hoc|ARM.Deploy.0 = Release|Any CPU
		{54B56CF3-6E63-424F-A181-2C3D981A169F}.Ad-Hoc|iPhone.ActiveCfg = Release|Any CPU
		{54B56CF3-6E63-424F-A181-2C3D981A169F}.Ad-Hoc|iPhone.Build.0 = Release|Any CPU
		{54B56CF3-6E63-424F-A181-2C3D981A169F}.Ad-Hoc|iPhone.Deploy.0 = Release|Any CPU
		{54B56CF3-6E63-424F-A181-2C3D981A169F}.Ad-Hoc|iPhoneSimulator.ActiveCfg = Release|Any CPU
		{54B56CF3-6E63-424F-A181-2C3D981A169F}.Ad-Hoc|iPhoneSimulator.Build.0 = Release|Any CPU
		{54B56CF3-6E63-424F-A181-2C3D981A169F}.Ad-Hoc|iPhoneSimulator.Deploy.0 = Release|Any CPU
		{54B56CF3-6E63-424F-A181-2C3D981A169F}.Ad-Hoc|x64.ActiveCfg = Release|Any CPU
		{54B56CF3-6E63-424F-A181-2C3D981A169F}.Ad-Hoc|x64.Build.0 = Release|Any CPU
		{54B56CF3-6E63-424F-A181-2C3D981A169F}.Ad-Hoc|x64.Deploy.0 = Release|Any CPU
		{54B56CF3-6E63-424F-A181-2C3D981A169F}.Ad-Hoc|x86.ActiveCfg = Release|Any CPU
		{54B56CF3-6E63-424F-A181-2C3D981A169F}.Ad-Hoc|x86.Build.0 = Release|Any CPU
		{54B56CF3-6E63-424F-A181-2C3D981A169F}.Ad-Hoc|x86.Deploy.0 = Release|Any CPU
		{54B56CF3-6E63-424F-A181-2C3D981A169F}.AppStore|Any CPU.ActiveCfg = Release|Any CPU
		{54B56CF3-6E63-424F-A181-2C3D981A169F}.AppStore|Any CPU.Build.0 = Release|Any CPU
		{54B56CF3-6E63-424F-A181-2C3D981A169F}.AppStore|Any CPU.Deploy.0 = Release|Any CPU
		{54B56CF3-6E63-424F-A181-2C3D981A169F}.AppStore|ARM.ActiveCfg = Release|Any CPU
		{54B56CF3-6E63-424F-A181-2C3D981A169F}.AppStore|ARM.Build.0 = Release|Any CPU
		{54B56CF3-6E63-424F-A181-2C3D981A169F}.AppStore|ARM.Deploy.0 = Release|Any CPU
		{54B56CF3-6E63-424F-A181-2C3D981A169F}.AppStore|iPhone.ActiveCfg = Release|Any CPU
		{54B56CF3-6E63-424F-A181-2C3D981A169F}.AppStore|iPhone.Build.0 = Release|Any CPU
		{54B56CF3-6E63-424F-A181-2C3D981A169F}.AppStore|iPhone.Deploy.0 = Release|Any CPU
		{54B56CF3-6E63-424F-A181-2C3D981A169F}.AppStore|iPhoneSimulator.ActiveCfg = Release|Any CPU
		{54B56CF3-6E63-424F-A181-2C3D981A169F}.AppStore|iPhoneSimulator.Build.0 = Release|Any CPU
		{54B56CF3-6E63-424F-A181-2C3D981A169F}.AppStore|iPhoneSimulator.Deploy.0 = Release|Any CPU
		{54B56CF3-6E63-424F-A181-2C3D981A169F}.AppStore|x64.ActiveCfg = Release|Any CPU
		{54B56CF3-6E63-424F-A181-2C3D981A169F}.AppStore|x64.Build.0 = Release|Any CPU
		{54B56CF3-6E63-424F-A181-2C3D981A169F}.AppStore|x64.Deploy.0 = Release|Any CPU
		{54B56CF3-6E63-424F-A181-2C3D981A169F}.AppStore|x86.ActiveCfg = Release|Any CPU
		{54B56CF3-6E63-424F-A181-2C3D981A169F}.AppStore|x86.Build.0 = Release|Any CPU
		{54B56CF3-6E63-424F-A181-2C3D981A169F}.AppStore|x86.Deploy.0 = Release|Any CPU
		{54B56CF3-6E63-424F-A181-2C3D981A169F}.Debug|Any CPU.ActiveCfg = Debug|Any CPU
		{54B56CF3-6E63-424F-A181-2C3D981A169F}.Debug|Any CPU.Build.0 = Debug|Any CPU
		{54B56CF3-6E63-424F-A181-2C3D981A169F}.Debug|Any CPU.Deploy.0 = Debug|Any CPU
		{54B56CF3-6E63-424F-A181-2C3D981A169F}.Debug|ARM.ActiveCfg = Debug|Any CPU
		{54B56CF3-6E63-424F-A181-2C3D981A169F}.Debug|ARM.Build.0 = Debug|Any CPU
		{54B56CF3-6E63-424F-A181-2C3D981A169F}.Debug|ARM.Deploy.0 = Debug|Any CPU
		{54B56CF3-6E63-424F-A181-2C3D981A169F}.Debug|iPhone.ActiveCfg = Debug|Any CPU
		{54B56CF3-6E63-424F-A181-2C3D981A169F}.Debug|iPhone.Build.0 = Debug|Any CPU
		{54B56CF3-6E63-424F-A181-2C3D981A169F}.Debug|iPhone.Deploy.0 = Debug|Any CPU
		{54B56CF3-6E63-424F-A181-2C3D981A169F}.Debug|iPhoneSimulator.ActiveCfg = Debug|Any CPU
		{54B56CF3-6E63-424F-A181-2C3D981A169F}.Debug|iPhoneSimulator.Build.0 = Debug|Any CPU
		{54B56CF3-6E63-424F-A181-2C3D981A169F}.Debug|iPhoneSimulator.Deploy.0 = Debug|Any CPU
		{54B56CF3-6E63-424F-A181-2C3D981A169F}.Debug|x64.ActiveCfg = Debug|Any CPU
		{54B56CF3-6E63-424F-A181-2C3D981A169F}.Debug|x64.Build.0 = Debug|Any CPU
		{54B56CF3-6E63-424F-A181-2C3D981A169F}.Debug|x64.Deploy.0 = Debug|Any CPU
		{54B56CF3-6E63-424F-A181-2C3D981A169F}.Debug|x86.ActiveCfg = Debug|Any CPU
		{54B56CF3-6E63-424F-A181-2C3D981A169F}.Debug|x86.Build.0 = Debug|Any CPU
		{54B56CF3-6E63-424F-A181-2C3D981A169F}.Debug|x86.Deploy.0 = Debug|Any CPU
		{54B56CF3-6E63-424F-A181-2C3D981A169F}.Release|Any CPU.ActiveCfg = Release|Any CPU
		{54B56CF3-6E63-424F-A181-2C3D981A169F}.Release|Any CPU.Build.0 = Release|Any CPU
		{54B56CF3-6E63-424F-A181-2C3D981A169F}.Release|Any CPU.Deploy.0 = Release|Any CPU
		{54B56CF3-6E63-424F-A181-2C3D981A169F}.Release|ARM.ActiveCfg = Release|Any CPU
		{54B56CF3-6E63-424F-A181-2C3D981A169F}.Release|ARM.Build.0 = Release|Any CPU
		{54B56CF3-6E63-424F-A181-2C3D981A169F}.Release|ARM.Deploy.0 = Release|Any CPU
		{54B56CF3-6E63-424F-A181-2C3D981A169F}.Release|iPhone.ActiveCfg = Release|Any CPU
		{54B56CF3-6E63-424F-A181-2C3D981A169F}.Release|iPhone.Build.0 = Release|Any CPU
		{54B56CF3-6E63-424F-A181-2C3D981A169F}.Release|iPhone.Deploy.0 = Release|Any CPU
		{54B56CF3-6E63-424F-A181-2C3D981A169F}.Release|iPhoneSimulator.ActiveCfg = Release|Any CPU
		{54B56CF3-6E63-424F-A181-2C3D981A169F}.Release|iPhoneSimulator.Build.0 = Release|Any CPU
		{54B56CF3-6E63-424F-A181-2C3D981A169F}.Release|iPhoneSimulator.Deploy.0 = Release|Any CPU
		{54B56CF3-6E63-424F-A181-2C3D981A169F}.Release|x64.ActiveCfg = Release|Any CPU
		{54B56CF3-6E63-424F-A181-2C3D981A169F}.Release|x64.Build.0 = Release|Any CPU
		{54B56CF3-6E63-424F-A181-2C3D981A169F}.Release|x64.Deploy.0 = Release|Any CPU
		{54B56CF3-6E63-424F-A181-2C3D981A169F}.Release|x86.ActiveCfg = Release|Any CPU
		{54B56CF3-6E63-424F-A181-2C3D981A169F}.Release|x86.Build.0 = Release|Any CPU
		{54B56CF3-6E63-424F-A181-2C3D981A169F}.Release|x86.Deploy.0 = Release|Any CPU
		{FCFF8BA6-0921-4282-ABF0-7C68F8F1EF68}.Ad-Hoc|Any CPU.ActiveCfg = Ad-Hoc|iPhone
		{FCFF8BA6-0921-4282-ABF0-7C68F8F1EF68}.Ad-Hoc|ARM.ActiveCfg = Ad-Hoc|iPhone
		{FCFF8BA6-0921-4282-ABF0-7C68F8F1EF68}.Ad-Hoc|iPhone.ActiveCfg = Ad-Hoc|iPhone
		{FCFF8BA6-0921-4282-ABF0-7C68F8F1EF68}.Ad-Hoc|iPhone.Build.0 = Ad-Hoc|iPhone
		{FCFF8BA6-0921-4282-ABF0-7C68F8F1EF68}.Ad-Hoc|iPhoneSimulator.ActiveCfg = Ad-Hoc|iPhoneSimulator
		{FCFF8BA6-0921-4282-ABF0-7C68F8F1EF68}.Ad-Hoc|iPhoneSimulator.Build.0 = Ad-Hoc|iPhoneSimulator
		{FCFF8BA6-0921-4282-ABF0-7C68F8F1EF68}.Ad-Hoc|x64.ActiveCfg = Ad-Hoc|iPhone
		{FCFF8BA6-0921-4282-ABF0-7C68F8F1EF68}.Ad-Hoc|x86.ActiveCfg = Ad-Hoc|iPhone
		{FCFF8BA6-0921-4282-ABF0-7C68F8F1EF68}.AppStore|Any CPU.ActiveCfg = AppStore|iPhone
		{FCFF8BA6-0921-4282-ABF0-7C68F8F1EF68}.AppStore|ARM.ActiveCfg = AppStore|iPhone
		{FCFF8BA6-0921-4282-ABF0-7C68F8F1EF68}.AppStore|iPhone.ActiveCfg = AppStore|iPhone
		{FCFF8BA6-0921-4282-ABF0-7C68F8F1EF68}.AppStore|iPhone.Build.0 = AppStore|iPhone
		{FCFF8BA6-0921-4282-ABF0-7C68F8F1EF68}.AppStore|iPhoneSimulator.ActiveCfg = AppStore|iPhoneSimulator
		{FCFF8BA6-0921-4282-ABF0-7C68F8F1EF68}.AppStore|iPhoneSimulator.Build.0 = AppStore|iPhoneSimulator
		{FCFF8BA6-0921-4282-ABF0-7C68F8F1EF68}.AppStore|x64.ActiveCfg = AppStore|iPhone
		{FCFF8BA6-0921-4282-ABF0-7C68F8F1EF68}.AppStore|x86.ActiveCfg = AppStore|iPhone
		{FCFF8BA6-0921-4282-ABF0-7C68F8F1EF68}.Debug|Any CPU.ActiveCfg = Debug|iPhone
		{FCFF8BA6-0921-4282-ABF0-7C68F8F1EF68}.Debug|ARM.ActiveCfg = Debug|iPhone
		{FCFF8BA6-0921-4282-ABF0-7C68F8F1EF68}.Debug|iPhone.ActiveCfg = Debug|iPhone
		{FCFF8BA6-0921-4282-ABF0-7C68F8F1EF68}.Debug|iPhone.Build.0 = Debug|iPhone
		{FCFF8BA6-0921-4282-ABF0-7C68F8F1EF68}.Debug|iPhoneSimulator.ActiveCfg = Debug|iPhoneSimulator
		{FCFF8BA6-0921-4282-ABF0-7C68F8F1EF68}.Debug|iPhoneSimulator.Build.0 = Debug|iPhoneSimulator
		{FCFF8BA6-0921-4282-ABF0-7C68F8F1EF68}.Debug|x64.ActiveCfg = Debug|iPhone
		{FCFF8BA6-0921-4282-ABF0-7C68F8F1EF68}.Debug|x86.ActiveCfg = Debug|iPhone
		{FCFF8BA6-0921-4282-ABF0-7C68F8F1EF68}.Release|Any CPU.ActiveCfg = Release|iPhone
		{FCFF8BA6-0921-4282-ABF0-7C68F8F1EF68}.Release|ARM.ActiveCfg = Release|iPhone
		{FCFF8BA6-0921-4282-ABF0-7C68F8F1EF68}.Release|iPhone.ActiveCfg = Release|iPhone
		{FCFF8BA6-0921-4282-ABF0-7C68F8F1EF68}.Release|iPhone.Build.0 = Release|iPhone
		{FCFF8BA6-0921-4282-ABF0-7C68F8F1EF68}.Release|iPhoneSimulator.ActiveCfg = Release|iPhoneSimulator
		{FCFF8BA6-0921-4282-ABF0-7C68F8F1EF68}.Release|iPhoneSimulator.Build.0 = Release|iPhoneSimulator
		{FCFF8BA6-0921-4282-ABF0-7C68F8F1EF68}.Release|x64.ActiveCfg = Release|iPhone
		{FCFF8BA6-0921-4282-ABF0-7C68F8F1EF68}.Release|x86.ActiveCfg = Release|iPhone
		{B36D8811-21CD-4D1F-8E7A-2F9FB72C16A7}.Ad-Hoc|Any CPU.ActiveCfg = Release|Any CPU
		{B36D8811-21CD-4D1F-8E7A-2F9FB72C16A7}.Ad-Hoc|Any CPU.Build.0 = Release|Any CPU
		{B36D8811-21CD-4D1F-8E7A-2F9FB72C16A7}.Ad-Hoc|Any CPU.Deploy.0 = Release|Any CPU
		{B36D8811-21CD-4D1F-8E7A-2F9FB72C16A7}.Ad-Hoc|ARM.ActiveCfg = Release|ARM
		{B36D8811-21CD-4D1F-8E7A-2F9FB72C16A7}.Ad-Hoc|ARM.Build.0 = Release|ARM
		{B36D8811-21CD-4D1F-8E7A-2F9FB72C16A7}.Ad-Hoc|ARM.Deploy.0 = Release|ARM
		{B36D8811-21CD-4D1F-8E7A-2F9FB72C16A7}.Ad-Hoc|iPhone.ActiveCfg = Release|Any CPU
		{B36D8811-21CD-4D1F-8E7A-2F9FB72C16A7}.Ad-Hoc|iPhone.Build.0 = Release|Any CPU
		{B36D8811-21CD-4D1F-8E7A-2F9FB72C16A7}.Ad-Hoc|iPhone.Deploy.0 = Release|Any CPU
		{B36D8811-21CD-4D1F-8E7A-2F9FB72C16A7}.Ad-Hoc|iPhoneSimulator.ActiveCfg = Release|Any CPU
		{B36D8811-21CD-4D1F-8E7A-2F9FB72C16A7}.Ad-Hoc|iPhoneSimulator.Build.0 = Release|Any CPU
		{B36D8811-21CD-4D1F-8E7A-2F9FB72C16A7}.Ad-Hoc|iPhoneSimulator.Deploy.0 = Release|Any CPU
		{B36D8811-21CD-4D1F-8E7A-2F9FB72C16A7}.Ad-Hoc|x64.ActiveCfg = Release|Any CPU
		{B36D8811-21CD-4D1F-8E7A-2F9FB72C16A7}.Ad-Hoc|x64.Build.0 = Release|Any CPU
		{B36D8811-21CD-4D1F-8E7A-2F9FB72C16A7}.Ad-Hoc|x64.Deploy.0 = Release|Any CPU
		{B36D8811-21CD-4D1F-8E7A-2F9FB72C16A7}.Ad-Hoc|x86.ActiveCfg = Release|x86
		{B36D8811-21CD-4D1F-8E7A-2F9FB72C16A7}.Ad-Hoc|x86.Build.0 = Release|x86
		{B36D8811-21CD-4D1F-8E7A-2F9FB72C16A7}.Ad-Hoc|x86.Deploy.0 = Release|x86
		{B36D8811-21CD-4D1F-8E7A-2F9FB72C16A7}.AppStore|Any CPU.ActiveCfg = Release|Any CPU
		{B36D8811-21CD-4D1F-8E7A-2F9FB72C16A7}.AppStore|Any CPU.Build.0 = Release|Any CPU
		{B36D8811-21CD-4D1F-8E7A-2F9FB72C16A7}.AppStore|Any CPU.Deploy.0 = Release|Any CPU
		{B36D8811-21CD-4D1F-8E7A-2F9FB72C16A7}.AppStore|ARM.ActiveCfg = Release|ARM
		{B36D8811-21CD-4D1F-8E7A-2F9FB72C16A7}.AppStore|ARM.Build.0 = Release|ARM
		{B36D8811-21CD-4D1F-8E7A-2F9FB72C16A7}.AppStore|ARM.Deploy.0 = Release|ARM
		{B36D8811-21CD-4D1F-8E7A-2F9FB72C16A7}.AppStore|iPhone.ActiveCfg = Release|Any CPU
		{B36D8811-21CD-4D1F-8E7A-2F9FB72C16A7}.AppStore|iPhone.Build.0 = Release|Any CPU
		{B36D8811-21CD-4D1F-8E7A-2F9FB72C16A7}.AppStore|iPhone.Deploy.0 = Release|Any CPU
		{B36D8811-21CD-4D1F-8E7A-2F9FB72C16A7}.AppStore|iPhoneSimulator.ActiveCfg = Release|Any CPU
		{B36D8811-21CD-4D1F-8E7A-2F9FB72C16A7}.AppStore|iPhoneSimulator.Build.0 = Release|Any CPU
		{B36D8811-21CD-4D1F-8E7A-2F9FB72C16A7}.AppStore|iPhoneSimulator.Deploy.0 = Release|Any CPU
		{B36D8811-21CD-4D1F-8E7A-2F9FB72C16A7}.AppStore|x64.ActiveCfg = Release|Any CPU
		{B36D8811-21CD-4D1F-8E7A-2F9FB72C16A7}.AppStore|x64.Build.0 = Release|Any CPU
		{B36D8811-21CD-4D1F-8E7A-2F9FB72C16A7}.AppStore|x64.Deploy.0 = Release|Any CPU
		{B36D8811-21CD-4D1F-8E7A-2F9FB72C16A7}.AppStore|x86.ActiveCfg = Release|x86
		{B36D8811-21CD-4D1F-8E7A-2F9FB72C16A7}.AppStore|x86.Build.0 = Release|x86
		{B36D8811-21CD-4D1F-8E7A-2F9FB72C16A7}.AppStore|x86.Deploy.0 = Release|x86
		{B36D8811-21CD-4D1F-8E7A-2F9FB72C16A7}.Debug|Any CPU.ActiveCfg = Debug|Any CPU
		{B36D8811-21CD-4D1F-8E7A-2F9FB72C16A7}.Debug|Any CPU.Build.0 = Debug|Any CPU
		{B36D8811-21CD-4D1F-8E7A-2F9FB72C16A7}.Debug|Any CPU.Deploy.0 = Debug|Any CPU
		{B36D8811-21CD-4D1F-8E7A-2F9FB72C16A7}.Debug|ARM.ActiveCfg = Debug|ARM
		{B36D8811-21CD-4D1F-8E7A-2F9FB72C16A7}.Debug|ARM.Build.0 = Debug|ARM
		{B36D8811-21CD-4D1F-8E7A-2F9FB72C16A7}.Debug|ARM.Deploy.0 = Debug|ARM
		{B36D8811-21CD-4D1F-8E7A-2F9FB72C16A7}.Debug|iPhone.ActiveCfg = Debug|Any CPU
		{B36D8811-21CD-4D1F-8E7A-2F9FB72C16A7}.Debug|iPhone.Build.0 = Debug|Any CPU
		{B36D8811-21CD-4D1F-8E7A-2F9FB72C16A7}.Debug|iPhone.Deploy.0 = Debug|Any CPU
		{B36D8811-21CD-4D1F-8E7A-2F9FB72C16A7}.Debug|iPhoneSimulator.ActiveCfg = Debug|Any CPU
		{B36D8811-21CD-4D1F-8E7A-2F9FB72C16A7}.Debug|iPhoneSimulator.Build.0 = Debug|Any CPU
		{B36D8811-21CD-4D1F-8E7A-2F9FB72C16A7}.Debug|iPhoneSimulator.Deploy.0 = Debug|Any CPU
		{B36D8811-21CD-4D1F-8E7A-2F9FB72C16A7}.Debug|x64.ActiveCfg = Debug|Any CPU
		{B36D8811-21CD-4D1F-8E7A-2F9FB72C16A7}.Debug|x64.Build.0 = Debug|Any CPU
		{B36D8811-21CD-4D1F-8E7A-2F9FB72C16A7}.Debug|x64.Deploy.0 = Debug|Any CPU
		{B36D8811-21CD-4D1F-8E7A-2F9FB72C16A7}.Debug|x86.ActiveCfg = Debug|x86
		{B36D8811-21CD-4D1F-8E7A-2F9FB72C16A7}.Debug|x86.Build.0 = Debug|x86
		{B36D8811-21CD-4D1F-8E7A-2F9FB72C16A7}.Debug|x86.Deploy.0 = Debug|x86
		{B36D8811-21CD-4D1F-8E7A-2F9FB72C16A7}.Release|Any CPU.ActiveCfg = Release|Any CPU
		{B36D8811-21CD-4D1F-8E7A-2F9FB72C16A7}.Release|Any CPU.Build.0 = Release|Any CPU
		{B36D8811-21CD-4D1F-8E7A-2F9FB72C16A7}.Release|Any CPU.Deploy.0 = Release|Any CPU
		{B36D8811-21CD-4D1F-8E7A-2F9FB72C16A7}.Release|ARM.ActiveCfg = Release|ARM
		{B36D8811-21CD-4D1F-8E7A-2F9FB72C16A7}.Release|ARM.Build.0 = Release|ARM
		{B36D8811-21CD-4D1F-8E7A-2F9FB72C16A7}.Release|ARM.Deploy.0 = Release|ARM
		{B36D8811-21CD-4D1F-8E7A-2F9FB72C16A7}.Release|iPhone.ActiveCfg = Release|Any CPU
		{B36D8811-21CD-4D1F-8E7A-2F9FB72C16A7}.Release|iPhone.Build.0 = Release|Any CPU
		{B36D8811-21CD-4D1F-8E7A-2F9FB72C16A7}.Release|iPhone.Deploy.0 = Release|Any CPU
		{B36D8811-21CD-4D1F-8E7A-2F9FB72C16A7}.Release|iPhoneSimulator.ActiveCfg = Release|Any CPU
		{B36D8811-21CD-4D1F-8E7A-2F9FB72C16A7}.Release|iPhoneSimulator.Build.0 = Release|Any CPU
		{B36D8811-21CD-4D1F-8E7A-2F9FB72C16A7}.Release|iPhoneSimulator.Deploy.0 = Release|Any CPU
		{B36D8811-21CD-4D1F-8E7A-2F9FB72C16A7}.Release|x64.ActiveCfg = Release|Any CPU
		{B36D8811-21CD-4D1F-8E7A-2F9FB72C16A7}.Release|x64.Build.0 = Release|Any CPU
		{B36D8811-21CD-4D1F-8E7A-2F9FB72C16A7}.Release|x64.Deploy.0 = Release|Any CPU
		{B36D8811-21CD-4D1F-8E7A-2F9FB72C16A7}.Release|x86.ActiveCfg = Release|x86
		{B36D8811-21CD-4D1F-8E7A-2F9FB72C16A7}.Release|x86.Build.0 = Release|x86
		{B36D8811-21CD-4D1F-8E7A-2F9FB72C16A7}.Release|x86.Deploy.0 = Release|x86
		{7343F979-FEBA-46B3-BA05-ABA5FD74D835}.Ad-Hoc|Any CPU.ActiveCfg = Release|x86
		{7343F979-FEBA-46B3-BA05-ABA5FD74D835}.Ad-Hoc|Any CPU.Build.0 = Release|x86
		{7343F979-FEBA-46B3-BA05-ABA5FD74D835}.Ad-Hoc|Any CPU.Deploy.0 = Release|x86
		{7343F979-FEBA-46B3-BA05-ABA5FD74D835}.Ad-Hoc|ARM.ActiveCfg = Release|ARM
		{7343F979-FEBA-46B3-BA05-ABA5FD74D835}.Ad-Hoc|ARM.Build.0 = Release|ARM
		{7343F979-FEBA-46B3-BA05-ABA5FD74D835}.Ad-Hoc|ARM.Deploy.0 = Release|ARM
		{7343F979-FEBA-46B3-BA05-ABA5FD74D835}.Ad-Hoc|iPhone.ActiveCfg = Release|x86
		{7343F979-FEBA-46B3-BA05-ABA5FD74D835}.Ad-Hoc|iPhone.Build.0 = Release|x86
		{7343F979-FEBA-46B3-BA05-ABA5FD74D835}.Ad-Hoc|iPhone.Deploy.0 = Release|x86
		{7343F979-FEBA-46B3-BA05-ABA5FD74D835}.Ad-Hoc|iPhoneSimulator.ActiveCfg = Release|x86
		{7343F979-FEBA-46B3-BA05-ABA5FD74D835}.Ad-Hoc|iPhoneSimulator.Build.0 = Release|x86
		{7343F979-FEBA-46B3-BA05-ABA5FD74D835}.Ad-Hoc|iPhoneSimulator.Deploy.0 = Release|x86
		{7343F979-FEBA-46B3-BA05-ABA5FD74D835}.Ad-Hoc|x64.ActiveCfg = Release|x64
		{7343F979-FEBA-46B3-BA05-ABA5FD74D835}.Ad-Hoc|x64.Build.0 = Release|x64
		{7343F979-FEBA-46B3-BA05-ABA5FD74D835}.Ad-Hoc|x64.Deploy.0 = Release|x64
		{7343F979-FEBA-46B3-BA05-ABA5FD74D835}.Ad-Hoc|x86.ActiveCfg = Release|x86
		{7343F979-FEBA-46B3-BA05-ABA5FD74D835}.Ad-Hoc|x86.Build.0 = Release|x86
		{7343F979-FEBA-46B3-BA05-ABA5FD74D835}.Ad-Hoc|x86.Deploy.0 = Release|x86
		{7343F979-FEBA-46B3-BA05-ABA5FD74D835}.AppStore|Any CPU.ActiveCfg = Release|x86
		{7343F979-FEBA-46B3-BA05-ABA5FD74D835}.AppStore|Any CPU.Build.0 = Release|x86
		{7343F979-FEBA-46B3-BA05-ABA5FD74D835}.AppStore|Any CPU.Deploy.0 = Release|x86
		{7343F979-FEBA-46B3-BA05-ABA5FD74D835}.AppStore|ARM.ActiveCfg = Release|ARM
		{7343F979-FEBA-46B3-BA05-ABA5FD74D835}.AppStore|ARM.Build.0 = Release|ARM
		{7343F979-FEBA-46B3-BA05-ABA5FD74D835}.AppStore|ARM.Deploy.0 = Release|ARM
		{7343F979-FEBA-46B3-BA05-ABA5FD74D835}.AppStore|iPhone.ActiveCfg = Release|x86
		{7343F979-FEBA-46B3-BA05-ABA5FD74D835}.AppStore|iPhone.Build.0 = Release|x86
		{7343F979-FEBA-46B3-BA05-ABA5FD74D835}.AppStore|iPhone.Deploy.0 = Release|x86
		{7343F979-FEBA-46B3-BA05-ABA5FD74D835}.AppStore|iPhoneSimulator.ActiveCfg = Release|x86
		{7343F979-FEBA-46B3-BA05-ABA5FD74D835}.AppStore|iPhoneSimulator.Build.0 = Release|x86
		{7343F979-FEBA-46B3-BA05-ABA5FD74D835}.AppStore|iPhoneSimulator.Deploy.0 = Release|x86
		{7343F979-FEBA-46B3-BA05-ABA5FD74D835}.AppStore|x64.ActiveCfg = Release|x64
		{7343F979-FEBA-46B3-BA05-ABA5FD74D835}.AppStore|x64.Build.0 = Release|x64
		{7343F979-FEBA-46B3-BA05-ABA5FD74D835}.AppStore|x64.Deploy.0 = Release|x64
		{7343F979-FEBA-46B3-BA05-ABA5FD74D835}.AppStore|x86.ActiveCfg = Release|x86
		{7343F979-FEBA-46B3-BA05-ABA5FD74D835}.AppStore|x86.Build.0 = Release|x86
		{7343F979-FEBA-46B3-BA05-ABA5FD74D835}.AppStore|x86.Deploy.0 = Release|x86
		{7343F979-FEBA-46B3-BA05-ABA5FD74D835}.Debug|Any CPU.ActiveCfg = Debug|x86
		{7343F979-FEBA-46B3-BA05-ABA5FD74D835}.Debug|ARM.ActiveCfg = Debug|ARM
		{7343F979-FEBA-46B3-BA05-ABA5FD74D835}.Debug|ARM.Build.0 = Debug|ARM
		{7343F979-FEBA-46B3-BA05-ABA5FD74D835}.Debug|ARM.Deploy.0 = Debug|ARM
		{7343F979-FEBA-46B3-BA05-ABA5FD74D835}.Debug|iPhone.ActiveCfg = Debug|x86
		{7343F979-FEBA-46B3-BA05-ABA5FD74D835}.Debug|iPhoneSimulator.ActiveCfg = Debug|x86
		{7343F979-FEBA-46B3-BA05-ABA5FD74D835}.Debug|iPhoneSimulator.Build.0 = Debug|x86
		{7343F979-FEBA-46B3-BA05-ABA5FD74D835}.Debug|iPhoneSimulator.Deploy.0 = Debug|x86
		{7343F979-FEBA-46B3-BA05-ABA5FD74D835}.Debug|x64.ActiveCfg = Debug|x64
		{7343F979-FEBA-46B3-BA05-ABA5FD74D835}.Debug|x64.Build.0 = Debug|x64
		{7343F979-FEBA-46B3-BA05-ABA5FD74D835}.Debug|x64.Deploy.0 = Debug|x64
		{7343F979-FEBA-46B3-BA05-ABA5FD74D835}.Debug|x86.ActiveCfg = Debug|x86
		{7343F979-FEBA-46B3-BA05-ABA5FD74D835}.Debug|x86.Build.0 = Debug|x86
		{7343F979-FEBA-46B3-BA05-ABA5FD74D835}.Debug|x86.Deploy.0 = Debug|x86
		{7343F979-FEBA-46B3-BA05-ABA5FD74D835}.Release|Any CPU.ActiveCfg = Release|x86
		{7343F979-FEBA-46B3-BA05-ABA5FD74D835}.Release|ARM.ActiveCfg = Release|ARM
		{7343F979-FEBA-46B3-BA05-ABA5FD74D835}.Release|ARM.Build.0 = Release|ARM
		{7343F979-FEBA-46B3-BA05-ABA5FD74D835}.Release|ARM.Deploy.0 = Release|ARM
		{7343F979-FEBA-46B3-BA05-ABA5FD74D835}.Release|iPhone.ActiveCfg = Release|x86
		{7343F979-FEBA-46B3-BA05-ABA5FD74D835}.Release|iPhoneSimulator.ActiveCfg = Release|x86
		{7343F979-FEBA-46B3-BA05-ABA5FD74D835}.Release|x64.ActiveCfg = Release|x64
		{7343F979-FEBA-46B3-BA05-ABA5FD74D835}.Release|x64.Build.0 = Release|x64
		{7343F979-FEBA-46B3-BA05-ABA5FD74D835}.Release|x64.Deploy.0 = Release|x64
		{7343F979-FEBA-46B3-BA05-ABA5FD74D835}.Release|x86.ActiveCfg = Release|x86
		{7343F979-FEBA-46B3-BA05-ABA5FD74D835}.Release|x86.Build.0 = Release|x86
		{7343F979-FEBA-46B3-BA05-ABA5FD74D835}.Release|x86.Deploy.0 = Release|x86
		{82477477-A5DD-4CAF-A8D8-D20F709BD559}.Ad-Hoc|Any CPU.ActiveCfg = Release|Any CPU
		{82477477-A5DD-4CAF-A8D8-D20F709BD559}.Ad-Hoc|Any CPU.Build.0 = Release|Any CPU
		{82477477-A5DD-4CAF-A8D8-D20F709BD559}.Ad-Hoc|Any CPU.Deploy.0 = Release|Any CPU
		{82477477-A5DD-4CAF-A8D8-D20F709BD559}.Ad-Hoc|ARM.ActiveCfg = Release|ARM
		{82477477-A5DD-4CAF-A8D8-D20F709BD559}.Ad-Hoc|ARM.Build.0 = Release|ARM
		{82477477-A5DD-4CAF-A8D8-D20F709BD559}.Ad-Hoc|ARM.Deploy.0 = Release|ARM
		{82477477-A5DD-4CAF-A8D8-D20F709BD559}.Ad-Hoc|iPhone.ActiveCfg = Release|Any CPU
		{82477477-A5DD-4CAF-A8D8-D20F709BD559}.Ad-Hoc|iPhone.Build.0 = Release|Any CPU
		{82477477-A5DD-4CAF-A8D8-D20F709BD559}.Ad-Hoc|iPhone.Deploy.0 = Release|Any CPU
		{82477477-A5DD-4CAF-A8D8-D20F709BD559}.Ad-Hoc|iPhoneSimulator.ActiveCfg = Release|Any CPU
		{82477477-A5DD-4CAF-A8D8-D20F709BD559}.Ad-Hoc|iPhoneSimulator.Build.0 = Release|Any CPU
		{82477477-A5DD-4CAF-A8D8-D20F709BD559}.Ad-Hoc|iPhoneSimulator.Deploy.0 = Release|Any CPU
		{82477477-A5DD-4CAF-A8D8-D20F709BD559}.Ad-Hoc|x64.ActiveCfg = Release|x64
		{82477477-A5DD-4CAF-A8D8-D20F709BD559}.Ad-Hoc|x64.Build.0 = Release|x64
		{82477477-A5DD-4CAF-A8D8-D20F709BD559}.Ad-Hoc|x64.Deploy.0 = Release|x64
		{82477477-A5DD-4CAF-A8D8-D20F709BD559}.Ad-Hoc|x86.ActiveCfg = Release|x86
		{82477477-A5DD-4CAF-A8D8-D20F709BD559}.Ad-Hoc|x86.Build.0 = Release|x86
		{82477477-A5DD-4CAF-A8D8-D20F709BD559}.Ad-Hoc|x86.Deploy.0 = Release|x86
		{82477477-A5DD-4CAF-A8D8-D20F709BD559}.AppStore|Any CPU.ActiveCfg = Release|Any CPU
		{82477477-A5DD-4CAF-A8D8-D20F709BD559}.AppStore|Any CPU.Build.0 = Release|Any CPU
		{82477477-A5DD-4CAF-A8D8-D20F709BD559}.AppStore|Any CPU.Deploy.0 = Release|Any CPU
		{82477477-A5DD-4CAF-A8D8-D20F709BD559}.AppStore|ARM.ActiveCfg = Release|ARM
		{82477477-A5DD-4CAF-A8D8-D20F709BD559}.AppStore|ARM.Build.0 = Release|ARM
		{82477477-A5DD-4CAF-A8D8-D20F709BD559}.AppStore|ARM.Deploy.0 = Release|ARM
		{82477477-A5DD-4CAF-A8D8-D20F709BD559}.AppStore|iPhone.ActiveCfg = Release|Any CPU
		{82477477-A5DD-4CAF-A8D8-D20F709BD559}.AppStore|iPhone.Build.0 = Release|Any CPU
		{82477477-A5DD-4CAF-A8D8-D20F709BD559}.AppStore|iPhone.Deploy.0 = Release|Any CPU
		{82477477-A5DD-4CAF-A8D8-D20F709BD559}.AppStore|iPhoneSimulator.ActiveCfg = Release|Any CPU
		{82477477-A5DD-4CAF-A8D8-D20F709BD559}.AppStore|iPhoneSimulator.Build.0 = Release|Any CPU
		{82477477-A5DD-4CAF-A8D8-D20F709BD559}.AppStore|iPhoneSimulator.Deploy.0 = Release|Any CPU
		{82477477-A5DD-4CAF-A8D8-D20F709BD559}.AppStore|x64.ActiveCfg = Release|x64
		{82477477-A5DD-4CAF-A8D8-D20F709BD559}.AppStore|x64.Build.0 = Release|x64
		{82477477-A5DD-4CAF-A8D8-D20F709BD559}.AppStore|x64.Deploy.0 = Release|x64
		{82477477-A5DD-4CAF-A8D8-D20F709BD559}.AppStore|x86.ActiveCfg = Release|x86
		{82477477-A5DD-4CAF-A8D8-D20F709BD559}.AppStore|x86.Build.0 = Release|x86
		{82477477-A5DD-4CAF-A8D8-D20F709BD559}.AppStore|x86.Deploy.0 = Release|x86
		{82477477-A5DD-4CAF-A8D8-D20F709BD559}.Debug|Any CPU.ActiveCfg = Debug|Any CPU
		{82477477-A5DD-4CAF-A8D8-D20F709BD559}.Debug|Any CPU.Build.0 = Debug|Any CPU
		{82477477-A5DD-4CAF-A8D8-D20F709BD559}.Debug|Any CPU.Deploy.0 = Debug|Any CPU
		{82477477-A5DD-4CAF-A8D8-D20F709BD559}.Debug|ARM.ActiveCfg = Debug|ARM
		{82477477-A5DD-4CAF-A8D8-D20F709BD559}.Debug|ARM.Build.0 = Debug|ARM
		{82477477-A5DD-4CAF-A8D8-D20F709BD559}.Debug|ARM.Deploy.0 = Debug|ARM
		{82477477-A5DD-4CAF-A8D8-D20F709BD559}.Debug|iPhone.ActiveCfg = Debug|Any CPU
		{82477477-A5DD-4CAF-A8D8-D20F709BD559}.Debug|iPhone.Build.0 = Debug|Any CPU
		{82477477-A5DD-4CAF-A8D8-D20F709BD559}.Debug|iPhone.Deploy.0 = Debug|Any CPU
		{82477477-A5DD-4CAF-A8D8-D20F709BD559}.Debug|iPhoneSimulator.ActiveCfg = Debug|Any CPU
		{82477477-A5DD-4CAF-A8D8-D20F709BD559}.Debug|iPhoneSimulator.Build.0 = Debug|Any CPU
		{82477477-A5DD-4CAF-A8D8-D20F709BD559}.Debug|iPhoneSimulator.Deploy.0 = Debug|Any CPU
		{82477477-A5DD-4CAF-A8D8-D20F709BD559}.Debug|x64.ActiveCfg = Debug|x64
		{82477477-A5DD-4CAF-A8D8-D20F709BD559}.Debug|x64.Build.0 = Debug|x64
		{82477477-A5DD-4CAF-A8D8-D20F709BD559}.Debug|x64.Deploy.0 = Debug|x64
		{82477477-A5DD-4CAF-A8D8-D20F709BD559}.Debug|x86.ActiveCfg = Debug|x86
		{82477477-A5DD-4CAF-A8D8-D20F709BD559}.Debug|x86.Build.0 = Debug|x86
		{82477477-A5DD-4CAF-A8D8-D20F709BD559}.Debug|x86.Deploy.0 = Debug|x86
		{82477477-A5DD-4CAF-A8D8-D20F709BD559}.Release|Any CPU.ActiveCfg = Release|Any CPU
		{82477477-A5DD-4CAF-A8D8-D20F709BD559}.Release|Any CPU.Build.0 = Release|Any CPU
		{82477477-A5DD-4CAF-A8D8-D20F709BD559}.Release|Any CPU.Deploy.0 = Release|Any CPU
		{82477477-A5DD-4CAF-A8D8-D20F709BD559}.Release|ARM.ActiveCfg = Release|ARM
		{82477477-A5DD-4CAF-A8D8-D20F709BD559}.Release|ARM.Build.0 = Release|ARM
		{82477477-A5DD-4CAF-A8D8-D20F709BD559}.Release|ARM.Deploy.0 = Release|ARM
		{82477477-A5DD-4CAF-A8D8-D20F709BD559}.Release|iPhone.ActiveCfg = Release|Any CPU
		{82477477-A5DD-4CAF-A8D8-D20F709BD559}.Release|iPhone.Build.0 = Release|Any CPU
		{82477477-A5DD-4CAF-A8D8-D20F709BD559}.Release|iPhone.Deploy.0 = Release|Any CPU
		{82477477-A5DD-4CAF-A8D8-D20F709BD559}.Release|iPhoneSimulator.ActiveCfg = Release|Any CPU
		{82477477-A5DD-4CAF-A8D8-D20F709BD559}.Release|iPhoneSimulator.Build.0 = Release|Any CPU
		{82477477-A5DD-4CAF-A8D8-D20F709BD559}.Release|iPhoneSimulator.Deploy.0 = Release|Any CPU
		{82477477-A5DD-4CAF-A8D8-D20F709BD559}.Release|x64.ActiveCfg = Release|x64
		{82477477-A5DD-4CAF-A8D8-D20F709BD559}.Release|x64.Build.0 = Release|x64
		{82477477-A5DD-4CAF-A8D8-D20F709BD559}.Release|x64.Deploy.0 = Release|x64
		{82477477-A5DD-4CAF-A8D8-D20F709BD559}.Release|x86.ActiveCfg = Release|x86
		{82477477-A5DD-4CAF-A8D8-D20F709BD559}.Release|x86.Build.0 = Release|x86
		{82477477-A5DD-4CAF-A8D8-D20F709BD559}.Release|x86.Deploy.0 = Release|x86
		{DC797513-A999-437D-984A-12D0FADD8F54}.Ad-Hoc|Any CPU.ActiveCfg = Release|Any CPU
		{DC797513-A999-437D-984A-12D0FADD8F54}.Ad-Hoc|Any CPU.Build.0 = Release|Any CPU
		{DC797513-A999-437D-984A-12D0FADD8F54}.Ad-Hoc|ARM.ActiveCfg = Release|Any CPU
		{DC797513-A999-437D-984A-12D0FADD8F54}.Ad-Hoc|ARM.Build.0 = Release|Any CPU
		{DC797513-A999-437D-984A-12D0FADD8F54}.Ad-Hoc|iPhone.ActiveCfg = Release|Any CPU
		{DC797513-A999-437D-984A-12D0FADD8F54}.Ad-Hoc|iPhone.Build.0 = Release|Any CPU
		{DC797513-A999-437D-984A-12D0FADD8F54}.Ad-Hoc|iPhoneSimulator.ActiveCfg = Release|Any CPU
		{DC797513-A999-437D-984A-12D0FADD8F54}.Ad-Hoc|iPhoneSimulator.Build.0 = Release|Any CPU
		{DC797513-A999-437D-984A-12D0FADD8F54}.Ad-Hoc|x64.ActiveCfg = Release|Any CPU
		{DC797513-A999-437D-984A-12D0FADD8F54}.Ad-Hoc|x64.Build.0 = Release|Any CPU
		{DC797513-A999-437D-984A-12D0FADD8F54}.Ad-Hoc|x86.ActiveCfg = Release|Any CPU
		{DC797513-A999-437D-984A-12D0FADD8F54}.Ad-Hoc|x86.Build.0 = Release|Any CPU
		{DC797513-A999-437D-984A-12D0FADD8F54}.AppStore|Any CPU.ActiveCfg = Release|Any CPU
		{DC797513-A999-437D-984A-12D0FADD8F54}.AppStore|Any CPU.Build.0 = Release|Any CPU
		{DC797513-A999-437D-984A-12D0FADD8F54}.AppStore|ARM.ActiveCfg = Release|Any CPU
		{DC797513-A999-437D-984A-12D0FADD8F54}.AppStore|ARM.Build.0 = Release|Any CPU
		{DC797513-A999-437D-984A-12D0FADD8F54}.AppStore|iPhone.ActiveCfg = Release|Any CPU
		{DC797513-A999-437D-984A-12D0FADD8F54}.AppStore|iPhone.Build.0 = Release|Any CPU
		{DC797513-A999-437D-984A-12D0FADD8F54}.AppStore|iPhoneSimulator.ActiveCfg = Release|Any CPU
		{DC797513-A999-437D-984A-12D0FADD8F54}.AppStore|iPhoneSimulator.Build.0 = Release|Any CPU
		{DC797513-A999-437D-984A-12D0FADD8F54}.AppStore|x64.ActiveCfg = Release|Any CPU
		{DC797513-A999-437D-984A-12D0FADD8F54}.AppStore|x64.Build.0 = Release|Any CPU
		{DC797513-A999-437D-984A-12D0FADD8F54}.AppStore|x86.ActiveCfg = Release|Any CPU
		{DC797513-A999-437D-984A-12D0FADD8F54}.AppStore|x86.Build.0 = Release|Any CPU
		{DC797513-A999-437D-984A-12D0FADD8F54}.Debug|Any CPU.ActiveCfg = Debug|Any CPU
		{DC797513-A999-437D-984A-12D0FADD8F54}.Debug|Any CPU.Build.0 = Debug|Any CPU
		{DC797513-A999-437D-984A-12D0FADD8F54}.Debug|ARM.ActiveCfg = Debug|Any CPU
		{DC797513-A999-437D-984A-12D0FADD8F54}.Debug|ARM.Build.0 = Debug|Any CPU
		{DC797513-A999-437D-984A-12D0FADD8F54}.Debug|iPhone.ActiveCfg = Debug|Any CPU
		{DC797513-A999-437D-984A-12D0FADD8F54}.Debug|iPhone.Build.0 = Debug|Any CPU
		{DC797513-A999-437D-984A-12D0FADD8F54}.Debug|iPhoneSimulator.ActiveCfg = Debug|Any CPU
		{DC797513-A999-437D-984A-12D0FADD8F54}.Debug|iPhoneSimulator.Build.0 = Debug|Any CPU
		{DC797513-A999-437D-984A-12D0FADD8F54}.Debug|x64.ActiveCfg = Debug|Any CPU
		{DC797513-A999-437D-984A-12D0FADD8F54}.Debug|x64.Build.0 = Debug|Any CPU
		{DC797513-A999-437D-984A-12D0FADD8F54}.Debug|x86.ActiveCfg = Debug|Any CPU
		{DC797513-A999-437D-984A-12D0FADD8F54}.Debug|x86.Build.0 = Debug|Any CPU
		{DC797513-A999-437D-984A-12D0FADD8F54}.Release|Any CPU.ActiveCfg = Release|Any CPU
		{DC797513-A999-437D-984A-12D0FADD8F54}.Release|Any CPU.Build.0 = Release|Any CPU
		{DC797513-A999-437D-984A-12D0FADD8F54}.Release|ARM.ActiveCfg = Release|Any CPU
		{DC797513-A999-437D-984A-12D0FADD8F54}.Release|ARM.Build.0 = Release|Any CPU
		{DC797513-A999-437D-984A-12D0FADD8F54}.Release|iPhone.ActiveCfg = Release|Any CPU
		{DC797513-A999-437D-984A-12D0FADD8F54}.Release|iPhone.Build.0 = Release|Any CPU
		{DC797513-A999-437D-984A-12D0FADD8F54}.Release|iPhoneSimulator.ActiveCfg = Release|Any CPU
		{DC797513-A999-437D-984A-12D0FADD8F54}.Release|iPhoneSimulator.Build.0 = Release|Any CPU
		{DC797513-A999-437D-984A-12D0FADD8F54}.Release|x64.ActiveCfg = Release|Any CPU
		{DC797513-A999-437D-984A-12D0FADD8F54}.Release|x64.Build.0 = Release|Any CPU
		{DC797513-A999-437D-984A-12D0FADD8F54}.Release|x86.ActiveCfg = Release|Any CPU
		{DC797513-A999-437D-984A-12D0FADD8F54}.Release|x86.Build.0 = Release|Any CPU
	EndGlobalSection
	GlobalSection(SolutionProperties) = preSolution
		HideSolutionNode = FALSE
	EndGlobalSection
EndGlobal
