
Microsoft Visual Studio Solution File, Format Version 12.00
# Visual Studio 15
VisualStudioVersion = 15.0.27004.2006
MinimumVisualStudioVersion = 10.0.40219.1
Project("{FAE04EC0-301F-11D3-BF4B-00C04F79EFBC}") = "Movies.Android", "Movies\Movies.Android\Movies.Android.csproj", "{53349198-9732-480C-B411-F35CB2AA8BDF}"
EndProject
Project("{FAE04EC0-301F-11D3-BF4B-00C04F79EFBC}") = "Movies", "Movies\Movies\Movies.csproj", "{C04BF5AE-13FA-494D-9D55-1A984EB1E206}"
EndProject
Project("{FAE04EC0-301F-11D3-BF4B-00C04F79EFBC}") = "Movies.UWP", "Movies\Movies.UWP\Movies.UWP.csproj", "{B609859C-AA43-47DB-8BDA-8A167584A82E}"
EndProject
Project("{FAE04EC0-301F-11D3-BF4B-00C04F79EFBC}") = "Movies.iOS", "Movies\Movies.iOS\Movies.iOS.csproj", "{238A078B-B91A-45CA-876D-1F1B440ECEAD}"
EndProject
Global
	GlobalSection(SolutionConfigurationPlatforms) = preSolution
		Ad-Hoc|Any CPU = Ad-Hoc|Any CPU
		Ad-Hoc|ARM = Ad-Hoc|ARM
		Ad-Hoc|iPhone = Ad-Hoc|iPhone
		Ad-Hoc|iPhoneSimulator = Ad-Hoc|iPhoneSimulator
		Ad-Hoc|x64 = Ad-Hoc|x64
		Ad-Hoc|x86 = Ad-Hoc|x86
		AppStore|Any CPU = AppStore|Any CPU
		AppStore|ARM = AppStore|ARM
		AppStore|iPhone = AppStore|iPhone
		AppStore|iPhoneSimulator = AppStore|iPhoneSimulator
		AppStore|x64 = AppStore|x64
		AppStore|x86 = AppStore|x86
		Debug|Any CPU = Debug|Any CPU
		Debug|ARM = Debug|ARM
		Debug|iPhone = Debug|iPhone
		Debug|iPhoneSimulator = Debug|iPhoneSimulator
		Debug|x64 = Debug|x64
		Debug|x86 = Debug|x86
		Release|Any CPU = Release|Any CPU
		Release|ARM = Release|ARM
		Release|iPhone = Release|iPhone
		Release|iPhoneSimulator = Release|iPhoneSimulator
		Release|x64 = Release|x64
		Release|x86 = Release|x86
	EndGlobalSection
	GlobalSection(ProjectConfigurationPlatforms) = postSolution
		{53349198-9732-480C-B411-F35CB2AA8BDF}.Ad-Hoc|Any CPU.ActiveCfg = Release|Any CPU
		{53349198-9732-480C-B411-F35CB2AA8BDF}.Ad-Hoc|Any CPU.Build.0 = Release|Any CPU
		{53349198-9732-480C-B411-F35CB2AA8BDF}.Ad-Hoc|Any CPU.Deploy.0 = Release|Any CPU
		{53349198-9732-480C-B411-F35CB2AA8BDF}.Ad-Hoc|ARM.ActiveCfg = Release|Any CPU
		{53349198-9732-480C-B411-F35CB2AA8BDF}.Ad-Hoc|ARM.Build.0 = Release|Any CPU
		{53349198-9732-480C-B411-F35CB2AA8BDF}.Ad-Hoc|ARM.Deploy.0 = Release|Any CPU
		{53349198-9732-480C-B411-F35CB2AA8BDF}.Ad-Hoc|iPhone.ActiveCfg = Release|Any CPU
		{53349198-9732-480C-B411-F35CB2AA8BDF}.Ad-Hoc|iPhone.Build.0 = Release|Any CPU
		{53349198-9732-480C-B411-F35CB2AA8BDF}.Ad-Hoc|iPhone.Deploy.0 = Release|Any CPU
		{53349198-9732-480C-B411-F35CB2AA8BDF}.Ad-Hoc|iPhoneSimulator.ActiveCfg = Release|Any CPU
		{53349198-9732-480C-B411-F35CB2AA8BDF}.Ad-Hoc|iPhoneSimulator.Build.0 = Release|Any CPU
		{53349198-9732-480C-B411-F35CB2AA8BDF}.Ad-Hoc|iPhoneSimulator.Deploy.0 = Release|Any CPU
		{53349198-9732-480C-B411-F35CB2AA8BDF}.Ad-Hoc|x64.ActiveCfg = Release|Any CPU
		{53349198-9732-480C-B411-F35CB2AA8BDF}.Ad-Hoc|x64.Build.0 = Release|Any CPU
		{53349198-9732-480C-B411-F35CB2AA8BDF}.Ad-Hoc|x64.Deploy.0 = Release|Any CPU
		{53349198-9732-480C-B411-F35CB2AA8BDF}.Ad-Hoc|x86.ActiveCfg = Release|Any CPU
		{53349198-9732-480C-B411-F35CB2AA8BDF}.Ad-Hoc|x86.Build.0 = Release|Any CPU
		{53349198-9732-480C-B411-F35CB2AA8BDF}.Ad-Hoc|x86.Deploy.0 = Release|Any CPU
		{53349198-9732-480C-B411-F35CB2AA8BDF}.AppStore|Any CPU.ActiveCfg = Release|Any CPU
		{53349198-9732-480C-B411-F35CB2AA8BDF}.AppStore|Any CPU.Build.0 = Release|Any CPU
		{53349198-9732-480C-B411-F35CB2AA8BDF}.AppStore|Any CPU.Deploy.0 = Release|Any CPU
		{53349198-9732-480C-B411-F35CB2AA8BDF}.AppStore|ARM.ActiveCfg = Release|Any CPU
		{53349198-9732-480C-B411-F35CB2AA8BDF}.AppStore|ARM.Build.0 = Release|Any CPU
		{53349198-9732-480C-B411-F35CB2AA8BDF}.AppStore|ARM.Deploy.0 = Release|Any CPU
		{53349198-9732-480C-B411-F35CB2AA8BDF}.AppStore|iPhone.ActiveCfg = Release|Any CPU
		{53349198-9732-480C-B411-F35CB2AA8BDF}.AppStore|iPhone.Build.0 = Release|Any CPU
		{53349198-9732-480C-B411-F35CB2AA8BDF}.AppStore|iPhone.Deploy.0 = Release|Any CPU
		{53349198-9732-480C-B411-F35CB2AA8BDF}.AppStore|iPhoneSimulator.ActiveCfg = Release|Any CPU
		{53349198-9732-480C-B411-F35CB2AA8BDF}.AppStore|iPhoneSimulator.Build.0 = Release|Any CPU
		{53349198-9732-480C-B411-F35CB2AA8BDF}.AppStore|iPhoneSimulator.Deploy.0 = Release|Any CPU
		{53349198-9732-480C-B411-F35CB2AA8BDF}.AppStore|x64.ActiveCfg = Release|Any CPU
		{53349198-9732-480C-B411-F35CB2AA8BDF}.AppStore|x64.Build.0 = Release|Any CPU
		{53349198-9732-480C-B411-F35CB2AA8BDF}.AppStore|x64.Deploy.0 = Release|Any CPU
		{53349198-9732-480C-B411-F35CB2AA8BDF}.AppStore|x86.ActiveCfg = Release|Any CPU
		{53349198-9732-480C-B411-F35CB2AA8BDF}.AppStore|x86.Build.0 = Release|Any CPU
		{53349198-9732-480C-B411-F35CB2AA8BDF}.AppStore|x86.Deploy.0 = Release|Any CPU
		{53349198-9732-480C-B411-F35CB2AA8BDF}.Debug|Any CPU.ActiveCfg = Debug|Any CPU
		{53349198-9732-480C-B411-F35CB2AA8BDF}.Debug|Any CPU.Build.0 = Debug|Any CPU
		{53349198-9732-480C-B411-F35CB2AA8BDF}.Debug|Any CPU.Deploy.0 = Debug|Any CPU
		{53349198-9732-480C-B411-F35CB2AA8BDF}.Debug|ARM.ActiveCfg = Debug|Any CPU
		{53349198-9732-480C-B411-F35CB2AA8BDF}.Debug|ARM.Build.0 = Debug|Any CPU
		{53349198-9732-480C-B411-F35CB2AA8BDF}.Debug|ARM.Deploy.0 = Debug|Any CPU
		{53349198-9732-480C-B411-F35CB2AA8BDF}.Debug|iPhone.ActiveCfg = Debug|Any CPU
		{53349198-9732-480C-B411-F35CB2AA8BDF}.Debug|iPhone.Build.0 = Debug|Any CPU
		{53349198-9732-480C-B411-F35CB2AA8BDF}.Debug|iPhone.Deploy.0 = Debug|Any CPU
		{53349198-9732-480C-B411-F35CB2AA8BDF}.Debug|iPhoneSimulator.ActiveCfg = Debug|Any CPU
		{53349198-9732-480C-B411-F35CB2AA8BDF}.Debug|iPhoneSimulator.Build.0 = Debug|Any CPU
		{53349198-9732-480C-B411-F35CB2AA8BDF}.Debug|iPhoneSimulator.Deploy.0 = Debug|Any CPU
		{53349198-9732-480C-B411-F35CB2AA8BDF}.Debug|x64.ActiveCfg = Debug|Any CPU
		{53349198-9732-480C-B411-F35CB2AA8BDF}.Debug|x64.Build.0 = Debug|Any CPU
		{53349198-9732-480C-B411-F35CB2AA8BDF}.Debug|x64.Deploy.0 = Debug|Any CPU
		{53349198-9732-480C-B411-F35CB2AA8BDF}.Debug|x86.ActiveCfg = Debug|Any CPU
		{53349198-9732-480C-B411-F35CB2AA8BDF}.Debug|x86.Build.0 = Debug|Any CPU
		{53349198-9732-480C-B411-F35CB2AA8BDF}.Debug|x86.Deploy.0 = Debug|Any CPU
		{53349198-9732-480C-B411-F35CB2AA8BDF}.Release|Any CPU.ActiveCfg = Release|Any CPU
		{53349198-9732-480C-B411-F35CB2AA8BDF}.Release|Any CPU.Build.0 = Release|Any CPU
		{53349198-9732-480C-B411-F35CB2AA8BDF}.Release|Any CPU.Deploy.0 = Release|Any CPU
		{53349198-9732-480C-B411-F35CB2AA8BDF}.Release|ARM.ActiveCfg = Release|Any CPU
		{53349198-9732-480C-B411-F35CB2AA8BDF}.Release|ARM.Build.0 = Release|Any CPU
		{53349198-9732-480C-B411-F35CB2AA8BDF}.Release|ARM.Deploy.0 = Release|Any CPU
		{53349198-9732-480C-B411-F35CB2AA8BDF}.Release|iPhone.ActiveCfg = Release|Any CPU
		{53349198-9732-480C-B411-F35CB2AA8BDF}.Release|iPhone.Build.0 = Release|Any CPU
		{53349198-9732-480C-B411-F35CB2AA8BDF}.Release|iPhone.Deploy.0 = Release|Any CPU
		{53349198-9732-480C-B411-F35CB2AA8BDF}.Release|iPhoneSimulator.ActiveCfg = Release|Any CPU
		{53349198-9732-480C-B411-F35CB2AA8BDF}.Release|iPhoneSimulator.Build.0 = Release|Any CPU
		{53349198-9732-480C-B411-F35CB2AA8BDF}.Release|iPhoneSimulator.Deploy.0 = Release|Any CPU
		{53349198-9732-480C-B411-F35CB2AA8BDF}.Release|x64.ActiveCfg = Release|Any CPU
		{53349198-9732-480C-B411-F35CB2AA8BDF}.Release|x64.Build.0 = Release|Any CPU
		{53349198-9732-480C-B411-F35CB2AA8BDF}.Release|x64.Deploy.0 = Release|Any CPU
		{53349198-9732-480C-B411-F35CB2AA8BDF}.Release|x86.ActiveCfg = Release|Any CPU
		{53349198-9732-480C-B411-F35CB2AA8BDF}.Release|x86.Build.0 = Release|Any CPU
		{53349198-9732-480C-B411-F35CB2AA8BDF}.Release|x86.Deploy.0 = Release|Any CPU
		{C04BF5AE-13FA-494D-9D55-1A984EB1E206}.Ad-Hoc|Any CPU.ActiveCfg = Release|Any CPU
		{C04BF5AE-13FA-494D-9D55-1A984EB1E206}.Ad-Hoc|Any CPU.Build.0 = Release|Any CPU
		{C04BF5AE-13FA-494D-9D55-1A984EB1E206}.Ad-Hoc|ARM.ActiveCfg = Release|Any CPU
		{C04BF5AE-13FA-494D-9D55-1A984EB1E206}.Ad-Hoc|ARM.Build.0 = Release|Any CPU
		{C04BF5AE-13FA-494D-9D55-1A984EB1E206}.Ad-Hoc|iPhone.ActiveCfg = Release|Any CPU
		{C04BF5AE-13FA-494D-9D55-1A984EB1E206}.Ad-Hoc|iPhone.Build.0 = Release|Any CPU
		{C04BF5AE-13FA-494D-9D55-1A984EB1E206}.Ad-Hoc|iPhoneSimulator.ActiveCfg = Release|Any CPU
		{C04BF5AE-13FA-494D-9D55-1A984EB1E206}.Ad-Hoc|iPhoneSimulator.Build.0 = Release|Any CPU
		{C04BF5AE-13FA-494D-9D55-1A984EB1E206}.Ad-Hoc|x64.ActiveCfg = Release|Any CPU
		{C04BF5AE-13FA-494D-9D55-1A984EB1E206}.Ad-Hoc|x64.Build.0 = Release|Any CPU
		{C04BF5AE-13FA-494D-9D55-1A984EB1E206}.Ad-Hoc|x86.ActiveCfg = Release|Any CPU
		{C04BF5AE-13FA-494D-9D55-1A984EB1E206}.Ad-Hoc|x86.Build.0 = Release|Any CPU
		{C04BF5AE-13FA-494D-9D55-1A984EB1E206}.AppStore|Any CPU.ActiveCfg = Release|Any CPU
		{C04BF5AE-13FA-494D-9D55-1A984EB1E206}.AppStore|Any CPU.Build.0 = Release|Any CPU
		{C04BF5AE-13FA-494D-9D55-1A984EB1E206}.AppStore|ARM.ActiveCfg = Release|Any CPU
		{C04BF5AE-13FA-494D-9D55-1A984EB1E206}.AppStore|ARM.Build.0 = Release|Any CPU
		{C04BF5AE-13FA-494D-9D55-1A984EB1E206}.AppStore|iPhone.ActiveCfg = Release|Any CPU
		{C04BF5AE-13FA-494D-9D55-1A984EB1E206}.AppStore|iPhone.Build.0 = Release|Any CPU
		{C04BF5AE-13FA-494D-9D55-1A984EB1E206}.AppStore|iPhoneSimulator.ActiveCfg = Release|Any CPU
		{C04BF5AE-13FA-494D-9D55-1A984EB1E206}.AppStore|iPhoneSimulator.Build.0 = Release|Any CPU
		{C04BF5AE-13FA-494D-9D55-1A984EB1E206}.AppStore|x64.ActiveCfg = Release|Any CPU
		{C04BF5AE-13FA-494D-9D55-1A984EB1E206}.AppStore|x64.Build.0 = Release|Any CPU
		{C04BF5AE-13FA-494D-9D55-1A984EB1E206}.AppStore|x86.ActiveCfg = Release|Any CPU
		{C04BF5AE-13FA-494D-9D55-1A984EB1E206}.AppStore|x86.Build.0 = Release|Any CPU
		{C04BF5AE-13FA-494D-9D55-1A984EB1E206}.Debug|Any CPU.ActiveCfg = Debug|Any CPU
		{C04BF5AE-13FA-494D-9D55-1A984EB1E206}.Debug|Any CPU.Build.0 = Debug|Any CPU
		{C04BF5AE-13FA-494D-9D55-1A984EB1E206}.Debug|ARM.ActiveCfg = Debug|Any CPU
		{C04BF5AE-13FA-494D-9D55-1A984EB1E206}.Debug|ARM.Build.0 = Debug|Any CPU
		{C04BF5AE-13FA-494D-9D55-1A984EB1E206}.Debug|iPhone.ActiveCfg = Debug|Any CPU
		{C04BF5AE-13FA-494D-9D55-1A984EB1E206}.Debug|iPhone.Build.0 = Debug|Any CPU
		{C04BF5AE-13FA-494D-9D55-1A984EB1E206}.Debug|iPhoneSimulator.ActiveCfg = Debug|Any CPU
		{C04BF5AE-13FA-494D-9D55-1A984EB1E206}.Debug|iPhoneSimulator.Build.0 = Debug|Any CPU
		{C04BF5AE-13FA-494D-9D55-1A984EB1E206}.Debug|x64.ActiveCfg = Debug|Any CPU
		{C04BF5AE-13FA-494D-9D55-1A984EB1E206}.Debug|x64.Build.0 = Debug|Any CPU
		{C04BF5AE-13FA-494D-9D55-1A984EB1E206}.Debug|x86.ActiveCfg = Debug|Any CPU
		{C04BF5AE-13FA-494D-9D55-1A984EB1E206}.Debug|x86.Build.0 = Debug|Any CPU
		{C04BF5AE-13FA-494D-9D55-1A984EB1E206}.Release|Any CPU.ActiveCfg = Release|Any CPU
		{C04BF5AE-13FA-494D-9D55-1A984EB1E206}.Release|Any CPU.Build.0 = Release|Any CPU
		{C04BF5AE-13FA-494D-9D55-1A984EB1E206}.Release|ARM.ActiveCfg = Release|Any CPU
		{C04BF5AE-13FA-494D-9D55-1A984EB1E206}.Release|ARM.Build.0 = Release|Any CPU
		{C04BF5AE-13FA-494D-9D55-1A984EB1E206}.Release|iPhone.ActiveCfg = Release|Any CPU
		{C04BF5AE-13FA-494D-9D55-1A984EB1E206}.Release|iPhone.Build.0 = Release|Any CPU
		{C04BF5AE-13FA-494D-9D55-1A984EB1E206}.Release|iPhoneSimulator.ActiveCfg = Release|Any CPU
		{C04BF5AE-13FA-494D-9D55-1A984EB1E206}.Release|iPhoneSimulator.Build.0 = Release|Any CPU
		{C04BF5AE-13FA-494D-9D55-1A984EB1E206}.Release|x64.ActiveCfg = Release|Any CPU
		{C04BF5AE-13FA-494D-9D55-1A984EB1E206}.Release|x64.Build.0 = Release|Any CPU
		{C04BF5AE-13FA-494D-9D55-1A984EB1E206}.Release|x86.ActiveCfg = Release|Any CPU
		{C04BF5AE-13FA-494D-9D55-1A984EB1E206}.Release|x86.Build.0 = Release|Any CPU
		{B609859C-AA43-47DB-8BDA-8A167584A82E}.Ad-Hoc|Any CPU.ActiveCfg = Release|x86
		{B609859C-AA43-47DB-8BDA-8A167584A82E}.Ad-Hoc|Any CPU.Build.0 = Release|x86
		{B609859C-AA43-47DB-8BDA-8A167584A82E}.Ad-Hoc|Any CPU.Deploy.0 = Release|x86
		{B609859C-AA43-47DB-8BDA-8A167584A82E}.Ad-Hoc|ARM.ActiveCfg = Release|ARM
		{B609859C-AA43-47DB-8BDA-8A167584A82E}.Ad-Hoc|ARM.Build.0 = Release|ARM
		{B609859C-AA43-47DB-8BDA-8A167584A82E}.Ad-Hoc|ARM.Deploy.0 = Release|ARM
		{B609859C-AA43-47DB-8BDA-8A167584A82E}.Ad-Hoc|iPhone.ActiveCfg = Release|x86
		{B609859C-AA43-47DB-8BDA-8A167584A82E}.Ad-Hoc|iPhone.Build.0 = Release|x86
		{B609859C-AA43-47DB-8BDA-8A167584A82E}.Ad-Hoc|iPhone.Deploy.0 = Release|x86
		{B609859C-AA43-47DB-8BDA-8A167584A82E}.Ad-Hoc|iPhoneSimulator.ActiveCfg = Release|x86
		{B609859C-AA43-47DB-8BDA-8A167584A82E}.Ad-Hoc|iPhoneSimulator.Build.0 = Release|x86
		{B609859C-AA43-47DB-8BDA-8A167584A82E}.Ad-Hoc|iPhoneSimulator.Deploy.0 = Release|x86
		{B609859C-AA43-47DB-8BDA-8A167584A82E}.Ad-Hoc|x64.ActiveCfg = Release|x64
		{B609859C-AA43-47DB-8BDA-8A167584A82E}.Ad-Hoc|x64.Build.0 = Release|x64
		{B609859C-AA43-47DB-8BDA-8A167584A82E}.Ad-Hoc|x64.Deploy.0 = Release|x64
		{B609859C-AA43-47DB-8BDA-8A167584A82E}.Ad-Hoc|x86.ActiveCfg = Release|x86
		{B609859C-AA43-47DB-8BDA-8A167584A82E}.Ad-Hoc|x86.Build.0 = Release|x86
		{B609859C-AA43-47DB-8BDA-8A167584A82E}.Ad-Hoc|x86.Deploy.0 = Release|x86
		{B609859C-AA43-47DB-8BDA-8A167584A82E}.AppStore|Any CPU.ActiveCfg = Release|x86
		{B609859C-AA43-47DB-8BDA-8A167584A82E}.AppStore|Any CPU.Build.0 = Release|x86
		{B609859C-AA43-47DB-8BDA-8A167584A82E}.AppStore|Any CPU.Deploy.0 = Release|x86
		{B609859C-AA43-47DB-8BDA-8A167584A82E}.AppStore|ARM.ActiveCfg = Release|ARM
		{B609859C-AA43-47DB-8BDA-8A167584A82E}.AppStore|ARM.Build.0 = Release|ARM
		{B609859C-AA43-47DB-8BDA-8A167584A82E}.AppStore|ARM.Deploy.0 = Release|ARM
		{B609859C-AA43-47DB-8BDA-8A167584A82E}.AppStore|iPhone.ActiveCfg = Release|x86
		{B609859C-AA43-47DB-8BDA-8A167584A82E}.AppStore|iPhone.Build.0 = Release|x86
		{B609859C-AA43-47DB-8BDA-8A167584A82E}.AppStore|iPhone.Deploy.0 = Release|x86
		{B609859C-AA43-47DB-8BDA-8A167584A82E}.AppStore|iPhoneSimulator.ActiveCfg = Release|x86
		{B609859C-AA43-47DB-8BDA-8A167584A82E}.AppStore|iPhoneSimulator.Build.0 = Release|x86
		{B609859C-AA43-47DB-8BDA-8A167584A82E}.AppStore|iPhoneSimulator.Deploy.0 = Release|x86
		{B609859C-AA43-47DB-8BDA-8A167584A82E}.AppStore|x64.ActiveCfg = Release|x64
		{B609859C-AA43-47DB-8BDA-8A167584A82E}.AppStore|x64.Build.0 = Release|x64
		{B609859C-AA43-47DB-8BDA-8A167584A82E}.AppStore|x64.Deploy.0 = Release|x64
		{B609859C-AA43-47DB-8BDA-8A167584A82E}.AppStore|x86.ActiveCfg = Release|x86
		{B609859C-AA43-47DB-8BDA-8A167584A82E}.AppStore|x86.Build.0 = Release|x86
		{B609859C-AA43-47DB-8BDA-8A167584A82E}.AppStore|x86.Deploy.0 = Release|x86
		{B609859C-AA43-47DB-8BDA-8A167584A82E}.Debug|Any CPU.ActiveCfg = Debug|x86
		{B609859C-AA43-47DB-8BDA-8A167584A82E}.Debug|Any CPU.Build.0 = Debug|x86
		{B609859C-AA43-47DB-8BDA-8A167584A82E}.Debug|Any CPU.Deploy.0 = Debug|x86
		{B609859C-AA43-47DB-8BDA-8A167584A82E}.Debug|ARM.ActiveCfg = Debug|ARM
		{B609859C-AA43-47DB-8BDA-8A167584A82E}.Debug|ARM.Build.0 = Debug|ARM
		{B609859C-AA43-47DB-8BDA-8A167584A82E}.Debug|ARM.Deploy.0 = Debug|ARM
		{B609859C-AA43-47DB-8BDA-8A167584A82E}.Debug|iPhone.ActiveCfg = Debug|x86
		{B609859C-AA43-47DB-8BDA-8A167584A82E}.Debug|iPhoneSimulator.ActiveCfg = Debug|x86
		{B609859C-AA43-47DB-8BDA-8A167584A82E}.Debug|x64.ActiveCfg = Debug|x64
		{B609859C-AA43-47DB-8BDA-8A167584A82E}.Debug|x64.Build.0 = Debug|x64
		{B609859C-AA43-47DB-8BDA-8A167584A82E}.Debug|x64.Deploy.0 = Debug|x64
		{B609859C-AA43-47DB-8BDA-8A167584A82E}.Debug|x86.ActiveCfg = Debug|x86
		{B609859C-AA43-47DB-8BDA-8A167584A82E}.Debug|x86.Build.0 = Debug|x86
		{B609859C-AA43-47DB-8BDA-8A167584A82E}.Debug|x86.Deploy.0 = Debug|x86
		{B609859C-AA43-47DB-8BDA-8A167584A82E}.Release|Any CPU.ActiveCfg = Release|x86
		{B609859C-AA43-47DB-8BDA-8A167584A82E}.Release|ARM.ActiveCfg = Release|ARM
		{B609859C-AA43-47DB-8BDA-8A167584A82E}.Release|ARM.Build.0 = Release|ARM
		{B609859C-AA43-47DB-8BDA-8A167584A82E}.Release|ARM.Deploy.0 = Release|ARM
		{B609859C-AA43-47DB-8BDA-8A167584A82E}.Release|iPhone.ActiveCfg = Release|x86
		{B609859C-AA43-47DB-8BDA-8A167584A82E}.Release|iPhoneSimulator.ActiveCfg = Release|x86
		{B609859C-AA43-47DB-8BDA-8A167584A82E}.Release|x64.ActiveCfg = Release|x64
		{B609859C-AA43-47DB-8BDA-8A167584A82E}.Release|x64.Build.0 = Release|x64
		{B609859C-AA43-47DB-8BDA-8A167584A82E}.Release|x64.Deploy.0 = Release|x64
		{B609859C-AA43-47DB-8BDA-8A167584A82E}.Release|x86.ActiveCfg = Release|x86
		{B609859C-AA43-47DB-8BDA-8A167584A82E}.Release|x86.Build.0 = Release|x86
		{B609859C-AA43-47DB-8BDA-8A167584A82E}.Release|x86.Deploy.0 = Release|x86
		{238A078B-B91A-45CA-876D-1F1B440ECEAD}.Ad-Hoc|Any CPU.ActiveCfg = Ad-Hoc|iPhoneSimulator
		{238A078B-B91A-45CA-876D-1F1B440ECEAD}.Ad-Hoc|ARM.ActiveCfg = Ad-Hoc|iPhone
		{238A078B-B91A-45CA-876D-1F1B440ECEAD}.Ad-Hoc|iPhone.ActiveCfg = Ad-Hoc|iPhone
		{238A078B-B91A-45CA-876D-1F1B440ECEAD}.Ad-Hoc|iPhone.Build.0 = Ad-Hoc|iPhone
		{238A078B-B91A-45CA-876D-1F1B440ECEAD}.Ad-Hoc|iPhoneSimulator.ActiveCfg = Ad-Hoc|iPhoneSimulator
		{238A078B-B91A-45CA-876D-1F1B440ECEAD}.Ad-Hoc|iPhoneSimulator.Build.0 = Ad-Hoc|iPhoneSimulator
		{238A078B-B91A-45CA-876D-1F1B440ECEAD}.Ad-Hoc|x64.ActiveCfg = Ad-Hoc|iPhone
		{238A078B-B91A-45CA-876D-1F1B440ECEAD}.Ad-Hoc|x86.ActiveCfg = Ad-Hoc|iPhone
		{238A078B-B91A-45CA-876D-1F1B440ECEAD}.AppStore|Any CPU.ActiveCfg = AppStore|iPhoneSimulator
		{238A078B-B91A-45CA-876D-1F1B440ECEAD}.AppStore|ARM.ActiveCfg = AppStore|iPhone
		{238A078B-B91A-45CA-876D-1F1B440ECEAD}.AppStore|iPhone.ActiveCfg = AppStore|iPhone
		{238A078B-B91A-45CA-876D-1F1B440ECEAD}.AppStore|iPhone.Build.0 = AppStore|iPhone
		{238A078B-B91A-45CA-876D-1F1B440ECEAD}.AppStore|iPhoneSimulator.ActiveCfg = AppStore|iPhoneSimulator
		{238A078B-B91A-45CA-876D-1F1B440ECEAD}.AppStore|iPhoneSimulator.Build.0 = AppStore|iPhoneSimulator
		{238A078B-B91A-45CA-876D-1F1B440ECEAD}.AppStore|x64.ActiveCfg = AppStore|iPhone
		{238A078B-B91A-45CA-876D-1F1B440ECEAD}.AppStore|x86.ActiveCfg = AppStore|iPhone
		{238A078B-B91A-45CA-876D-1F1B440ECEAD}.Debug|Any CPU.ActiveCfg = Debug|iPhoneSimulator
		{238A078B-B91A-45CA-876D-1F1B440ECEAD}.Debug|Any CPU.Build.0 = Debug|iPhoneSimulator
		{238A078B-B91A-45CA-876D-1F1B440ECEAD}.Debug|ARM.ActiveCfg = Debug|iPhone
		{238A078B-B91A-45CA-876D-1F1B440ECEAD}.Debug|iPhone.ActiveCfg = Debug|iPhone
		{238A078B-B91A-45CA-876D-1F1B440ECEAD}.Debug|iPhone.Build.0 = Debug|iPhone
		{238A078B-B91A-45CA-876D-1F1B440ECEAD}.Debug|iPhoneSimulator.ActiveCfg = Debug|iPhoneSimulator
		{238A078B-B91A-45CA-876D-1F1B440ECEAD}.Debug|iPhoneSimulator.Build.0 = Debug|iPhoneSimulator
		{238A078B-B91A-45CA-876D-1F1B440ECEAD}.Debug|x64.ActiveCfg = Debug|iPhone
		{238A078B-B91A-45CA-876D-1F1B440ECEAD}.Debug|x86.ActiveCfg = Debug|iPhone
		{238A078B-B91A-45CA-876D-1F1B440ECEAD}.Release|Any CPU.ActiveCfg = Release|iPhoneSimulator
		{238A078B-B91A-45CA-876D-1F1B440ECEAD}.Release|ARM.ActiveCfg = Release|iPhone
		{238A078B-B91A-45CA-876D-1F1B440ECEAD}.Release|iPhone.ActiveCfg = Release|iPhone
		{238A078B-B91A-45CA-876D-1F1B440ECEAD}.Release|iPhone.Build.0 = Release|iPhone
		{238A078B-B91A-45CA-876D-1F1B440ECEAD}.Release|iPhoneSimulator.ActiveCfg = Release|iPhoneSimulator
		{238A078B-B91A-45CA-876D-1F1B440ECEAD}.Release|iPhoneSimulator.Build.0 = Release|iPhoneSimulator
		{238A078B-B91A-45CA-876D-1F1B440ECEAD}.Release|x64.ActiveCfg = Release|iPhone
		{238A078B-B91A-45CA-876D-1F1B440ECEAD}.Release|x86.ActiveCfg = Release|iPhone
	EndGlobalSection
	GlobalSection(SolutionProperties) = preSolution
		HideSolutionNode = FALSE
	EndGlobalSection
	GlobalSection(ExtensibilityGlobals) = postSolution
		SolutionGuid = {8E17CDF7-DCC9-49AB-BB99-63DB4CA64AC5}
	EndGlobalSection
EndGlobal
