
Microsoft Visual Studio Solution File, Format Version 12.00
# Visual Studio 2013
VisualStudioVersion = 12.0.30324.0
MinimumVisualStudioVersion = 10.0.40219.1
Project("{2150E333-8FDC-42A3-9474-1A3956D46DE8}") = "UniversalApp01", "UniversalApp01", "{AABD431A-CE17-4969-920F-167BC134EF3C}"
EndProject
Project("{D954291E-2A0B-460D-934E-DC6B0785DB48}") = "UniversalApp01.Shared", "UniversalApp01\UniversalApp01.Shared\UniversalApp01.Shared.shproj", "{9CDF71DF-8295-4481-B158-F6E90467F171}"
EndProject
Project("{FAE04EC0-301F-11D3-BF4B-00C04F79EFBC}") = "UniversalApp01.Windows", "UniversalApp01\UniversalApp01.Windows\UniversalApp01.Windows.csproj", "{2898C938-B3CE-47C1-B91D-8E0FC4B8CDB7}"
EndProject
Project("{FAE04EC0-301F-11D3-BF4B-00C04F79EFBC}") = "UniversalApp01.WindowsPhone", "UniversalApp01\UniversalApp01.WindowsPhone\UniversalApp01.WindowsPhone.csproj", "{A3CBD1F2-23F6-4A21-918F-A4028C8B9D34}"
EndProject
Global
	GlobalSection(SharedMSBuildProjectFiles) = preSolution
		UniversalApp01\UniversalApp01.Shared\UniversalApp01.Shared.projitems*{9cdf71df-8295-4481-b158-f6e90467f171}*SharedItemsImports = 13
		UniversalApp01\UniversalApp01.Shared\UniversalApp01.Shared.projitems*{2898c938-b3ce-47c1-b91d-8e0fc4b8cdb7}*SharedItemsImports = 4
		UniversalApp01\UniversalApp01.Shared\UniversalApp01.Shared.projitems*{a3cbd1f2-23f6-4a21-918f-a4028c8b9d34}*SharedItemsImports = 4
	EndGlobalSection
	GlobalSection(SolutionConfigurationPlatforms) = preSolution
		Debug|Any CPU = Debug|Any CPU
		Debug|ARM = Debug|ARM
		Debug|x64 = Debug|x64
		Debug|x86 = Debug|x86
		Release|Any CPU = Release|Any CPU
		Release|ARM = Release|ARM
		Release|x64 = Release|x64
		Release|x86 = Release|x86
	EndGlobalSection
	GlobalSection(ProjectConfigurationPlatforms) = postSolution
		{2898C938-B3CE-47C1-B91D-8E0FC4B8CDB7}.Debug|Any CPU.ActiveCfg = Debug|Any CPU
		{2898C938-B3CE-47C1-B91D-8E0FC4B8CDB7}.Debug|Any CPU.Build.0 = Debug|Any CPU
		{2898C938-B3CE-47C1-B91D-8E0FC4B8CDB7}.Debug|Any CPU.Deploy.0 = Debug|Any CPU
		{2898C938-B3CE-47C1-B91D-8E0FC4B8CDB7}.Debug|ARM.ActiveCfg = Debug|ARM
		{2898C938-B3CE-47C1-B91D-8E0FC4B8CDB7}.Debug|ARM.Build.0 = Debug|ARM
		{2898C938-B3CE-47C1-B91D-8E0FC4B8CDB7}.Debug|ARM.Deploy.0 = Debug|ARM
		{2898C938-B3CE-47C1-B91D-8E0FC4B8CDB7}.Debug|x64.ActiveCfg = Debug|x64
		{2898C938-B3CE-47C1-B91D-8E0FC4B8CDB7}.Debug|x64.Build.0 = Debug|x64
		{2898C938-B3CE-47C1-B91D-8E0FC4B8CDB7}.Debug|x64.Deploy.0 = Debug|x64
		{2898C938-B3CE-47C1-B91D-8E0FC4B8CDB7}.Debug|x86.ActiveCfg = Debug|x86
		{2898C938-B3CE-47C1-B91D-8E0FC4B8CDB7}.Debug|x86.Build.0 = Debug|x86
		{2898C938-B3CE-47C1-B91D-8E0FC4B8CDB7}.Debug|x86.Deploy.0 = Debug|x86
		{2898C938-B3CE-47C1-B91D-8E0FC4B8CDB7}.Release|Any CPU.ActiveCfg = Release|Any CPU
		{2898C938-B3CE-47C1-B91D-8E0FC4B8CDB7}.Release|Any CPU.Build.0 = Release|Any CPU
		{2898C938-B3CE-47C1-B91D-8E0FC4B8CDB7}.Release|Any CPU.Deploy.0 = Release|Any CPU
		{2898C938-B3CE-47C1-B91D-8E0FC4B8CDB7}.Release|ARM.ActiveCfg = Release|ARM
		{2898C938-B3CE-47C1-B91D-8E0FC4B8CDB7}.Release|ARM.Build.0 = Release|ARM
		{2898C938-B3CE-47C1-B91D-8E0FC4B8CDB7}.Release|ARM.Deploy.0 = Release|ARM
		{2898C938-B3CE-47C1-B91D-8E0FC4B8CDB7}.Release|x64.ActiveCfg = Release|x64
		{2898C938-B3CE-47C1-B91D-8E0FC4B8CDB7}.Release|x64.Build.0 = Release|x64
		{2898C938-B3CE-47C1-B91D-8E0FC4B8CDB7}.Release|x64.Deploy.0 = Release|x64
		{2898C938-B3CE-47C1-B91D-8E0FC4B8CDB7}.Release|x86.ActiveCfg = Release|x86
		{2898C938-B3CE-47C1-B91D-8E0FC4B8CDB7}.Release|x86.Build.0 = Release|x86
		{2898C938-B3CE-47C1-B91D-8E0FC4B8CDB7}.Release|x86.Deploy.0 = Release|x86
		{A3CBD1F2-23F6-4A21-918F-A4028C8B9D34}.Debug|Any CPU.ActiveCfg = Debug|Any CPU
		{A3CBD1F2-23F6-4A21-918F-A4028C8B9D34}.Debug|Any CPU.Build.0 = Debug|Any CPU
		{A3CBD1F2-23F6-4A21-918F-A4028C8B9D34}.Debug|Any CPU.Deploy.0 = Debug|Any CPU
		{A3CBD1F2-23F6-4A21-918F-A4028C8B9D34}.Debug|ARM.ActiveCfg = Debug|ARM
		{A3CBD1F2-23F6-4A21-918F-A4028C8B9D34}.Debug|ARM.Build.0 = Debug|ARM
		{A3CBD1F2-23F6-4A21-918F-A4028C8B9D34}.Debug|ARM.Deploy.0 = Debug|ARM
		{A3CBD1F2-23F6-4A21-918F-A4028C8B9D34}.Debug|x64.ActiveCfg = Debug|Any CPU
		{A3CBD1F2-23F6-4A21-918F-A4028C8B9D34}.Debug|x86.ActiveCfg = Debug|x86
		{A3CBD1F2-23F6-4A21-918F-A4028C8B9D34}.Debug|x86.Build.0 = Debug|x86
		{A3CBD1F2-23F6-4A21-918F-A4028C8B9D34}.Debug|x86.Deploy.0 = Debug|x86
		{A3CBD1F2-23F6-4A21-918F-A4028C8B9D34}.Release|Any CPU.ActiveCfg = Release|Any CPU
		{A3CBD1F2-23F6-4A21-918F-A4028C8B9D34}.Release|Any CPU.Build.0 = Release|Any CPU
		{A3CBD1F2-23F6-4A21-918F-A4028C8B9D34}.Release|Any CPU.Deploy.0 = Release|Any CPU
		{A3CBD1F2-23F6-4A21-918F-A4028C8B9D34}.Release|ARM.ActiveCfg = Release|ARM
		{A3CBD1F2-23F6-4A21-918F-A4028C8B9D34}.Release|ARM.Build.0 = Release|ARM
		{A3CBD1F2-23F6-4A21-918F-A4028C8B9D34}.Release|ARM.Deploy.0 = Release|ARM
		{A3CBD1F2-23F6-4A21-918F-A4028C8B9D34}.Release|x64.ActiveCfg = Release|Any CPU
		{A3CBD1F2-23F6-4A21-918F-A4028C8B9D34}.Release|x86.ActiveCfg = Release|x86
		{A3CBD1F2-23F6-4A21-918F-A4028C8B9D34}.Release|x86.Build.0 = Release|x86
		{A3CBD1F2-23F6-4A21-918F-A4028C8B9D34}.Release|x86.Deploy.0 = Release|x86
	EndGlobalSection
	GlobalSection(SolutionProperties) = preSolution
		HideSolutionNode = FALSE
	EndGlobalSection
	GlobalSection(NestedProjects) = preSolution
		{9CDF71DF-8295-4481-B158-F6E90467F171} = {AABD431A-CE17-4969-920F-167BC134EF3C}
		{2898C938-B3CE-47C1-B91D-8E0FC4B8CDB7} = {AABD431A-CE17-4969-920F-167BC134EF3C}
		{A3CBD1F2-23F6-4A21-918F-A4028C8B9D34} = {AABD431A-CE17-4969-920F-167BC134EF3C}
	EndGlobalSection
EndGlobal
