
Microsoft Visual Studio Solution File, Format Version 12.00
# Visual Studio 2013
VisualStudioVersion = 12.0.30723.0
MinimumVisualStudioVersion = 10.0.40219.1
Project("{FAE04EC0-301F-11D3-BF4B-00C04F79EFBC}") = "MVVMCross.Navigation", "MVVMCross.Navigation\MVVMCross.Navigation.csproj", "{82AF169E-DC63-4E0B-BEC5-3DAE9437471A}"
EndProject
Project("{2150E333-8FDC-42A3-9474-1A3956D46DE8}") = "MVVMCross.Navigation.Windows", "MVVMCross.Navigation.Windows", "{E65E2568-CF43-4C93-B1F9-62C7F37F0304}"
EndProject
Project("{D954291E-2A0B-460D-934E-DC6B0785DB48}") = "MVVMCross.Navigation.Windows.Shared", "MVVMCross.Navigation.Windows\MVVMCross.Navigation.Windows.Shared\MVVMCross.Navigation.Windows.Shared.shproj", "{E0EC6DF7-92DF-47C2-825D-0E3D522D70C2}"
EndProject
Project("{FAE04EC0-301F-11D3-BF4B-00C04F79EFBC}") = "MVVMCross.Navigation.Windows.Windows", "MVVMCross.Navigation.Windows\MVVMCross.Navigation.Windows.Windows\MVVMCross.Navigation.Windows.Windows.csproj", "{B9046E3F-EA54-4C43-86BB-AE6D9D8E3D3D}"
EndProject
Project("{FAE04EC0-301F-11D3-BF4B-00C04F79EFBC}") = "MVVMCross.Navigation.Windows.WindowsPhone", "MVVMCross.Navigation.Windows\MVVMCross.Navigation.Windows.WindowsPhone\MVVMCross.Navigation.Windows.WindowsPhone.csproj", "{70DE007E-4FCA-4618-A037-E0392353F3E3}"
EndProject
Project("{FAE04EC0-301F-11D3-BF4B-00C04F79EFBC}") = "MVVMCross.Navigation.Android", "MVVMCross.Navigation.Android\MVVMCross.Navigation.Android.csproj", "{C7C9CFD1-3CFC-4C53-B482-F5A54F2158AF}"
EndProject
Project("{FAE04EC0-301F-11D3-BF4B-00C04F79EFBC}") = "MVVMCross.Navigation.Iphone", "MVVMCross.Navigation.Iphone\MVVMCross.Navigation.Iphone.csproj", "{EBD91478-792A-4E6E-9702-2E6D7CBE9F32}"
EndProject
Global
	GlobalSection(SharedMSBuildProjectFiles) = preSolution
		MVVMCross.Navigation.Windows\MVVMCross.Navigation.Windows.Shared\MVVMCross.Navigation.Windows.Shared.projitems*{70de007e-4fca-4618-a037-e0392353f3e3}*SharedItemsImports = 4
		MVVMCross.Navigation.Windows\MVVMCross.Navigation.Windows.Shared\MVVMCross.Navigation.Windows.Shared.projitems*{b9046e3f-ea54-4c43-86bb-ae6d9d8e3d3d}*SharedItemsImports = 4
		MVVMCross.Navigation.Windows\MVVMCross.Navigation.Windows.Shared\MVVMCross.Navigation.Windows.Shared.projitems*{e0ec6df7-92df-47c2-825d-0e3d522d70c2}*SharedItemsImports = 13
	EndGlobalSection
	GlobalSection(SolutionConfigurationPlatforms) = preSolution
		Ad-Hoc|Any CPU = Ad-Hoc|Any CPU
		Ad-Hoc|ARM = Ad-Hoc|ARM
		Ad-Hoc|iPhone = Ad-Hoc|iPhone
		Ad-Hoc|iPhoneSimulator = Ad-Hoc|iPhoneSimulator
		Ad-Hoc|Mixed Platforms = Ad-Hoc|Mixed Platforms
		Ad-Hoc|x64 = Ad-Hoc|x64
		Ad-Hoc|x86 = Ad-Hoc|x86
		AppStore|Any CPU = AppStore|Any CPU
		AppStore|ARM = AppStore|ARM
		AppStore|iPhone = AppStore|iPhone
		AppStore|iPhoneSimulator = AppStore|iPhoneSimulator
		AppStore|Mixed Platforms = AppStore|Mixed Platforms
		AppStore|x64 = AppStore|x64
		AppStore|x86 = AppStore|x86
		Debug|Any CPU = Debug|Any CPU
		Debug|ARM = Debug|ARM
		Debug|iPhone = Debug|iPhone
		Debug|iPhoneSimulator = Debug|iPhoneSimulator
		Debug|Mixed Platforms = Debug|Mixed Platforms
		Debug|x64 = Debug|x64
		Debug|x86 = Debug|x86
		Release|Any CPU = Release|Any CPU
		Release|ARM = Release|ARM
		Release|iPhone = Release|iPhone
		Release|iPhoneSimulator = Release|iPhoneSimulator
		Release|Mixed Platforms = Release|Mixed Platforms
		Release|x64 = Release|x64
		Release|x86 = Release|x86
	EndGlobalSection
	GlobalSection(ProjectConfigurationPlatforms) = postSolution
		{82AF169E-DC63-4E0B-BEC5-3DAE9437471A}.Ad-Hoc|Any CPU.ActiveCfg = Release|Any CPU
		{82AF169E-DC63-4E0B-BEC5-3DAE9437471A}.Ad-Hoc|Any CPU.Build.0 = Release|Any CPU
		{82AF169E-DC63-4E0B-BEC5-3DAE9437471A}.Ad-Hoc|ARM.ActiveCfg = Release|Any CPU
		{82AF169E-DC63-4E0B-BEC5-3DAE9437471A}.Ad-Hoc|iPhone.ActiveCfg = Release|Any CPU
		{82AF169E-DC63-4E0B-BEC5-3DAE9437471A}.Ad-Hoc|iPhoneSimulator.ActiveCfg = Release|Any CPU
		{82AF169E-DC63-4E0B-BEC5-3DAE9437471A}.Ad-Hoc|Mixed Platforms.ActiveCfg = Release|Any CPU
		{82AF169E-DC63-4E0B-BEC5-3DAE9437471A}.Ad-Hoc|Mixed Platforms.Build.0 = Release|Any CPU
		{82AF169E-DC63-4E0B-BEC5-3DAE9437471A}.Ad-Hoc|x64.ActiveCfg = Release|Any CPU
		{82AF169E-DC63-4E0B-BEC5-3DAE9437471A}.Ad-Hoc|x86.ActiveCfg = Release|Any CPU
		{82AF169E-DC63-4E0B-BEC5-3DAE9437471A}.AppStore|Any CPU.ActiveCfg = Release|Any CPU
		{82AF169E-DC63-4E0B-BEC5-3DAE9437471A}.AppStore|Any CPU.Build.0 = Release|Any CPU
		{82AF169E-DC63-4E0B-BEC5-3DAE9437471A}.AppStore|ARM.ActiveCfg = Release|Any CPU
		{82AF169E-DC63-4E0B-BEC5-3DAE9437471A}.AppStore|iPhone.ActiveCfg = Release|Any CPU
		{82AF169E-DC63-4E0B-BEC5-3DAE9437471A}.AppStore|iPhoneSimulator.ActiveCfg = Release|Any CPU
		{82AF169E-DC63-4E0B-BEC5-3DAE9437471A}.AppStore|Mixed Platforms.ActiveCfg = Release|Any CPU
		{82AF169E-DC63-4E0B-BEC5-3DAE9437471A}.AppStore|Mixed Platforms.Build.0 = Release|Any CPU
		{82AF169E-DC63-4E0B-BEC5-3DAE9437471A}.AppStore|x64.ActiveCfg = Release|Any CPU
		{82AF169E-DC63-4E0B-BEC5-3DAE9437471A}.AppStore|x86.ActiveCfg = Release|Any CPU
		{82AF169E-DC63-4E0B-BEC5-3DAE9437471A}.Debug|Any CPU.ActiveCfg = Debug|Any CPU
		{82AF169E-DC63-4E0B-BEC5-3DAE9437471A}.Debug|Any CPU.Build.0 = Debug|Any CPU
		{82AF169E-DC63-4E0B-BEC5-3DAE9437471A}.Debug|ARM.ActiveCfg = Debug|Any CPU
		{82AF169E-DC63-4E0B-BEC5-3DAE9437471A}.Debug|iPhone.ActiveCfg = Debug|Any CPU
		{82AF169E-DC63-4E0B-BEC5-3DAE9437471A}.Debug|iPhoneSimulator.ActiveCfg = Debug|Any CPU
		{82AF169E-DC63-4E0B-BEC5-3DAE9437471A}.Debug|Mixed Platforms.ActiveCfg = Debug|Any CPU
		{82AF169E-DC63-4E0B-BEC5-3DAE9437471A}.Debug|Mixed Platforms.Build.0 = Debug|Any CPU
		{82AF169E-DC63-4E0B-BEC5-3DAE9437471A}.Debug|x64.ActiveCfg = Debug|Any CPU
		{82AF169E-DC63-4E0B-BEC5-3DAE9437471A}.Debug|x86.ActiveCfg = Debug|Any CPU
		{82AF169E-DC63-4E0B-BEC5-3DAE9437471A}.Release|Any CPU.ActiveCfg = Release|Any CPU
		{82AF169E-DC63-4E0B-BEC5-3DAE9437471A}.Release|Any CPU.Build.0 = Release|Any CPU
		{82AF169E-DC63-4E0B-BEC5-3DAE9437471A}.Release|ARM.ActiveCfg = Release|Any CPU
		{82AF169E-DC63-4E0B-BEC5-3DAE9437471A}.Release|iPhone.ActiveCfg = Release|Any CPU
		{82AF169E-DC63-4E0B-BEC5-3DAE9437471A}.Release|iPhoneSimulator.ActiveCfg = Release|Any CPU
		{82AF169E-DC63-4E0B-BEC5-3DAE9437471A}.Release|Mixed Platforms.ActiveCfg = Release|Any CPU
		{82AF169E-DC63-4E0B-BEC5-3DAE9437471A}.Release|Mixed Platforms.Build.0 = Release|Any CPU
		{82AF169E-DC63-4E0B-BEC5-3DAE9437471A}.Release|x64.ActiveCfg = Release|Any CPU
		{82AF169E-DC63-4E0B-BEC5-3DAE9437471A}.Release|x86.ActiveCfg = Release|Any CPU
		{B9046E3F-EA54-4C43-86BB-AE6D9D8E3D3D}.Ad-Hoc|Any CPU.ActiveCfg = Release|Any CPU
		{B9046E3F-EA54-4C43-86BB-AE6D9D8E3D3D}.Ad-Hoc|Any CPU.Build.0 = Release|Any CPU
		{B9046E3F-EA54-4C43-86BB-AE6D9D8E3D3D}.Ad-Hoc|Any CPU.Deploy.0 = Release|Any CPU
		{B9046E3F-EA54-4C43-86BB-AE6D9D8E3D3D}.Ad-Hoc|ARM.ActiveCfg = Release|ARM
		{B9046E3F-EA54-4C43-86BB-AE6D9D8E3D3D}.Ad-Hoc|ARM.Build.0 = Release|ARM
		{B9046E3F-EA54-4C43-86BB-AE6D9D8E3D3D}.Ad-Hoc|ARM.Deploy.0 = Release|ARM
		{B9046E3F-EA54-4C43-86BB-AE6D9D8E3D3D}.Ad-Hoc|iPhone.ActiveCfg = Release|Any CPU
		{B9046E3F-EA54-4C43-86BB-AE6D9D8E3D3D}.Ad-Hoc|iPhoneSimulator.ActiveCfg = Release|Any CPU
		{B9046E3F-EA54-4C43-86BB-AE6D9D8E3D3D}.Ad-Hoc|Mixed Platforms.ActiveCfg = Release|x86
		{B9046E3F-EA54-4C43-86BB-AE6D9D8E3D3D}.Ad-Hoc|Mixed Platforms.Build.0 = Release|x86
		{B9046E3F-EA54-4C43-86BB-AE6D9D8E3D3D}.Ad-Hoc|Mixed Platforms.Deploy.0 = Release|x86
		{B9046E3F-EA54-4C43-86BB-AE6D9D8E3D3D}.Ad-Hoc|x64.ActiveCfg = Release|x64
		{B9046E3F-EA54-4C43-86BB-AE6D9D8E3D3D}.Ad-Hoc|x64.Build.0 = Release|x64
		{B9046E3F-EA54-4C43-86BB-AE6D9D8E3D3D}.Ad-Hoc|x64.Deploy.0 = Release|x64
		{B9046E3F-EA54-4C43-86BB-AE6D9D8E3D3D}.Ad-Hoc|x86.ActiveCfg = Release|x86
		{B9046E3F-EA54-4C43-86BB-AE6D9D8E3D3D}.Ad-Hoc|x86.Build.0 = Release|x86
		{B9046E3F-EA54-4C43-86BB-AE6D9D8E3D3D}.Ad-Hoc|x86.Deploy.0 = Release|x86
		{B9046E3F-EA54-4C43-86BB-AE6D9D8E3D3D}.AppStore|Any CPU.ActiveCfg = Release|Any CPU
		{B9046E3F-EA54-4C43-86BB-AE6D9D8E3D3D}.AppStore|Any CPU.Build.0 = Release|Any CPU
		{B9046E3F-EA54-4C43-86BB-AE6D9D8E3D3D}.AppStore|Any CPU.Deploy.0 = Release|Any CPU
		{B9046E3F-EA54-4C43-86BB-AE6D9D8E3D3D}.AppStore|ARM.ActiveCfg = Release|ARM
		{B9046E3F-EA54-4C43-86BB-AE6D9D8E3D3D}.AppStore|ARM.Build.0 = Release|ARM
		{B9046E3F-EA54-4C43-86BB-AE6D9D8E3D3D}.AppStore|ARM.Deploy.0 = Release|ARM
		{B9046E3F-EA54-4C43-86BB-AE6D9D8E3D3D}.AppStore|iPhone.ActiveCfg = Release|Any CPU
		{B9046E3F-EA54-4C43-86BB-AE6D9D8E3D3D}.AppStore|iPhoneSimulator.ActiveCfg = Release|Any CPU
		{B9046E3F-EA54-4C43-86BB-AE6D9D8E3D3D}.AppStore|Mixed Platforms.ActiveCfg = Release|x86
		{B9046E3F-EA54-4C43-86BB-AE6D9D8E3D3D}.AppStore|Mixed Platforms.Build.0 = Release|x86
		{B9046E3F-EA54-4C43-86BB-AE6D9D8E3D3D}.AppStore|Mixed Platforms.Deploy.0 = Release|x86
		{B9046E3F-EA54-4C43-86BB-AE6D9D8E3D3D}.AppStore|x64.ActiveCfg = Release|x64
		{B9046E3F-EA54-4C43-86BB-AE6D9D8E3D3D}.AppStore|x64.Build.0 = Release|x64
		{B9046E3F-EA54-4C43-86BB-AE6D9D8E3D3D}.AppStore|x64.Deploy.0 = Release|x64
		{B9046E3F-EA54-4C43-86BB-AE6D9D8E3D3D}.AppStore|x86.ActiveCfg = Release|x86
		{B9046E3F-EA54-4C43-86BB-AE6D9D8E3D3D}.AppStore|x86.Build.0 = Release|x86
		{B9046E3F-EA54-4C43-86BB-AE6D9D8E3D3D}.AppStore|x86.Deploy.0 = Release|x86
		{B9046E3F-EA54-4C43-86BB-AE6D9D8E3D3D}.Debug|Any CPU.ActiveCfg = Debug|Any CPU
		{B9046E3F-EA54-4C43-86BB-AE6D9D8E3D3D}.Debug|Any CPU.Build.0 = Debug|Any CPU
		{B9046E3F-EA54-4C43-86BB-AE6D9D8E3D3D}.Debug|Any CPU.Deploy.0 = Debug|Any CPU
		{B9046E3F-EA54-4C43-86BB-AE6D9D8E3D3D}.Debug|ARM.ActiveCfg = Debug|ARM
		{B9046E3F-EA54-4C43-86BB-AE6D9D8E3D3D}.Debug|ARM.Build.0 = Debug|ARM
		{B9046E3F-EA54-4C43-86BB-AE6D9D8E3D3D}.Debug|ARM.Deploy.0 = Debug|ARM
		{B9046E3F-EA54-4C43-86BB-AE6D9D8E3D3D}.Debug|iPhone.ActiveCfg = Debug|Any CPU
		{B9046E3F-EA54-4C43-86BB-AE6D9D8E3D3D}.Debug|iPhoneSimulator.ActiveCfg = Debug|Any CPU
		{B9046E3F-EA54-4C43-86BB-AE6D9D8E3D3D}.Debug|Mixed Platforms.ActiveCfg = Debug|x86
		{B9046E3F-EA54-4C43-86BB-AE6D9D8E3D3D}.Debug|Mixed Platforms.Build.0 = Debug|x86
		{B9046E3F-EA54-4C43-86BB-AE6D9D8E3D3D}.Debug|Mixed Platforms.Deploy.0 = Debug|x86
		{B9046E3F-EA54-4C43-86BB-AE6D9D8E3D3D}.Debug|x64.ActiveCfg = Debug|x64
		{B9046E3F-EA54-4C43-86BB-AE6D9D8E3D3D}.Debug|x64.Build.0 = Debug|x64
		{B9046E3F-EA54-4C43-86BB-AE6D9D8E3D3D}.Debug|x64.Deploy.0 = Debug|x64
		{B9046E3F-EA54-4C43-86BB-AE6D9D8E3D3D}.Debug|x86.ActiveCfg = Debug|x86
		{B9046E3F-EA54-4C43-86BB-AE6D9D8E3D3D}.Debug|x86.Build.0 = Debug|x86
		{B9046E3F-EA54-4C43-86BB-AE6D9D8E3D3D}.Debug|x86.Deploy.0 = Debug|x86
		{B9046E3F-EA54-4C43-86BB-AE6D9D8E3D3D}.Release|Any CPU.ActiveCfg = Release|Any CPU
		{B9046E3F-EA54-4C43-86BB-AE6D9D8E3D3D}.Release|Any CPU.Build.0 = Release|Any CPU
		{B9046E3F-EA54-4C43-86BB-AE6D9D8E3D3D}.Release|Any CPU.Deploy.0 = Release|Any CPU
		{B9046E3F-EA54-4C43-86BB-AE6D9D8E3D3D}.Release|ARM.ActiveCfg = Release|ARM
		{B9046E3F-EA54-4C43-86BB-AE6D9D8E3D3D}.Release|ARM.Build.0 = Release|ARM
		{B9046E3F-EA54-4C43-86BB-AE6D9D8E3D3D}.Release|ARM.Deploy.0 = Release|ARM
		{B9046E3F-EA54-4C43-86BB-AE6D9D8E3D3D}.Release|iPhone.ActiveCfg = Release|Any CPU
		{B9046E3F-EA54-4C43-86BB-AE6D9D8E3D3D}.Release|iPhoneSimulator.ActiveCfg = Release|Any CPU
		{B9046E3F-EA54-4C43-86BB-AE6D9D8E3D3D}.Release|Mixed Platforms.ActiveCfg = Release|x86
		{B9046E3F-EA54-4C43-86BB-AE6D9D8E3D3D}.Release|Mixed Platforms.Build.0 = Release|x86
		{B9046E3F-EA54-4C43-86BB-AE6D9D8E3D3D}.Release|Mixed Platforms.Deploy.0 = Release|x86
		{B9046E3F-EA54-4C43-86BB-AE6D9D8E3D3D}.Release|x64.ActiveCfg = Release|x64
		{B9046E3F-EA54-4C43-86BB-AE6D9D8E3D3D}.Release|x64.Build.0 = Release|x64
		{B9046E3F-EA54-4C43-86BB-AE6D9D8E3D3D}.Release|x64.Deploy.0 = Release|x64
		{B9046E3F-EA54-4C43-86BB-AE6D9D8E3D3D}.Release|x86.ActiveCfg = Release|x86
		{B9046E3F-EA54-4C43-86BB-AE6D9D8E3D3D}.Release|x86.Build.0 = Release|x86
		{B9046E3F-EA54-4C43-86BB-AE6D9D8E3D3D}.Release|x86.Deploy.0 = Release|x86
		{70DE007E-4FCA-4618-A037-E0392353F3E3}.Ad-Hoc|Any CPU.ActiveCfg = Release|Any CPU
		{70DE007E-4FCA-4618-A037-E0392353F3E3}.Ad-Hoc|Any CPU.Build.0 = Release|Any CPU
		{70DE007E-4FCA-4618-A037-E0392353F3E3}.Ad-Hoc|Any CPU.Deploy.0 = Release|Any CPU
		{70DE007E-4FCA-4618-A037-E0392353F3E3}.Ad-Hoc|ARM.ActiveCfg = Release|ARM
		{70DE007E-4FCA-4618-A037-E0392353F3E3}.Ad-Hoc|ARM.Build.0 = Release|ARM
		{70DE007E-4FCA-4618-A037-E0392353F3E3}.Ad-Hoc|ARM.Deploy.0 = Release|ARM
		{70DE007E-4FCA-4618-A037-E0392353F3E3}.Ad-Hoc|iPhone.ActiveCfg = Release|Any CPU
		{70DE007E-4FCA-4618-A037-E0392353F3E3}.Ad-Hoc|iPhoneSimulator.ActiveCfg = Release|Any CPU
		{70DE007E-4FCA-4618-A037-E0392353F3E3}.Ad-Hoc|Mixed Platforms.ActiveCfg = Release|x86
		{70DE007E-4FCA-4618-A037-E0392353F3E3}.Ad-Hoc|Mixed Platforms.Build.0 = Release|x86
		{70DE007E-4FCA-4618-A037-E0392353F3E3}.Ad-Hoc|Mixed Platforms.Deploy.0 = Release|x86
		{70DE007E-4FCA-4618-A037-E0392353F3E3}.Ad-Hoc|x64.ActiveCfg = Release|Any CPU
		{70DE007E-4FCA-4618-A037-E0392353F3E3}.Ad-Hoc|x86.ActiveCfg = Release|x86
		{70DE007E-4FCA-4618-A037-E0392353F3E3}.Ad-Hoc|x86.Build.0 = Release|x86
		{70DE007E-4FCA-4618-A037-E0392353F3E3}.Ad-Hoc|x86.Deploy.0 = Release|x86
		{70DE007E-4FCA-4618-A037-E0392353F3E3}.AppStore|Any CPU.ActiveCfg = Release|Any CPU
		{70DE007E-4FCA-4618-A037-E0392353F3E3}.AppStore|Any CPU.Build.0 = Release|Any CPU
		{70DE007E-4FCA-4618-A037-E0392353F3E3}.AppStore|Any CPU.Deploy.0 = Release|Any CPU
		{70DE007E-4FCA-4618-A037-E0392353F3E3}.AppStore|ARM.ActiveCfg = Release|ARM
		{70DE007E-4FCA-4618-A037-E0392353F3E3}.AppStore|ARM.Build.0 = Release|ARM
		{70DE007E-4FCA-4618-A037-E0392353F3E3}.AppStore|ARM.Deploy.0 = Release|ARM
		{70DE007E-4FCA-4618-A037-E0392353F3E3}.AppStore|iPhone.ActiveCfg = Release|Any CPU
		{70DE007E-4FCA-4618-A037-E0392353F3E3}.AppStore|iPhoneSimulator.ActiveCfg = Release|Any CPU
		{70DE007E-4FCA-4618-A037-E0392353F3E3}.AppStore|Mixed Platforms.ActiveCfg = Release|x86
		{70DE007E-4FCA-4618-A037-E0392353F3E3}.AppStore|Mixed Platforms.Build.0 = Release|x86
		{70DE007E-4FCA-4618-A037-E0392353F3E3}.AppStore|Mixed Platforms.Deploy.0 = Release|x86
		{70DE007E-4FCA-4618-A037-E0392353F3E3}.AppStore|x64.ActiveCfg = Release|Any CPU
		{70DE007E-4FCA-4618-A037-E0392353F3E3}.AppStore|x86.ActiveCfg = Release|x86
		{70DE007E-4FCA-4618-A037-E0392353F3E3}.AppStore|x86.Build.0 = Release|x86
		{70DE007E-4FCA-4618-A037-E0392353F3E3}.AppStore|x86.Deploy.0 = Release|x86
		{70DE007E-4FCA-4618-A037-E0392353F3E3}.Debug|Any CPU.ActiveCfg = Debug|Any CPU
		{70DE007E-4FCA-4618-A037-E0392353F3E3}.Debug|Any CPU.Build.0 = Debug|Any CPU
		{70DE007E-4FCA-4618-A037-E0392353F3E3}.Debug|Any CPU.Deploy.0 = Debug|Any CPU
		{70DE007E-4FCA-4618-A037-E0392353F3E3}.Debug|ARM.ActiveCfg = Debug|ARM
		{70DE007E-4FCA-4618-A037-E0392353F3E3}.Debug|ARM.Build.0 = Debug|ARM
		{70DE007E-4FCA-4618-A037-E0392353F3E3}.Debug|ARM.Deploy.0 = Debug|ARM
		{70DE007E-4FCA-4618-A037-E0392353F3E3}.Debug|iPhone.ActiveCfg = Debug|Any CPU
		{70DE007E-4FCA-4618-A037-E0392353F3E3}.Debug|iPhoneSimulator.ActiveCfg = Debug|Any CPU
		{70DE007E-4FCA-4618-A037-E0392353F3E3}.Debug|Mixed Platforms.ActiveCfg = Debug|x86
		{70DE007E-4FCA-4618-A037-E0392353F3E3}.Debug|Mixed Platforms.Build.0 = Debug|x86
		{70DE007E-4FCA-4618-A037-E0392353F3E3}.Debug|Mixed Platforms.Deploy.0 = Debug|x86
		{70DE007E-4FCA-4618-A037-E0392353F3E3}.Debug|x64.ActiveCfg = Debug|Any CPU
		{70DE007E-4FCA-4618-A037-E0392353F3E3}.Debug|x86.ActiveCfg = Debug|x86
		{70DE007E-4FCA-4618-A037-E0392353F3E3}.Debug|x86.Build.0 = Debug|x86
		{70DE007E-4FCA-4618-A037-E0392353F3E3}.Debug|x86.Deploy.0 = Debug|x86
		{70DE007E-4FCA-4618-A037-E0392353F3E3}.Release|Any CPU.ActiveCfg = Release|Any CPU
		{70DE007E-4FCA-4618-A037-E0392353F3E3}.Release|Any CPU.Build.0 = Release|Any CPU
		{70DE007E-4FCA-4618-A037-E0392353F3E3}.Release|Any CPU.Deploy.0 = Release|Any CPU
		{70DE007E-4FCA-4618-A037-E0392353F3E3}.Release|ARM.ActiveCfg = Release|ARM
		{70DE007E-4FCA-4618-A037-E0392353F3E3}.Release|ARM.Build.0 = Release|ARM
		{70DE007E-4FCA-4618-A037-E0392353F3E3}.Release|ARM.Deploy.0 = Release|ARM
		{70DE007E-4FCA-4618-A037-E0392353F3E3}.Release|iPhone.ActiveCfg = Release|Any CPU
		{70DE007E-4FCA-4618-A037-E0392353F3E3}.Release|iPhoneSimulator.ActiveCfg = Release|Any CPU
		{70DE007E-4FCA-4618-A037-E0392353F3E3}.Release|Mixed Platforms.ActiveCfg = Release|x86
		{70DE007E-4FCA-4618-A037-E0392353F3E3}.Release|Mixed Platforms.Build.0 = Release|x86
		{70DE007E-4FCA-4618-A037-E0392353F3E3}.Release|Mixed Platforms.Deploy.0 = Release|x86
		{70DE007E-4FCA-4618-A037-E0392353F3E3}.Release|x64.ActiveCfg = Release|Any CPU
		{70DE007E-4FCA-4618-A037-E0392353F3E3}.Release|x86.ActiveCfg = Release|x86
		{70DE007E-4FCA-4618-A037-E0392353F3E3}.Release|x86.Build.0 = Release|x86
		{70DE007E-4FCA-4618-A037-E0392353F3E3}.Release|x86.Deploy.0 = Release|x86
		{C7C9CFD1-3CFC-4C53-B482-F5A54F2158AF}.Ad-Hoc|Any CPU.ActiveCfg = Release|Any CPU
		{C7C9CFD1-3CFC-4C53-B482-F5A54F2158AF}.Ad-Hoc|Any CPU.Build.0 = Release|Any CPU
		{C7C9CFD1-3CFC-4C53-B482-F5A54F2158AF}.Ad-Hoc|Any CPU.Deploy.0 = Release|Any CPU
		{C7C9CFD1-3CFC-4C53-B482-F5A54F2158AF}.Ad-Hoc|ARM.ActiveCfg = Release|Any CPU
		{C7C9CFD1-3CFC-4C53-B482-F5A54F2158AF}.Ad-Hoc|iPhone.ActiveCfg = Release|Any CPU
		{C7C9CFD1-3CFC-4C53-B482-F5A54F2158AF}.Ad-Hoc|iPhoneSimulator.ActiveCfg = Release|Any CPU
		{C7C9CFD1-3CFC-4C53-B482-F5A54F2158AF}.Ad-Hoc|Mixed Platforms.ActiveCfg = Release|Any CPU
		{C7C9CFD1-3CFC-4C53-B482-F5A54F2158AF}.Ad-Hoc|Mixed Platforms.Build.0 = Release|Any CPU
		{C7C9CFD1-3CFC-4C53-B482-F5A54F2158AF}.Ad-Hoc|Mixed Platforms.Deploy.0 = Release|Any CPU
		{C7C9CFD1-3CFC-4C53-B482-F5A54F2158AF}.Ad-Hoc|x64.ActiveCfg = Release|Any CPU
		{C7C9CFD1-3CFC-4C53-B482-F5A54F2158AF}.Ad-Hoc|x86.ActiveCfg = Release|Any CPU
		{C7C9CFD1-3CFC-4C53-B482-F5A54F2158AF}.AppStore|Any CPU.ActiveCfg = Release|Any CPU
		{C7C9CFD1-3CFC-4C53-B482-F5A54F2158AF}.AppStore|Any CPU.Build.0 = Release|Any CPU
		{C7C9CFD1-3CFC-4C53-B482-F5A54F2158AF}.AppStore|Any CPU.Deploy.0 = Release|Any CPU
		{C7C9CFD1-3CFC-4C53-B482-F5A54F2158AF}.AppStore|ARM.ActiveCfg = Release|Any CPU
		{C7C9CFD1-3CFC-4C53-B482-F5A54F2158AF}.AppStore|iPhone.ActiveCfg = Release|Any CPU
		{C7C9CFD1-3CFC-4C53-B482-F5A54F2158AF}.AppStore|iPhoneSimulator.ActiveCfg = Release|Any CPU
		{C7C9CFD1-3CFC-4C53-B482-F5A54F2158AF}.AppStore|Mixed Platforms.ActiveCfg = Release|Any CPU
		{C7C9CFD1-3CFC-4C53-B482-F5A54F2158AF}.AppStore|Mixed Platforms.Build.0 = Release|Any CPU
		{C7C9CFD1-3CFC-4C53-B482-F5A54F2158AF}.AppStore|Mixed Platforms.Deploy.0 = Release|Any CPU
		{C7C9CFD1-3CFC-4C53-B482-F5A54F2158AF}.AppStore|x64.ActiveCfg = Release|Any CPU
		{C7C9CFD1-3CFC-4C53-B482-F5A54F2158AF}.AppStore|x86.ActiveCfg = Release|Any CPU
		{C7C9CFD1-3CFC-4C53-B482-F5A54F2158AF}.Debug|Any CPU.ActiveCfg = Debug|Any CPU
		{C7C9CFD1-3CFC-4C53-B482-F5A54F2158AF}.Debug|Any CPU.Build.0 = Debug|Any CPU
		{C7C9CFD1-3CFC-4C53-B482-F5A54F2158AF}.Debug|Any CPU.Deploy.0 = Debug|Any CPU
		{C7C9CFD1-3CFC-4C53-B482-F5A54F2158AF}.Debug|ARM.ActiveCfg = Debug|Any CPU
		{C7C9CFD1-3CFC-4C53-B482-F5A54F2158AF}.Debug|iPhone.ActiveCfg = Debug|Any CPU
		{C7C9CFD1-3CFC-4C53-B482-F5A54F2158AF}.Debug|iPhoneSimulator.ActiveCfg = Debug|Any CPU
		{C7C9CFD1-3CFC-4C53-B482-F5A54F2158AF}.Debug|Mixed Platforms.ActiveCfg = Debug|Any CPU
		{C7C9CFD1-3CFC-4C53-B482-F5A54F2158AF}.Debug|Mixed Platforms.Build.0 = Debug|Any CPU
		{C7C9CFD1-3CFC-4C53-B482-F5A54F2158AF}.Debug|Mixed Platforms.Deploy.0 = Debug|Any CPU
		{C7C9CFD1-3CFC-4C53-B482-F5A54F2158AF}.Debug|x64.ActiveCfg = Debug|Any CPU
		{C7C9CFD1-3CFC-4C53-B482-F5A54F2158AF}.Debug|x86.ActiveCfg = Debug|Any CPU
		{C7C9CFD1-3CFC-4C53-B482-F5A54F2158AF}.Release|Any CPU.ActiveCfg = Release|Any CPU
		{C7C9CFD1-3CFC-4C53-B482-F5A54F2158AF}.Release|Any CPU.Build.0 = Release|Any CPU
		{C7C9CFD1-3CFC-4C53-B482-F5A54F2158AF}.Release|Any CPU.Deploy.0 = Release|Any CPU
		{C7C9CFD1-3CFC-4C53-B482-F5A54F2158AF}.Release|ARM.ActiveCfg = Release|Any CPU
		{C7C9CFD1-3CFC-4C53-B482-F5A54F2158AF}.Release|iPhone.ActiveCfg = Release|Any CPU
		{C7C9CFD1-3CFC-4C53-B482-F5A54F2158AF}.Release|iPhoneSimulator.ActiveCfg = Release|Any CPU
		{C7C9CFD1-3CFC-4C53-B482-F5A54F2158AF}.Release|Mixed Platforms.ActiveCfg = Release|Any CPU
		{C7C9CFD1-3CFC-4C53-B482-F5A54F2158AF}.Release|Mixed Platforms.Build.0 = Release|Any CPU
		{C7C9CFD1-3CFC-4C53-B482-F5A54F2158AF}.Release|Mixed Platforms.Deploy.0 = Release|Any CPU
		{C7C9CFD1-3CFC-4C53-B482-F5A54F2158AF}.Release|x64.ActiveCfg = Release|Any CPU
		{C7C9CFD1-3CFC-4C53-B482-F5A54F2158AF}.Release|x86.ActiveCfg = Release|Any CPU
		{EBD91478-792A-4E6E-9702-2E6D7CBE9F32}.Ad-Hoc|Any CPU.ActiveCfg = Ad-Hoc|iPhone
		{EBD91478-792A-4E6E-9702-2E6D7CBE9F32}.Ad-Hoc|ARM.ActiveCfg = Ad-Hoc|iPhone
		{EBD91478-792A-4E6E-9702-2E6D7CBE9F32}.Ad-Hoc|iPhone.ActiveCfg = Ad-Hoc|iPhone
		{EBD91478-792A-4E6E-9702-2E6D7CBE9F32}.Ad-Hoc|iPhone.Build.0 = Ad-Hoc|iPhone
		{EBD91478-792A-4E6E-9702-2E6D7CBE9F32}.Ad-Hoc|iPhoneSimulator.ActiveCfg = Ad-Hoc|iPhoneSimulator
		{EBD91478-792A-4E6E-9702-2E6D7CBE9F32}.Ad-Hoc|iPhoneSimulator.Build.0 = Ad-Hoc|iPhoneSimulator
		{EBD91478-792A-4E6E-9702-2E6D7CBE9F32}.Ad-Hoc|Mixed Platforms.ActiveCfg = Ad-Hoc|iPhone
		{EBD91478-792A-4E6E-9702-2E6D7CBE9F32}.Ad-Hoc|Mixed Platforms.Build.0 = Ad-Hoc|iPhone
		{EBD91478-792A-4E6E-9702-2E6D7CBE9F32}.Ad-Hoc|x64.ActiveCfg = Ad-Hoc|iPhone
		{EBD91478-792A-4E6E-9702-2E6D7CBE9F32}.Ad-Hoc|x86.ActiveCfg = Ad-Hoc|iPhone
		{EBD91478-792A-4E6E-9702-2E6D7CBE9F32}.AppStore|Any CPU.ActiveCfg = AppStore|iPhone
		{EBD91478-792A-4E6E-9702-2E6D7CBE9F32}.AppStore|ARM.ActiveCfg = AppStore|iPhone
		{EBD91478-792A-4E6E-9702-2E6D7CBE9F32}.AppStore|iPhone.ActiveCfg = AppStore|iPhone
		{EBD91478-792A-4E6E-9702-2E6D7CBE9F32}.AppStore|iPhone.Build.0 = AppStore|iPhone
		{EBD91478-792A-4E6E-9702-2E6D7CBE9F32}.AppStore|iPhoneSimulator.ActiveCfg = AppStore|iPhoneSimulator
		{EBD91478-792A-4E6E-9702-2E6D7CBE9F32}.AppStore|iPhoneSimulator.Build.0 = AppStore|iPhoneSimulator
		{EBD91478-792A-4E6E-9702-2E6D7CBE9F32}.AppStore|Mixed Platforms.ActiveCfg = AppStore|iPhone
		{EBD91478-792A-4E6E-9702-2E6D7CBE9F32}.AppStore|Mixed Platforms.Build.0 = AppStore|iPhone
		{EBD91478-792A-4E6E-9702-2E6D7CBE9F32}.AppStore|x64.ActiveCfg = AppStore|iPhone
		{EBD91478-792A-4E6E-9702-2E6D7CBE9F32}.AppStore|x86.ActiveCfg = AppStore|iPhone
		{EBD91478-792A-4E6E-9702-2E6D7CBE9F32}.Debug|Any CPU.ActiveCfg = Debug|iPhone
		{EBD91478-792A-4E6E-9702-2E6D7CBE9F32}.Debug|ARM.ActiveCfg = Debug|iPhone
		{EBD91478-792A-4E6E-9702-2E6D7CBE9F32}.Debug|iPhone.ActiveCfg = Debug|iPhone
		{EBD91478-792A-4E6E-9702-2E6D7CBE9F32}.Debug|iPhone.Build.0 = Debug|iPhone
		{EBD91478-792A-4E6E-9702-2E6D7CBE9F32}.Debug|iPhoneSimulator.ActiveCfg = Debug|iPhoneSimulator
		{EBD91478-792A-4E6E-9702-2E6D7CBE9F32}.Debug|iPhoneSimulator.Build.0 = Debug|iPhoneSimulator
		{EBD91478-792A-4E6E-9702-2E6D7CBE9F32}.Debug|Mixed Platforms.ActiveCfg = Debug|iPhone
		{EBD91478-792A-4E6E-9702-2E6D7CBE9F32}.Debug|Mixed Platforms.Build.0 = Debug|iPhone
		{EBD91478-792A-4E6E-9702-2E6D7CBE9F32}.Debug|x64.ActiveCfg = Debug|iPhone
		{EBD91478-792A-4E6E-9702-2E6D7CBE9F32}.Debug|x86.ActiveCfg = Debug|iPhone
		{EBD91478-792A-4E6E-9702-2E6D7CBE9F32}.Release|Any CPU.ActiveCfg = Release|iPhone
		{EBD91478-792A-4E6E-9702-2E6D7CBE9F32}.Release|ARM.ActiveCfg = Release|iPhone
		{EBD91478-792A-4E6E-9702-2E6D7CBE9F32}.Release|iPhone.ActiveCfg = Release|iPhone
		{EBD91478-792A-4E6E-9702-2E6D7CBE9F32}.Release|iPhone.Build.0 = Release|iPhone
		{EBD91478-792A-4E6E-9702-2E6D7CBE9F32}.Release|iPhoneSimulator.ActiveCfg = Release|iPhoneSimulator
		{EBD91478-792A-4E6E-9702-2E6D7CBE9F32}.Release|iPhoneSimulator.Build.0 = Release|iPhoneSimulator
		{EBD91478-792A-4E6E-9702-2E6D7CBE9F32}.Release|Mixed Platforms.ActiveCfg = Release|iPhone
		{EBD91478-792A-4E6E-9702-2E6D7CBE9F32}.Release|Mixed Platforms.Build.0 = Release|iPhone
		{EBD91478-792A-4E6E-9702-2E6D7CBE9F32}.Release|x64.ActiveCfg = Release|iPhone
		{EBD91478-792A-4E6E-9702-2E6D7CBE9F32}.Release|x86.ActiveCfg = Release|iPhone
	EndGlobalSection
	GlobalSection(SolutionProperties) = preSolution
		HideSolutionNode = FALSE
	EndGlobalSection
	GlobalSection(NestedProjects) = preSolution
		{E0EC6DF7-92DF-47C2-825D-0E3D522D70C2} = {E65E2568-CF43-4C93-B1F9-62C7F37F0304}
		{B9046E3F-EA54-4C43-86BB-AE6D9D8E3D3D} = {E65E2568-CF43-4C93-B1F9-62C7F37F0304}
		{70DE007E-4FCA-4618-A037-E0392353F3E3} = {E65E2568-CF43-4C93-B1F9-62C7F37F0304}
	EndGlobalSection
EndGlobal
