
Microsoft Visual Studio Solution File, Format Version 12.00
# Visual Studio 2013
VisualStudioVersion = 12.0.30723.0
MinimumVisualStudioVersion = 10.0.40219.1
Project("{FAE04EC0-301F-11D3-BF4B-00C04F79EFBC}") = "Xamarin.Forms_Services", "Xamarin.Forms Services\Xamarin.Forms_Services\Xamarin.Forms_Services.csproj", "{CCD2336F-AE0C-4844-AAA1-463DA6C80CF4}"
EndProject
Project("{FAE04EC0-301F-11D3-BF4B-00C04F79EFBC}") = "Xamarin.Forms_Services.iOS", "Xamarin.Forms Services\Xamarin.Forms_Services.iOS\Xamarin.Forms_Services.iOS.csproj", "{0AD7EC2E-0CAA-4685-ADC9-957FD4E7B918}"
EndProject
Project("{FAE04EC0-301F-11D3-BF4B-00C04F79EFBC}") = "Xamarin.Forms_Services.Droid", "Xamarin.Forms Services\Xamarin.Forms_Services.Droid\Xamarin.Forms_Services.Droid.csproj", "{3C478C85-9C12-47D1-97B4-95C5A21939A1}"
EndProject
Project("{FAE04EC0-301F-11D3-BF4B-00C04F79EFBC}") = "Xamarin.Forms_Services.WinPhone", "Xamarin.Forms Services\Xamarin.Forms_Services.WinPhone\Xamarin.Forms_Services.WinPhone.csproj", "{B263113B-64B8-4873-B13B-327101A90979}"
EndProject
Global
	GlobalSection(SolutionConfigurationPlatforms) = preSolution
		Ad-Hoc|Any CPU = Ad-Hoc|Any CPU
		Ad-Hoc|ARM = Ad-Hoc|ARM
		Ad-Hoc|iPhone = Ad-Hoc|iPhone
		Ad-Hoc|iPhoneSimulator = Ad-Hoc|iPhoneSimulator
		Ad-Hoc|Mixed Platforms = Ad-Hoc|Mixed Platforms
		Ad-Hoc|x86 = Ad-Hoc|x86
		AppStore|Any CPU = AppStore|Any CPU
		AppStore|ARM = AppStore|ARM
		AppStore|iPhone = AppStore|iPhone
		AppStore|iPhoneSimulator = AppStore|iPhoneSimulator
		AppStore|Mixed Platforms = AppStore|Mixed Platforms
		AppStore|x86 = AppStore|x86
		Debug|Any CPU = Debug|Any CPU
		Debug|ARM = Debug|ARM
		Debug|iPhone = Debug|iPhone
		Debug|iPhoneSimulator = Debug|iPhoneSimulator
		Debug|Mixed Platforms = Debug|Mixed Platforms
		Debug|x86 = Debug|x86
		Release|Any CPU = Release|Any CPU
		Release|ARM = Release|ARM
		Release|iPhone = Release|iPhone
		Release|iPhoneSimulator = Release|iPhoneSimulator
		Release|Mixed Platforms = Release|Mixed Platforms
		Release|x86 = Release|x86
	EndGlobalSection
	GlobalSection(ProjectConfigurationPlatforms) = postSolution
		{CCD2336F-AE0C-4844-AAA1-463DA6C80CF4}.Ad-Hoc|Any CPU.ActiveCfg = Release|Any CPU
		{CCD2336F-AE0C-4844-AAA1-463DA6C80CF4}.Ad-Hoc|Any CPU.Build.0 = Release|Any CPU
		{CCD2336F-AE0C-4844-AAA1-463DA6C80CF4}.Ad-Hoc|ARM.ActiveCfg = Release|Any CPU
		{CCD2336F-AE0C-4844-AAA1-463DA6C80CF4}.Ad-Hoc|iPhone.ActiveCfg = Release|Any CPU
		{CCD2336F-AE0C-4844-AAA1-463DA6C80CF4}.Ad-Hoc|iPhoneSimulator.ActiveCfg = Release|Any CPU
		{CCD2336F-AE0C-4844-AAA1-463DA6C80CF4}.Ad-Hoc|Mixed Platforms.ActiveCfg = Release|Any CPU
		{CCD2336F-AE0C-4844-AAA1-463DA6C80CF4}.Ad-Hoc|Mixed Platforms.Build.0 = Release|Any CPU
		{CCD2336F-AE0C-4844-AAA1-463DA6C80CF4}.Ad-Hoc|x86.ActiveCfg = Release|Any CPU
		{CCD2336F-AE0C-4844-AAA1-463DA6C80CF4}.AppStore|Any CPU.ActiveCfg = Release|Any CPU
		{CCD2336F-AE0C-4844-AAA1-463DA6C80CF4}.AppStore|Any CPU.Build.0 = Release|Any CPU
		{CCD2336F-AE0C-4844-AAA1-463DA6C80CF4}.AppStore|ARM.ActiveCfg = Release|Any CPU
		{CCD2336F-AE0C-4844-AAA1-463DA6C80CF4}.AppStore|iPhone.ActiveCfg = Release|Any CPU
		{CCD2336F-AE0C-4844-AAA1-463DA6C80CF4}.AppStore|iPhoneSimulator.ActiveCfg = Release|Any CPU
		{CCD2336F-AE0C-4844-AAA1-463DA6C80CF4}.AppStore|Mixed Platforms.ActiveCfg = Release|Any CPU
		{CCD2336F-AE0C-4844-AAA1-463DA6C80CF4}.AppStore|Mixed Platforms.Build.0 = Release|Any CPU
		{CCD2336F-AE0C-4844-AAA1-463DA6C80CF4}.AppStore|x86.ActiveCfg = Release|Any CPU
		{CCD2336F-AE0C-4844-AAA1-463DA6C80CF4}.Debug|Any CPU.ActiveCfg = Debug|Any CPU
		{CCD2336F-AE0C-4844-AAA1-463DA6C80CF4}.Debug|Any CPU.Build.0 = Debug|Any CPU
		{CCD2336F-AE0C-4844-AAA1-463DA6C80CF4}.Debug|ARM.ActiveCfg = Debug|Any CPU
		{CCD2336F-AE0C-4844-AAA1-463DA6C80CF4}.Debug|iPhone.ActiveCfg = Debug|Any CPU
		{CCD2336F-AE0C-4844-AAA1-463DA6C80CF4}.Debug|iPhoneSimulator.ActiveCfg = Debug|Any CPU
		{CCD2336F-AE0C-4844-AAA1-463DA6C80CF4}.Debug|Mixed Platforms.ActiveCfg = Debug|Any CPU
		{CCD2336F-AE0C-4844-AAA1-463DA6C80CF4}.Debug|Mixed Platforms.Build.0 = Debug|Any CPU
		{CCD2336F-AE0C-4844-AAA1-463DA6C80CF4}.Debug|x86.ActiveCfg = Debug|Any CPU
		{CCD2336F-AE0C-4844-AAA1-463DA6C80CF4}.Release|Any CPU.ActiveCfg = Release|Any CPU
		{CCD2336F-AE0C-4844-AAA1-463DA6C80CF4}.Release|Any CPU.Build.0 = Release|Any CPU
		{CCD2336F-AE0C-4844-AAA1-463DA6C80CF4}.Release|ARM.ActiveCfg = Release|Any CPU
		{CCD2336F-AE0C-4844-AAA1-463DA6C80CF4}.Release|iPhone.ActiveCfg = Release|Any CPU
		{CCD2336F-AE0C-4844-AAA1-463DA6C80CF4}.Release|iPhoneSimulator.ActiveCfg = Release|Any CPU
		{CCD2336F-AE0C-4844-AAA1-463DA6C80CF4}.Release|Mixed Platforms.ActiveCfg = Release|Any CPU
		{CCD2336F-AE0C-4844-AAA1-463DA6C80CF4}.Release|Mixed Platforms.Build.0 = Release|Any CPU
		{CCD2336F-AE0C-4844-AAA1-463DA6C80CF4}.Release|x86.ActiveCfg = Release|Any CPU
		{0AD7EC2E-0CAA-4685-ADC9-957FD4E7B918}.Ad-Hoc|Any CPU.ActiveCfg = Ad-Hoc|iPhone
		{0AD7EC2E-0CAA-4685-ADC9-957FD4E7B918}.Ad-Hoc|ARM.ActiveCfg = Ad-Hoc|iPhone
		{0AD7EC2E-0CAA-4685-ADC9-957FD4E7B918}.Ad-Hoc|iPhone.ActiveCfg = Ad-Hoc|iPhone
		{0AD7EC2E-0CAA-4685-ADC9-957FD4E7B918}.Ad-Hoc|iPhone.Build.0 = Ad-Hoc|iPhone
		{0AD7EC2E-0CAA-4685-ADC9-957FD4E7B918}.Ad-Hoc|iPhoneSimulator.ActiveCfg = Ad-Hoc|iPhoneSimulator
		{0AD7EC2E-0CAA-4685-ADC9-957FD4E7B918}.Ad-Hoc|iPhoneSimulator.Build.0 = Ad-Hoc|iPhoneSimulator
		{0AD7EC2E-0CAA-4685-ADC9-957FD4E7B918}.Ad-Hoc|Mixed Platforms.ActiveCfg = Ad-Hoc|iPhone
		{0AD7EC2E-0CAA-4685-ADC9-957FD4E7B918}.Ad-Hoc|Mixed Platforms.Build.0 = Ad-Hoc|iPhone
		{0AD7EC2E-0CAA-4685-ADC9-957FD4E7B918}.Ad-Hoc|x86.ActiveCfg = Ad-Hoc|iPhone
		{0AD7EC2E-0CAA-4685-ADC9-957FD4E7B918}.AppStore|Any CPU.ActiveCfg = AppStore|iPhone
		{0AD7EC2E-0CAA-4685-ADC9-957FD4E7B918}.AppStore|ARM.ActiveCfg = AppStore|iPhone
		{0AD7EC2E-0CAA-4685-ADC9-957FD4E7B918}.AppStore|iPhone.ActiveCfg = AppStore|iPhone
		{0AD7EC2E-0CAA-4685-ADC9-957FD4E7B918}.AppStore|iPhone.Build.0 = AppStore|iPhone
		{0AD7EC2E-0CAA-4685-ADC9-957FD4E7B918}.AppStore|iPhoneSimulator.ActiveCfg = AppStore|iPhoneSimulator
		{0AD7EC2E-0CAA-4685-ADC9-957FD4E7B918}.AppStore|iPhoneSimulator.Build.0 = AppStore|iPhoneSimulator
		{0AD7EC2E-0CAA-4685-ADC9-957FD4E7B918}.AppStore|Mixed Platforms.ActiveCfg = AppStore|iPhone
		{0AD7EC2E-0CAA-4685-ADC9-957FD4E7B918}.AppStore|Mixed Platforms.Build.0 = AppStore|iPhone
		{0AD7EC2E-0CAA-4685-ADC9-957FD4E7B918}.AppStore|x86.ActiveCfg = AppStore|iPhone
		{0AD7EC2E-0CAA-4685-ADC9-957FD4E7B918}.Debug|Any CPU.ActiveCfg = Debug|iPhone
		{0AD7EC2E-0CAA-4685-ADC9-957FD4E7B918}.Debug|ARM.ActiveCfg = Debug|iPhone
		{0AD7EC2E-0CAA-4685-ADC9-957FD4E7B918}.Debug|iPhone.ActiveCfg = Debug|iPhone
		{0AD7EC2E-0CAA-4685-ADC9-957FD4E7B918}.Debug|iPhone.Build.0 = Debug|iPhone
		{0AD7EC2E-0CAA-4685-ADC9-957FD4E7B918}.Debug|iPhoneSimulator.ActiveCfg = Debug|iPhoneSimulator
		{0AD7EC2E-0CAA-4685-ADC9-957FD4E7B918}.Debug|iPhoneSimulator.Build.0 = Debug|iPhoneSimulator
		{0AD7EC2E-0CAA-4685-ADC9-957FD4E7B918}.Debug|Mixed Platforms.ActiveCfg = Debug|iPhone
		{0AD7EC2E-0CAA-4685-ADC9-957FD4E7B918}.Debug|Mixed Platforms.Build.0 = Debug|iPhone
		{0AD7EC2E-0CAA-4685-ADC9-957FD4E7B918}.Debug|x86.ActiveCfg = Debug|iPhone
		{0AD7EC2E-0CAA-4685-ADC9-957FD4E7B918}.Release|Any CPU.ActiveCfg = Release|iPhone
		{0AD7EC2E-0CAA-4685-ADC9-957FD4E7B918}.Release|ARM.ActiveCfg = Release|iPhone
		{0AD7EC2E-0CAA-4685-ADC9-957FD4E7B918}.Release|iPhone.ActiveCfg = Release|iPhone
		{0AD7EC2E-0CAA-4685-ADC9-957FD4E7B918}.Release|iPhone.Build.0 = Release|iPhone
		{0AD7EC2E-0CAA-4685-ADC9-957FD4E7B918}.Release|iPhoneSimulator.ActiveCfg = Release|iPhoneSimulator
		{0AD7EC2E-0CAA-4685-ADC9-957FD4E7B918}.Release|iPhoneSimulator.Build.0 = Release|iPhoneSimulator
		{0AD7EC2E-0CAA-4685-ADC9-957FD4E7B918}.Release|Mixed Platforms.ActiveCfg = Release|iPhone
		{0AD7EC2E-0CAA-4685-ADC9-957FD4E7B918}.Release|Mixed Platforms.Build.0 = Release|iPhone
		{0AD7EC2E-0CAA-4685-ADC9-957FD4E7B918}.Release|x86.ActiveCfg = Release|iPhone
		{3C478C85-9C12-47D1-97B4-95C5A21939A1}.Ad-Hoc|Any CPU.ActiveCfg = Release|Any CPU
		{3C478C85-9C12-47D1-97B4-95C5A21939A1}.Ad-Hoc|Any CPU.Build.0 = Release|Any CPU
		{3C478C85-9C12-47D1-97B4-95C5A21939A1}.Ad-Hoc|Any CPU.Deploy.0 = Release|Any CPU
		{3C478C85-9C12-47D1-97B4-95C5A21939A1}.Ad-Hoc|ARM.ActiveCfg = Release|Any CPU
		{3C478C85-9C12-47D1-97B4-95C5A21939A1}.Ad-Hoc|iPhone.ActiveCfg = Release|Any CPU
		{3C478C85-9C12-47D1-97B4-95C5A21939A1}.Ad-Hoc|iPhoneSimulator.ActiveCfg = Release|Any CPU
		{3C478C85-9C12-47D1-97B4-95C5A21939A1}.Ad-Hoc|Mixed Platforms.ActiveCfg = Release|Any CPU
		{3C478C85-9C12-47D1-97B4-95C5A21939A1}.Ad-Hoc|Mixed Platforms.Build.0 = Release|Any CPU
		{3C478C85-9C12-47D1-97B4-95C5A21939A1}.Ad-Hoc|Mixed Platforms.Deploy.0 = Release|Any CPU
		{3C478C85-9C12-47D1-97B4-95C5A21939A1}.Ad-Hoc|x86.ActiveCfg = Release|Any CPU
		{3C478C85-9C12-47D1-97B4-95C5A21939A1}.AppStore|Any CPU.ActiveCfg = Release|Any CPU
		{3C478C85-9C12-47D1-97B4-95C5A21939A1}.AppStore|Any CPU.Build.0 = Release|Any CPU
		{3C478C85-9C12-47D1-97B4-95C5A21939A1}.AppStore|Any CPU.Deploy.0 = Release|Any CPU
		{3C478C85-9C12-47D1-97B4-95C5A21939A1}.AppStore|ARM.ActiveCfg = Release|Any CPU
		{3C478C85-9C12-47D1-97B4-95C5A21939A1}.AppStore|iPhone.ActiveCfg = Release|Any CPU
		{3C478C85-9C12-47D1-97B4-95C5A21939A1}.AppStore|iPhoneSimulator.ActiveCfg = Release|Any CPU
		{3C478C85-9C12-47D1-97B4-95C5A21939A1}.AppStore|Mixed Platforms.ActiveCfg = Release|Any CPU
		{3C478C85-9C12-47D1-97B4-95C5A21939A1}.AppStore|Mixed Platforms.Build.0 = Release|Any CPU
		{3C478C85-9C12-47D1-97B4-95C5A21939A1}.AppStore|Mixed Platforms.Deploy.0 = Release|Any CPU
		{3C478C85-9C12-47D1-97B4-95C5A21939A1}.AppStore|x86.ActiveCfg = Release|Any CPU
		{3C478C85-9C12-47D1-97B4-95C5A21939A1}.Debug|Any CPU.ActiveCfg = Debug|Any CPU
		{3C478C85-9C12-47D1-97B4-95C5A21939A1}.Debug|Any CPU.Build.0 = Debug|Any CPU
		{3C478C85-9C12-47D1-97B4-95C5A21939A1}.Debug|Any CPU.Deploy.0 = Debug|Any CPU
		{3C478C85-9C12-47D1-97B4-95C5A21939A1}.Debug|ARM.ActiveCfg = Debug|Any CPU
		{3C478C85-9C12-47D1-97B4-95C5A21939A1}.Debug|iPhone.ActiveCfg = Debug|Any CPU
		{3C478C85-9C12-47D1-97B4-95C5A21939A1}.Debug|iPhoneSimulator.ActiveCfg = Debug|Any CPU
		{3C478C85-9C12-47D1-97B4-95C5A21939A1}.Debug|Mixed Platforms.ActiveCfg = Debug|Any CPU
		{3C478C85-9C12-47D1-97B4-95C5A21939A1}.Debug|Mixed Platforms.Build.0 = Debug|Any CPU
		{3C478C85-9C12-47D1-97B4-95C5A21939A1}.Debug|Mixed Platforms.Deploy.0 = Debug|Any CPU
		{3C478C85-9C12-47D1-97B4-95C5A21939A1}.Debug|x86.ActiveCfg = Debug|Any CPU
		{3C478C85-9C12-47D1-97B4-95C5A21939A1}.Release|Any CPU.ActiveCfg = Release|Any CPU
		{3C478C85-9C12-47D1-97B4-95C5A21939A1}.Release|Any CPU.Build.0 = Release|Any CPU
		{3C478C85-9C12-47D1-97B4-95C5A21939A1}.Release|Any CPU.Deploy.0 = Release|Any CPU
		{3C478C85-9C12-47D1-97B4-95C5A21939A1}.Release|ARM.ActiveCfg = Release|Any CPU
		{3C478C85-9C12-47D1-97B4-95C5A21939A1}.Release|iPhone.ActiveCfg = Release|Any CPU
		{3C478C85-9C12-47D1-97B4-95C5A21939A1}.Release|iPhoneSimulator.ActiveCfg = Release|Any CPU
		{3C478C85-9C12-47D1-97B4-95C5A21939A1}.Release|Mixed Platforms.ActiveCfg = Release|Any CPU
		{3C478C85-9C12-47D1-97B4-95C5A21939A1}.Release|Mixed Platforms.Build.0 = Release|Any CPU
		{3C478C85-9C12-47D1-97B4-95C5A21939A1}.Release|Mixed Platforms.Deploy.0 = Release|Any CPU
		{3C478C85-9C12-47D1-97B4-95C5A21939A1}.Release|x86.ActiveCfg = Release|Any CPU
		{B263113B-64B8-4873-B13B-327101A90979}.Ad-Hoc|Any CPU.ActiveCfg = Release|Any CPU
		{B263113B-64B8-4873-B13B-327101A90979}.Ad-Hoc|Any CPU.Build.0 = Release|Any CPU
		{B263113B-64B8-4873-B13B-327101A90979}.Ad-Hoc|Any CPU.Deploy.0 = Release|Any CPU
		{B263113B-64B8-4873-B13B-327101A90979}.Ad-Hoc|ARM.ActiveCfg = Release|ARM
		{B263113B-64B8-4873-B13B-327101A90979}.Ad-Hoc|ARM.Build.0 = Release|ARM
		{B263113B-64B8-4873-B13B-327101A90979}.Ad-Hoc|ARM.Deploy.0 = Release|ARM
		{B263113B-64B8-4873-B13B-327101A90979}.Ad-Hoc|iPhone.ActiveCfg = Release|Any CPU
		{B263113B-64B8-4873-B13B-327101A90979}.Ad-Hoc|iPhoneSimulator.ActiveCfg = Release|Any CPU
		{B263113B-64B8-4873-B13B-327101A90979}.Ad-Hoc|Mixed Platforms.ActiveCfg = Release|x86
		{B263113B-64B8-4873-B13B-327101A90979}.Ad-Hoc|Mixed Platforms.Build.0 = Release|x86
		{B263113B-64B8-4873-B13B-327101A90979}.Ad-Hoc|Mixed Platforms.Deploy.0 = Release|x86
		{B263113B-64B8-4873-B13B-327101A90979}.Ad-Hoc|x86.ActiveCfg = Release|x86
		{B263113B-64B8-4873-B13B-327101A90979}.Ad-Hoc|x86.Build.0 = Release|x86
		{B263113B-64B8-4873-B13B-327101A90979}.Ad-Hoc|x86.Deploy.0 = Release|x86
		{B263113B-64B8-4873-B13B-327101A90979}.AppStore|Any CPU.ActiveCfg = Release|Any CPU
		{B263113B-64B8-4873-B13B-327101A90979}.AppStore|Any CPU.Build.0 = Release|Any CPU
		{B263113B-64B8-4873-B13B-327101A90979}.AppStore|Any CPU.Deploy.0 = Release|Any CPU
		{B263113B-64B8-4873-B13B-327101A90979}.AppStore|ARM.ActiveCfg = Release|ARM
		{B263113B-64B8-4873-B13B-327101A90979}.AppStore|ARM.Build.0 = Release|ARM
		{B263113B-64B8-4873-B13B-327101A90979}.AppStore|ARM.Deploy.0 = Release|ARM
		{B263113B-64B8-4873-B13B-327101A90979}.AppStore|iPhone.ActiveCfg = Release|Any CPU
		{B263113B-64B8-4873-B13B-327101A90979}.AppStore|iPhoneSimulator.ActiveCfg = Release|Any CPU
		{B263113B-64B8-4873-B13B-327101A90979}.AppStore|Mixed Platforms.ActiveCfg = Release|x86
		{B263113B-64B8-4873-B13B-327101A90979}.AppStore|Mixed Platforms.Build.0 = Release|x86
		{B263113B-64B8-4873-B13B-327101A90979}.AppStore|Mixed Platforms.Deploy.0 = Release|x86
		{B263113B-64B8-4873-B13B-327101A90979}.AppStore|x86.ActiveCfg = Release|x86
		{B263113B-64B8-4873-B13B-327101A90979}.AppStore|x86.Build.0 = Release|x86
		{B263113B-64B8-4873-B13B-327101A90979}.AppStore|x86.Deploy.0 = Release|x86
		{B263113B-64B8-4873-B13B-327101A90979}.Debug|Any CPU.ActiveCfg = Debug|Any CPU
		{B263113B-64B8-4873-B13B-327101A90979}.Debug|Any CPU.Build.0 = Debug|Any CPU
		{B263113B-64B8-4873-B13B-327101A90979}.Debug|Any CPU.Deploy.0 = Debug|Any CPU
		{B263113B-64B8-4873-B13B-327101A90979}.Debug|ARM.ActiveCfg = Debug|ARM
		{B263113B-64B8-4873-B13B-327101A90979}.Debug|ARM.Build.0 = Debug|ARM
		{B263113B-64B8-4873-B13B-327101A90979}.Debug|ARM.Deploy.0 = Debug|ARM
		{B263113B-64B8-4873-B13B-327101A90979}.Debug|iPhone.ActiveCfg = Debug|Any CPU
		{B263113B-64B8-4873-B13B-327101A90979}.Debug|iPhoneSimulator.ActiveCfg = Debug|Any CPU
		{B263113B-64B8-4873-B13B-327101A90979}.Debug|Mixed Platforms.ActiveCfg = Debug|x86
		{B263113B-64B8-4873-B13B-327101A90979}.Debug|Mixed Platforms.Build.0 = Debug|x86
		{B263113B-64B8-4873-B13B-327101A90979}.Debug|Mixed Platforms.Deploy.0 = Debug|x86
		{B263113B-64B8-4873-B13B-327101A90979}.Debug|x86.ActiveCfg = Debug|x86
		{B263113B-64B8-4873-B13B-327101A90979}.Debug|x86.Build.0 = Debug|x86
		{B263113B-64B8-4873-B13B-327101A90979}.Debug|x86.Deploy.0 = Debug|x86
		{B263113B-64B8-4873-B13B-327101A90979}.Release|Any CPU.ActiveCfg = Release|Any CPU
		{B263113B-64B8-4873-B13B-327101A90979}.Release|Any CPU.Build.0 = Release|Any CPU
		{B263113B-64B8-4873-B13B-327101A90979}.Release|Any CPU.Deploy.0 = Release|Any CPU
		{B263113B-64B8-4873-B13B-327101A90979}.Release|ARM.ActiveCfg = Release|ARM
		{B263113B-64B8-4873-B13B-327101A90979}.Release|ARM.Build.0 = Release|ARM
		{B263113B-64B8-4873-B13B-327101A90979}.Release|ARM.Deploy.0 = Release|ARM
		{B263113B-64B8-4873-B13B-327101A90979}.Release|iPhone.ActiveCfg = Release|Any CPU
		{B263113B-64B8-4873-B13B-327101A90979}.Release|iPhoneSimulator.ActiveCfg = Release|Any CPU
		{B263113B-64B8-4873-B13B-327101A90979}.Release|Mixed Platforms.ActiveCfg = Release|x86
		{B263113B-64B8-4873-B13B-327101A90979}.Release|Mixed Platforms.Build.0 = Release|x86
		{B263113B-64B8-4873-B13B-327101A90979}.Release|Mixed Platforms.Deploy.0 = Release|x86
		{B263113B-64B8-4873-B13B-327101A90979}.Release|x86.ActiveCfg = Release|x86
		{B263113B-64B8-4873-B13B-327101A90979}.Release|x86.Build.0 = Release|x86
		{B263113B-64B8-4873-B13B-327101A90979}.Release|x86.Deploy.0 = Release|x86
	EndGlobalSection
	GlobalSection(SolutionProperties) = preSolution
		HideSolutionNode = FALSE
	EndGlobalSection
EndGlobal
