
Microsoft Visual Studio Solution File, Format Version 12.00
# Visual Studio 14
VisualStudioVersion = 14.0.25420.1
MinimumVisualStudioVersion = 10.0.40219.1
Project("{FAE04EC0-301F-11D3-BF4B-00C04F79EFBC}") = "Calculator.Droid", "Calculator\Calculator.Droid\Calculator.Droid.csproj", "{9BBD0184-6499-4E0D-8EDC-452B93E3154C}"
EndProject
Project("{FAE04EC0-301F-11D3-BF4B-00C04F79EFBC}") = "Calculator", "Calculator\Calculator\Calculator.csproj", "{001718B5-79F8-4897-87B8-6DC0AF5EA8A0}"
EndProject
Project("{FAE04EC0-301F-11D3-BF4B-00C04F79EFBC}") = "Calculator.WinPhone", "Calculator\Calculator.WinPhone\Calculator.WinPhone.csproj", "{41AE4B30-C5C2-4BC0-82BD-EF0B01D9B9F1}"
EndProject
Project("{FAE04EC0-301F-11D3-BF4B-00C04F79EFBC}") = "Calculator.UWP", "Calculator\Calculator.UWP\Calculator.UWP.csproj", "{EF1104F3-E346-4148-9EF1-71EFB263F0D5}"
EndProject
Project("{FAE04EC0-301F-11D3-BF4B-00C04F79EFBC}") = "Calculator.iOS", "Calculator\Calculator.iOS\Calculator.iOS.csproj", "{EC984407-662C-4AA4-8AA3-DF996E0E8085}"
EndProject
Project("{FAE04EC0-301F-11D3-BF4B-00C04F79EFBC}") = "Calculator.Windows", "Calculator\Calculator.Windows\Calculator.Windows.csproj", "{A3C509E5-6E0C-4E93-B0C1-FBACDB7244EE}"
EndProject
Project("{2150E333-8FDC-42A3-9474-1A3956D46DE8}") = "App", "App", "{714EBB09-4278-42CC-922D-AE53ECE9763F}"
EndProject
Project("{2150E333-8FDC-42A3-9474-1A3956D46DE8}") = "Tests", "Tests", "{37E511C3-98E7-4AD0-B407-11EC9AF99C2A}"
EndProject
Project("{FAE04EC0-301F-11D3-BF4B-00C04F79EFBC}") = "Calculator.UITests", "Calculator\Calculator.UITests\Calculator.UITests.csproj", "{5A6C150D-6F43-4FA1-92E9-47F008885139}"
EndProject
Project("{FAE04EC0-301F-11D3-BF4B-00C04F79EFBC}") = "Calculator.Tests", "Calculator\Calculator.Tests\Calculator.Tests.csproj", "{70147796-7E0C-4162-8890-C356114C4608}"
EndProject
Global
	GlobalSection(SolutionConfigurationPlatforms) = preSolution
		Ad-Hoc|Any CPU = Ad-Hoc|Any CPU
		Ad-Hoc|ARM = Ad-Hoc|ARM
		Ad-Hoc|iPhone = Ad-Hoc|iPhone
		Ad-Hoc|iPhoneSimulator = Ad-Hoc|iPhoneSimulator
		Ad-Hoc|x64 = Ad-Hoc|x64
		Ad-Hoc|x86 = Ad-Hoc|x86
		AppStore|Any CPU = AppStore|Any CPU
		AppStore|ARM = AppStore|ARM
		AppStore|iPhone = AppStore|iPhone
		AppStore|iPhoneSimulator = AppStore|iPhoneSimulator
		AppStore|x64 = AppStore|x64
		AppStore|x86 = AppStore|x86
		Debug|Any CPU = Debug|Any CPU
		Debug|ARM = Debug|ARM
		Debug|iPhone = Debug|iPhone
		Debug|iPhoneSimulator = Debug|iPhoneSimulator
		Debug|x64 = Debug|x64
		Debug|x86 = Debug|x86
		Release|Any CPU = Release|Any CPU
		Release|ARM = Release|ARM
		Release|iPhone = Release|iPhone
		Release|iPhoneSimulator = Release|iPhoneSimulator
		Release|x64 = Release|x64
		Release|x86 = Release|x86
	EndGlobalSection
	GlobalSection(ProjectConfigurationPlatforms) = postSolution
		{9BBD0184-6499-4E0D-8EDC-452B93E3154C}.Ad-Hoc|Any CPU.ActiveCfg = Release|Any CPU
		{9BBD0184-6499-4E0D-8EDC-452B93E3154C}.Ad-Hoc|Any CPU.Build.0 = Release|Any CPU
		{9BBD0184-6499-4E0D-8EDC-452B93E3154C}.Ad-Hoc|Any CPU.Deploy.0 = Release|Any CPU
		{9BBD0184-6499-4E0D-8EDC-452B93E3154C}.Ad-Hoc|ARM.ActiveCfg = Release|Any CPU
		{9BBD0184-6499-4E0D-8EDC-452B93E3154C}.Ad-Hoc|ARM.Build.0 = Release|Any CPU
		{9BBD0184-6499-4E0D-8EDC-452B93E3154C}.Ad-Hoc|ARM.Deploy.0 = Release|Any CPU
		{9BBD0184-6499-4E0D-8EDC-452B93E3154C}.Ad-Hoc|iPhone.ActiveCfg = Release|Any CPU
		{9BBD0184-6499-4E0D-8EDC-452B93E3154C}.Ad-Hoc|iPhone.Build.0 = Release|Any CPU
		{9BBD0184-6499-4E0D-8EDC-452B93E3154C}.Ad-Hoc|iPhone.Deploy.0 = Release|Any CPU
		{9BBD0184-6499-4E0D-8EDC-452B93E3154C}.Ad-Hoc|iPhoneSimulator.ActiveCfg = Release|Any CPU
		{9BBD0184-6499-4E0D-8EDC-452B93E3154C}.Ad-Hoc|iPhoneSimulator.Build.0 = Release|Any CPU
		{9BBD0184-6499-4E0D-8EDC-452B93E3154C}.Ad-Hoc|iPhoneSimulator.Deploy.0 = Release|Any CPU
		{9BBD0184-6499-4E0D-8EDC-452B93E3154C}.Ad-Hoc|x64.ActiveCfg = Release|Any CPU
		{9BBD0184-6499-4E0D-8EDC-452B93E3154C}.Ad-Hoc|x64.Build.0 = Release|Any CPU
		{9BBD0184-6499-4E0D-8EDC-452B93E3154C}.Ad-Hoc|x64.Deploy.0 = Release|Any CPU
		{9BBD0184-6499-4E0D-8EDC-452B93E3154C}.Ad-Hoc|x86.ActiveCfg = Release|Any CPU
		{9BBD0184-6499-4E0D-8EDC-452B93E3154C}.Ad-Hoc|x86.Build.0 = Release|Any CPU
		{9BBD0184-6499-4E0D-8EDC-452B93E3154C}.Ad-Hoc|x86.Deploy.0 = Release|Any CPU
		{9BBD0184-6499-4E0D-8EDC-452B93E3154C}.AppStore|Any CPU.ActiveCfg = Release|Any CPU
		{9BBD0184-6499-4E0D-8EDC-452B93E3154C}.AppStore|Any CPU.Build.0 = Release|Any CPU
		{9BBD0184-6499-4E0D-8EDC-452B93E3154C}.AppStore|Any CPU.Deploy.0 = Release|Any CPU
		{9BBD0184-6499-4E0D-8EDC-452B93E3154C}.AppStore|ARM.ActiveCfg = Release|Any CPU
		{9BBD0184-6499-4E0D-8EDC-452B93E3154C}.AppStore|ARM.Build.0 = Release|Any CPU
		{9BBD0184-6499-4E0D-8EDC-452B93E3154C}.AppStore|ARM.Deploy.0 = Release|Any CPU
		{9BBD0184-6499-4E0D-8EDC-452B93E3154C}.AppStore|iPhone.ActiveCfg = Release|Any CPU
		{9BBD0184-6499-4E0D-8EDC-452B93E3154C}.AppStore|iPhone.Build.0 = Release|Any CPU
		{9BBD0184-6499-4E0D-8EDC-452B93E3154C}.AppStore|iPhone.Deploy.0 = Release|Any CPU
		{9BBD0184-6499-4E0D-8EDC-452B93E3154C}.AppStore|iPhoneSimulator.ActiveCfg = Release|Any CPU
		{9BBD0184-6499-4E0D-8EDC-452B93E3154C}.AppStore|iPhoneSimulator.Build.0 = Release|Any CPU
		{9BBD0184-6499-4E0D-8EDC-452B93E3154C}.AppStore|iPhoneSimulator.Deploy.0 = Release|Any CPU
		{9BBD0184-6499-4E0D-8EDC-452B93E3154C}.AppStore|x64.ActiveCfg = Release|Any CPU
		{9BBD0184-6499-4E0D-8EDC-452B93E3154C}.AppStore|x64.Build.0 = Release|Any CPU
		{9BBD0184-6499-4E0D-8EDC-452B93E3154C}.AppStore|x64.Deploy.0 = Release|Any CPU
		{9BBD0184-6499-4E0D-8EDC-452B93E3154C}.AppStore|x86.ActiveCfg = Release|Any CPU
		{9BBD0184-6499-4E0D-8EDC-452B93E3154C}.AppStore|x86.Build.0 = Release|Any CPU
		{9BBD0184-6499-4E0D-8EDC-452B93E3154C}.AppStore|x86.Deploy.0 = Release|Any CPU
		{9BBD0184-6499-4E0D-8EDC-452B93E3154C}.Debug|Any CPU.ActiveCfg = Debug|Any CPU
		{9BBD0184-6499-4E0D-8EDC-452B93E3154C}.Debug|Any CPU.Build.0 = Debug|Any CPU
		{9BBD0184-6499-4E0D-8EDC-452B93E3154C}.Debug|Any CPU.Deploy.0 = Debug|Any CPU
		{9BBD0184-6499-4E0D-8EDC-452B93E3154C}.Debug|ARM.ActiveCfg = Debug|Any CPU
		{9BBD0184-6499-4E0D-8EDC-452B93E3154C}.Debug|ARM.Build.0 = Debug|Any CPU
		{9BBD0184-6499-4E0D-8EDC-452B93E3154C}.Debug|ARM.Deploy.0 = Debug|Any CPU
		{9BBD0184-6499-4E0D-8EDC-452B93E3154C}.Debug|iPhone.ActiveCfg = Debug|Any CPU
		{9BBD0184-6499-4E0D-8EDC-452B93E3154C}.Debug|iPhone.Build.0 = Debug|Any CPU
		{9BBD0184-6499-4E0D-8EDC-452B93E3154C}.Debug|iPhone.Deploy.0 = Debug|Any CPU
		{9BBD0184-6499-4E0D-8EDC-452B93E3154C}.Debug|iPhoneSimulator.ActiveCfg = Debug|Any CPU
		{9BBD0184-6499-4E0D-8EDC-452B93E3154C}.Debug|iPhoneSimulator.Build.0 = Debug|Any CPU
		{9BBD0184-6499-4E0D-8EDC-452B93E3154C}.Debug|iPhoneSimulator.Deploy.0 = Debug|Any CPU
		{9BBD0184-6499-4E0D-8EDC-452B93E3154C}.Debug|x64.ActiveCfg = Debug|Any CPU
		{9BBD0184-6499-4E0D-8EDC-452B93E3154C}.Debug|x64.Build.0 = Debug|Any CPU
		{9BBD0184-6499-4E0D-8EDC-452B93E3154C}.Debug|x64.Deploy.0 = Debug|Any CPU
		{9BBD0184-6499-4E0D-8EDC-452B93E3154C}.Debug|x86.ActiveCfg = Debug|Any CPU
		{9BBD0184-6499-4E0D-8EDC-452B93E3154C}.Debug|x86.Build.0 = Debug|Any CPU
		{9BBD0184-6499-4E0D-8EDC-452B93E3154C}.Debug|x86.Deploy.0 = Debug|Any CPU
		{9BBD0184-6499-4E0D-8EDC-452B93E3154C}.Release|Any CPU.ActiveCfg = Release|Any CPU
		{9BBD0184-6499-4E0D-8EDC-452B93E3154C}.Release|Any CPU.Build.0 = Release|Any CPU
		{9BBD0184-6499-4E0D-8EDC-452B93E3154C}.Release|Any CPU.Deploy.0 = Release|Any CPU
		{9BBD0184-6499-4E0D-8EDC-452B93E3154C}.Release|ARM.ActiveCfg = Release|Any CPU
		{9BBD0184-6499-4E0D-8EDC-452B93E3154C}.Release|ARM.Build.0 = Release|Any CPU
		{9BBD0184-6499-4E0D-8EDC-452B93E3154C}.Release|ARM.Deploy.0 = Release|Any CPU
		{9BBD0184-6499-4E0D-8EDC-452B93E3154C}.Release|iPhone.ActiveCfg = Release|Any CPU
		{9BBD0184-6499-4E0D-8EDC-452B93E3154C}.Release|iPhone.Build.0 = Release|Any CPU
		{9BBD0184-6499-4E0D-8EDC-452B93E3154C}.Release|iPhone.Deploy.0 = Release|Any CPU
		{9BBD0184-6499-4E0D-8EDC-452B93E3154C}.Release|iPhoneSimulator.ActiveCfg = Release|Any CPU
		{9BBD0184-6499-4E0D-8EDC-452B93E3154C}.Release|iPhoneSimulator.Build.0 = Release|Any CPU
		{9BBD0184-6499-4E0D-8EDC-452B93E3154C}.Release|iPhoneSimulator.Deploy.0 = Release|Any CPU
		{9BBD0184-6499-4E0D-8EDC-452B93E3154C}.Release|x64.ActiveCfg = Release|Any CPU
		{9BBD0184-6499-4E0D-8EDC-452B93E3154C}.Release|x64.Build.0 = Release|Any CPU
		{9BBD0184-6499-4E0D-8EDC-452B93E3154C}.Release|x64.Deploy.0 = Release|Any CPU
		{9BBD0184-6499-4E0D-8EDC-452B93E3154C}.Release|x86.ActiveCfg = Release|Any CPU
		{9BBD0184-6499-4E0D-8EDC-452B93E3154C}.Release|x86.Build.0 = Release|Any CPU
		{9BBD0184-6499-4E0D-8EDC-452B93E3154C}.Release|x86.Deploy.0 = Release|Any CPU
		{001718B5-79F8-4897-87B8-6DC0AF5EA8A0}.Ad-Hoc|Any CPU.ActiveCfg = Release|Any CPU
		{001718B5-79F8-4897-87B8-6DC0AF5EA8A0}.Ad-Hoc|Any CPU.Build.0 = Release|Any CPU
		{001718B5-79F8-4897-87B8-6DC0AF5EA8A0}.Ad-Hoc|ARM.ActiveCfg = Release|Any CPU
		{001718B5-79F8-4897-87B8-6DC0AF5EA8A0}.Ad-Hoc|ARM.Build.0 = Release|Any CPU
		{001718B5-79F8-4897-87B8-6DC0AF5EA8A0}.Ad-Hoc|iPhone.ActiveCfg = Release|Any CPU
		{001718B5-79F8-4897-87B8-6DC0AF5EA8A0}.Ad-Hoc|iPhone.Build.0 = Release|Any CPU
		{001718B5-79F8-4897-87B8-6DC0AF5EA8A0}.Ad-Hoc|iPhoneSimulator.ActiveCfg = Release|Any CPU
		{001718B5-79F8-4897-87B8-6DC0AF5EA8A0}.Ad-Hoc|iPhoneSimulator.Build.0 = Release|Any CPU
		{001718B5-79F8-4897-87B8-6DC0AF5EA8A0}.Ad-Hoc|x64.ActiveCfg = Release|Any CPU
		{001718B5-79F8-4897-87B8-6DC0AF5EA8A0}.Ad-Hoc|x64.Build.0 = Release|Any CPU
		{001718B5-79F8-4897-87B8-6DC0AF5EA8A0}.Ad-Hoc|x86.ActiveCfg = Release|Any CPU
		{001718B5-79F8-4897-87B8-6DC0AF5EA8A0}.Ad-Hoc|x86.Build.0 = Release|Any CPU
		{001718B5-79F8-4897-87B8-6DC0AF5EA8A0}.AppStore|Any CPU.ActiveCfg = Release|Any CPU
		{001718B5-79F8-4897-87B8-6DC0AF5EA8A0}.AppStore|Any CPU.Build.0 = Release|Any CPU
		{001718B5-79F8-4897-87B8-6DC0AF5EA8A0}.AppStore|ARM.ActiveCfg = Release|Any CPU
		{001718B5-79F8-4897-87B8-6DC0AF5EA8A0}.AppStore|ARM.Build.0 = Release|Any CPU
		{001718B5-79F8-4897-87B8-6DC0AF5EA8A0}.AppStore|iPhone.ActiveCfg = Release|Any CPU
		{001718B5-79F8-4897-87B8-6DC0AF5EA8A0}.AppStore|iPhone.Build.0 = Release|Any CPU
		{001718B5-79F8-4897-87B8-6DC0AF5EA8A0}.AppStore|iPhoneSimulator.ActiveCfg = Release|Any CPU
		{001718B5-79F8-4897-87B8-6DC0AF5EA8A0}.AppStore|iPhoneSimulator.Build.0 = Release|Any CPU
		{001718B5-79F8-4897-87B8-6DC0AF5EA8A0}.AppStore|x64.ActiveCfg = Release|Any CPU
		{001718B5-79F8-4897-87B8-6DC0AF5EA8A0}.AppStore|x64.Build.0 = Release|Any CPU
		{001718B5-79F8-4897-87B8-6DC0AF5EA8A0}.AppStore|x86.ActiveCfg = Release|Any CPU
		{001718B5-79F8-4897-87B8-6DC0AF5EA8A0}.AppStore|x86.Build.0 = Release|Any CPU
		{001718B5-79F8-4897-87B8-6DC0AF5EA8A0}.Debug|Any CPU.ActiveCfg = Debug|Any CPU
		{001718B5-79F8-4897-87B8-6DC0AF5EA8A0}.Debug|Any CPU.Build.0 = Debug|Any CPU
		{001718B5-79F8-4897-87B8-6DC0AF5EA8A0}.Debug|ARM.ActiveCfg = Debug|Any CPU
		{001718B5-79F8-4897-87B8-6DC0AF5EA8A0}.Debug|ARM.Build.0 = Debug|Any CPU
		{001718B5-79F8-4897-87B8-6DC0AF5EA8A0}.Debug|iPhone.ActiveCfg = Debug|Any CPU
		{001718B5-79F8-4897-87B8-6DC0AF5EA8A0}.Debug|iPhone.Build.0 = Debug|Any CPU
		{001718B5-79F8-4897-87B8-6DC0AF5EA8A0}.Debug|iPhoneSimulator.ActiveCfg = Debug|Any CPU
		{001718B5-79F8-4897-87B8-6DC0AF5EA8A0}.Debug|iPhoneSimulator.Build.0 = Debug|Any CPU
		{001718B5-79F8-4897-87B8-6DC0AF5EA8A0}.Debug|x64.ActiveCfg = Debug|Any CPU
		{001718B5-79F8-4897-87B8-6DC0AF5EA8A0}.Debug|x64.Build.0 = Debug|Any CPU
		{001718B5-79F8-4897-87B8-6DC0AF5EA8A0}.Debug|x86.ActiveCfg = Debug|Any CPU
		{001718B5-79F8-4897-87B8-6DC0AF5EA8A0}.Debug|x86.Build.0 = Debug|Any CPU
		{001718B5-79F8-4897-87B8-6DC0AF5EA8A0}.Release|Any CPU.ActiveCfg = Release|Any CPU
		{001718B5-79F8-4897-87B8-6DC0AF5EA8A0}.Release|Any CPU.Build.0 = Release|Any CPU
		{001718B5-79F8-4897-87B8-6DC0AF5EA8A0}.Release|ARM.ActiveCfg = Release|Any CPU
		{001718B5-79F8-4897-87B8-6DC0AF5EA8A0}.Release|ARM.Build.0 = Release|Any CPU
		{001718B5-79F8-4897-87B8-6DC0AF5EA8A0}.Release|iPhone.ActiveCfg = Release|Any CPU
		{001718B5-79F8-4897-87B8-6DC0AF5EA8A0}.Release|iPhone.Build.0 = Release|Any CPU
		{001718B5-79F8-4897-87B8-6DC0AF5EA8A0}.Release|iPhoneSimulator.ActiveCfg = Release|Any CPU
		{001718B5-79F8-4897-87B8-6DC0AF5EA8A0}.Release|iPhoneSimulator.Build.0 = Release|Any CPU
		{001718B5-79F8-4897-87B8-6DC0AF5EA8A0}.Release|x64.ActiveCfg = Release|Any CPU
		{001718B5-79F8-4897-87B8-6DC0AF5EA8A0}.Release|x64.Build.0 = Release|Any CPU
		{001718B5-79F8-4897-87B8-6DC0AF5EA8A0}.Release|x86.ActiveCfg = Release|Any CPU
		{001718B5-79F8-4897-87B8-6DC0AF5EA8A0}.Release|x86.Build.0 = Release|Any CPU
		{41AE4B30-C5C2-4BC0-82BD-EF0B01D9B9F1}.Ad-Hoc|Any CPU.ActiveCfg = Release|Any CPU
		{41AE4B30-C5C2-4BC0-82BD-EF0B01D9B9F1}.Ad-Hoc|Any CPU.Build.0 = Release|Any CPU
		{41AE4B30-C5C2-4BC0-82BD-EF0B01D9B9F1}.Ad-Hoc|Any CPU.Deploy.0 = Release|Any CPU
		{41AE4B30-C5C2-4BC0-82BD-EF0B01D9B9F1}.Ad-Hoc|ARM.ActiveCfg = Release|ARM
		{41AE4B30-C5C2-4BC0-82BD-EF0B01D9B9F1}.Ad-Hoc|ARM.Build.0 = Release|ARM
		{41AE4B30-C5C2-4BC0-82BD-EF0B01D9B9F1}.Ad-Hoc|ARM.Deploy.0 = Release|ARM
		{41AE4B30-C5C2-4BC0-82BD-EF0B01D9B9F1}.Ad-Hoc|iPhone.ActiveCfg = Release|Any CPU
		{41AE4B30-C5C2-4BC0-82BD-EF0B01D9B9F1}.Ad-Hoc|iPhone.Build.0 = Release|Any CPU
		{41AE4B30-C5C2-4BC0-82BD-EF0B01D9B9F1}.Ad-Hoc|iPhone.Deploy.0 = Release|Any CPU
		{41AE4B30-C5C2-4BC0-82BD-EF0B01D9B9F1}.Ad-Hoc|iPhoneSimulator.ActiveCfg = Release|Any CPU
		{41AE4B30-C5C2-4BC0-82BD-EF0B01D9B9F1}.Ad-Hoc|iPhoneSimulator.Build.0 = Release|Any CPU
		{41AE4B30-C5C2-4BC0-82BD-EF0B01D9B9F1}.Ad-Hoc|iPhoneSimulator.Deploy.0 = Release|Any CPU
		{41AE4B30-C5C2-4BC0-82BD-EF0B01D9B9F1}.Ad-Hoc|x64.ActiveCfg = Release|Any CPU
		{41AE4B30-C5C2-4BC0-82BD-EF0B01D9B9F1}.Ad-Hoc|x64.Build.0 = Release|Any CPU
		{41AE4B30-C5C2-4BC0-82BD-EF0B01D9B9F1}.Ad-Hoc|x64.Deploy.0 = Release|Any CPU
		{41AE4B30-C5C2-4BC0-82BD-EF0B01D9B9F1}.Ad-Hoc|x86.ActiveCfg = Release|x86
		{41AE4B30-C5C2-4BC0-82BD-EF0B01D9B9F1}.Ad-Hoc|x86.Build.0 = Release|x86
		{41AE4B30-C5C2-4BC0-82BD-EF0B01D9B9F1}.Ad-Hoc|x86.Deploy.0 = Release|x86
		{41AE4B30-C5C2-4BC0-82BD-EF0B01D9B9F1}.AppStore|Any CPU.ActiveCfg = Release|Any CPU
		{41AE4B30-C5C2-4BC0-82BD-EF0B01D9B9F1}.AppStore|Any CPU.Build.0 = Release|Any CPU
		{41AE4B30-C5C2-4BC0-82BD-EF0B01D9B9F1}.AppStore|Any CPU.Deploy.0 = Release|Any CPU
		{41AE4B30-C5C2-4BC0-82BD-EF0B01D9B9F1}.AppStore|ARM.ActiveCfg = Release|ARM
		{41AE4B30-C5C2-4BC0-82BD-EF0B01D9B9F1}.AppStore|ARM.Build.0 = Release|ARM
		{41AE4B30-C5C2-4BC0-82BD-EF0B01D9B9F1}.AppStore|ARM.Deploy.0 = Release|ARM
		{41AE4B30-C5C2-4BC0-82BD-EF0B01D9B9F1}.AppStore|iPhone.ActiveCfg = Release|Any CPU
		{41AE4B30-C5C2-4BC0-82BD-EF0B01D9B9F1}.AppStore|iPhone.Build.0 = Release|Any CPU
		{41AE4B30-C5C2-4BC0-82BD-EF0B01D9B9F1}.AppStore|iPhone.Deploy.0 = Release|Any CPU
		{41AE4B30-C5C2-4BC0-82BD-EF0B01D9B9F1}.AppStore|iPhoneSimulator.ActiveCfg = Release|Any CPU
		{41AE4B30-C5C2-4BC0-82BD-EF0B01D9B9F1}.AppStore|iPhoneSimulator.Build.0 = Release|Any CPU
		{41AE4B30-C5C2-4BC0-82BD-EF0B01D9B9F1}.AppStore|iPhoneSimulator.Deploy.0 = Release|Any CPU
		{41AE4B30-C5C2-4BC0-82BD-EF0B01D9B9F1}.AppStore|x64.ActiveCfg = Release|Any CPU
		{41AE4B30-C5C2-4BC0-82BD-EF0B01D9B9F1}.AppStore|x64.Build.0 = Release|Any CPU
		{41AE4B30-C5C2-4BC0-82BD-EF0B01D9B9F1}.AppStore|x64.Deploy.0 = Release|Any CPU
		{41AE4B30-C5C2-4BC0-82BD-EF0B01D9B9F1}.AppStore|x86.ActiveCfg = Release|x86
		{41AE4B30-C5C2-4BC0-82BD-EF0B01D9B9F1}.AppStore|x86.Build.0 = Release|x86
		{41AE4B30-C5C2-4BC0-82BD-EF0B01D9B9F1}.AppStore|x86.Deploy.0 = Release|x86
		{41AE4B30-C5C2-4BC0-82BD-EF0B01D9B9F1}.Debug|Any CPU.ActiveCfg = Debug|Any CPU
		{41AE4B30-C5C2-4BC0-82BD-EF0B01D9B9F1}.Debug|Any CPU.Build.0 = Debug|Any CPU
		{41AE4B30-C5C2-4BC0-82BD-EF0B01D9B9F1}.Debug|Any CPU.Deploy.0 = Debug|Any CPU
		{41AE4B30-C5C2-4BC0-82BD-EF0B01D9B9F1}.Debug|ARM.ActiveCfg = Debug|ARM
		{41AE4B30-C5C2-4BC0-82BD-EF0B01D9B9F1}.Debug|ARM.Build.0 = Debug|ARM
		{41AE4B30-C5C2-4BC0-82BD-EF0B01D9B9F1}.Debug|ARM.Deploy.0 = Debug|ARM
		{41AE4B30-C5C2-4BC0-82BD-EF0B01D9B9F1}.Debug|iPhone.ActiveCfg = Debug|Any CPU
		{41AE4B30-C5C2-4BC0-82BD-EF0B01D9B9F1}.Debug|iPhone.Build.0 = Debug|Any CPU
		{41AE4B30-C5C2-4BC0-82BD-EF0B01D9B9F1}.Debug|iPhone.Deploy.0 = Debug|Any CPU
		{41AE4B30-C5C2-4BC0-82BD-EF0B01D9B9F1}.Debug|iPhoneSimulator.ActiveCfg = Debug|Any CPU
		{41AE4B30-C5C2-4BC0-82BD-EF0B01D9B9F1}.Debug|iPhoneSimulator.Build.0 = Debug|Any CPU
		{41AE4B30-C5C2-4BC0-82BD-EF0B01D9B9F1}.Debug|iPhoneSimulator.Deploy.0 = Debug|Any CPU
		{41AE4B30-C5C2-4BC0-82BD-EF0B01D9B9F1}.Debug|x64.ActiveCfg = Debug|Any CPU
		{41AE4B30-C5C2-4BC0-82BD-EF0B01D9B9F1}.Debug|x64.Build.0 = Debug|Any CPU
		{41AE4B30-C5C2-4BC0-82BD-EF0B01D9B9F1}.Debug|x64.Deploy.0 = Debug|Any CPU
		{41AE4B30-C5C2-4BC0-82BD-EF0B01D9B9F1}.Debug|x86.ActiveCfg = Debug|x86
		{41AE4B30-C5C2-4BC0-82BD-EF0B01D9B9F1}.Debug|x86.Build.0 = Debug|x86
		{41AE4B30-C5C2-4BC0-82BD-EF0B01D9B9F1}.Debug|x86.Deploy.0 = Debug|x86
		{41AE4B30-C5C2-4BC0-82BD-EF0B01D9B9F1}.Release|Any CPU.ActiveCfg = Release|Any CPU
		{41AE4B30-C5C2-4BC0-82BD-EF0B01D9B9F1}.Release|Any CPU.Build.0 = Release|Any CPU
		{41AE4B30-C5C2-4BC0-82BD-EF0B01D9B9F1}.Release|Any CPU.Deploy.0 = Release|Any CPU
		{41AE4B30-C5C2-4BC0-82BD-EF0B01D9B9F1}.Release|ARM.ActiveCfg = Release|ARM
		{41AE4B30-C5C2-4BC0-82BD-EF0B01D9B9F1}.Release|ARM.Build.0 = Release|ARM
		{41AE4B30-C5C2-4BC0-82BD-EF0B01D9B9F1}.Release|ARM.Deploy.0 = Release|ARM
		{41AE4B30-C5C2-4BC0-82BD-EF0B01D9B9F1}.Release|iPhone.ActiveCfg = Release|Any CPU
		{41AE4B30-C5C2-4BC0-82BD-EF0B01D9B9F1}.Release|iPhone.Build.0 = Release|Any CPU
		{41AE4B30-C5C2-4BC0-82BD-EF0B01D9B9F1}.Release|iPhone.Deploy.0 = Release|Any CPU
		{41AE4B30-C5C2-4BC0-82BD-EF0B01D9B9F1}.Release|iPhoneSimulator.ActiveCfg = Release|Any CPU
		{41AE4B30-C5C2-4BC0-82BD-EF0B01D9B9F1}.Release|iPhoneSimulator.Build.0 = Release|Any CPU
		{41AE4B30-C5C2-4BC0-82BD-EF0B01D9B9F1}.Release|iPhoneSimulator.Deploy.0 = Release|Any CPU
		{41AE4B30-C5C2-4BC0-82BD-EF0B01D9B9F1}.Release|x64.ActiveCfg = Release|Any CPU
		{41AE4B30-C5C2-4BC0-82BD-EF0B01D9B9F1}.Release|x64.Build.0 = Release|Any CPU
		{41AE4B30-C5C2-4BC0-82BD-EF0B01D9B9F1}.Release|x64.Deploy.0 = Release|Any CPU
		{41AE4B30-C5C2-4BC0-82BD-EF0B01D9B9F1}.Release|x86.ActiveCfg = Release|x86
		{41AE4B30-C5C2-4BC0-82BD-EF0B01D9B9F1}.Release|x86.Build.0 = Release|x86
		{41AE4B30-C5C2-4BC0-82BD-EF0B01D9B9F1}.Release|x86.Deploy.0 = Release|x86
		{EF1104F3-E346-4148-9EF1-71EFB263F0D5}.Ad-Hoc|Any CPU.ActiveCfg = Release|x86
		{EF1104F3-E346-4148-9EF1-71EFB263F0D5}.Ad-Hoc|Any CPU.Build.0 = Release|x86
		{EF1104F3-E346-4148-9EF1-71EFB263F0D5}.Ad-Hoc|Any CPU.Deploy.0 = Release|x86
		{EF1104F3-E346-4148-9EF1-71EFB263F0D5}.Ad-Hoc|ARM.ActiveCfg = Release|ARM
		{EF1104F3-E346-4148-9EF1-71EFB263F0D5}.Ad-Hoc|ARM.Build.0 = Release|ARM
		{EF1104F3-E346-4148-9EF1-71EFB263F0D5}.Ad-Hoc|ARM.Deploy.0 = Release|ARM
		{EF1104F3-E346-4148-9EF1-71EFB263F0D5}.Ad-Hoc|iPhone.ActiveCfg = Release|x86
		{EF1104F3-E346-4148-9EF1-71EFB263F0D5}.Ad-Hoc|iPhone.Build.0 = Release|x86
		{EF1104F3-E346-4148-9EF1-71EFB263F0D5}.Ad-Hoc|iPhone.Deploy.0 = Release|x86
		{EF1104F3-E346-4148-9EF1-71EFB263F0D5}.Ad-Hoc|iPhoneSimulator.ActiveCfg = Release|x86
		{EF1104F3-E346-4148-9EF1-71EFB263F0D5}.Ad-Hoc|iPhoneSimulator.Build.0 = Release|x86
		{EF1104F3-E346-4148-9EF1-71EFB263F0D5}.Ad-Hoc|iPhoneSimulator.Deploy.0 = Release|x86
		{EF1104F3-E346-4148-9EF1-71EFB263F0D5}.Ad-Hoc|x64.ActiveCfg = Release|x64
		{EF1104F3-E346-4148-9EF1-71EFB263F0D5}.Ad-Hoc|x64.Build.0 = Release|x64
		{EF1104F3-E346-4148-9EF1-71EFB263F0D5}.Ad-Hoc|x64.Deploy.0 = Release|x64
		{EF1104F3-E346-4148-9EF1-71EFB263F0D5}.Ad-Hoc|x86.ActiveCfg = Release|x86
		{EF1104F3-E346-4148-9EF1-71EFB263F0D5}.Ad-Hoc|x86.Build.0 = Release|x86
		{EF1104F3-E346-4148-9EF1-71EFB263F0D5}.Ad-Hoc|x86.Deploy.0 = Release|x86
		{EF1104F3-E346-4148-9EF1-71EFB263F0D5}.AppStore|Any CPU.ActiveCfg = Release|x86
		{EF1104F3-E346-4148-9EF1-71EFB263F0D5}.AppStore|Any CPU.Build.0 = Release|x86
		{EF1104F3-E346-4148-9EF1-71EFB263F0D5}.AppStore|Any CPU.Deploy.0 = Release|x86
		{EF1104F3-E346-4148-9EF1-71EFB263F0D5}.AppStore|ARM.ActiveCfg = Release|ARM
		{EF1104F3-E346-4148-9EF1-71EFB263F0D5}.AppStore|ARM.Build.0 = Release|ARM
		{EF1104F3-E346-4148-9EF1-71EFB263F0D5}.AppStore|ARM.Deploy.0 = Release|ARM
		{EF1104F3-E346-4148-9EF1-71EFB263F0D5}.AppStore|iPhone.ActiveCfg = Release|x86
		{EF1104F3-E346-4148-9EF1-71EFB263F0D5}.AppStore|iPhone.Build.0 = Release|x86
		{EF1104F3-E346-4148-9EF1-71EFB263F0D5}.AppStore|iPhone.Deploy.0 = Release|x86
		{EF1104F3-E346-4148-9EF1-71EFB263F0D5}.AppStore|iPhoneSimulator.ActiveCfg = Release|x86
		{EF1104F3-E346-4148-9EF1-71EFB263F0D5}.AppStore|iPhoneSimulator.Build.0 = Release|x86
		{EF1104F3-E346-4148-9EF1-71EFB263F0D5}.AppStore|iPhoneSimulator.Deploy.0 = Release|x86
		{EF1104F3-E346-4148-9EF1-71EFB263F0D5}.AppStore|x64.ActiveCfg = Release|x64
		{EF1104F3-E346-4148-9EF1-71EFB263F0D5}.AppStore|x64.Build.0 = Release|x64
		{EF1104F3-E346-4148-9EF1-71EFB263F0D5}.AppStore|x64.Deploy.0 = Release|x64
		{EF1104F3-E346-4148-9EF1-71EFB263F0D5}.AppStore|x86.ActiveCfg = Release|x86
		{EF1104F3-E346-4148-9EF1-71EFB263F0D5}.AppStore|x86.Build.0 = Release|x86
		{EF1104F3-E346-4148-9EF1-71EFB263F0D5}.AppStore|x86.Deploy.0 = Release|x86
		{EF1104F3-E346-4148-9EF1-71EFB263F0D5}.Debug|Any CPU.ActiveCfg = Debug|x86
		{EF1104F3-E346-4148-9EF1-71EFB263F0D5}.Debug|Any CPU.Build.0 = Debug|x86
		{EF1104F3-E346-4148-9EF1-71EFB263F0D5}.Debug|Any CPU.Deploy.0 = Debug|x86
		{EF1104F3-E346-4148-9EF1-71EFB263F0D5}.Debug|ARM.ActiveCfg = Debug|ARM
		{EF1104F3-E346-4148-9EF1-71EFB263F0D5}.Debug|ARM.Build.0 = Debug|ARM
		{EF1104F3-E346-4148-9EF1-71EFB263F0D5}.Debug|ARM.Deploy.0 = Debug|ARM
		{EF1104F3-E346-4148-9EF1-71EFB263F0D5}.Debug|iPhone.ActiveCfg = Debug|x86
		{EF1104F3-E346-4148-9EF1-71EFB263F0D5}.Debug|iPhoneSimulator.ActiveCfg = Debug|x86
		{EF1104F3-E346-4148-9EF1-71EFB263F0D5}.Debug|x64.ActiveCfg = Debug|x64
		{EF1104F3-E346-4148-9EF1-71EFB263F0D5}.Debug|x64.Build.0 = Debug|x64
		{EF1104F3-E346-4148-9EF1-71EFB263F0D5}.Debug|x64.Deploy.0 = Debug|x64
		{EF1104F3-E346-4148-9EF1-71EFB263F0D5}.Debug|x86.ActiveCfg = Debug|x86
		{EF1104F3-E346-4148-9EF1-71EFB263F0D5}.Debug|x86.Build.0 = Debug|x86
		{EF1104F3-E346-4148-9EF1-71EFB263F0D5}.Debug|x86.Deploy.0 = Debug|x86
		{EF1104F3-E346-4148-9EF1-71EFB263F0D5}.Release|Any CPU.ActiveCfg = Release|x86
		{EF1104F3-E346-4148-9EF1-71EFB263F0D5}.Release|ARM.ActiveCfg = Release|ARM
		{EF1104F3-E346-4148-9EF1-71EFB263F0D5}.Release|ARM.Build.0 = Release|ARM
		{EF1104F3-E346-4148-9EF1-71EFB263F0D5}.Release|ARM.Deploy.0 = Release|ARM
		{EF1104F3-E346-4148-9EF1-71EFB263F0D5}.Release|iPhone.ActiveCfg = Release|x86
		{EF1104F3-E346-4148-9EF1-71EFB263F0D5}.Release|iPhoneSimulator.ActiveCfg = Release|x86
		{EF1104F3-E346-4148-9EF1-71EFB263F0D5}.Release|x64.ActiveCfg = Release|x64
		{EF1104F3-E346-4148-9EF1-71EFB263F0D5}.Release|x64.Build.0 = Release|x64
		{EF1104F3-E346-4148-9EF1-71EFB263F0D5}.Release|x64.Deploy.0 = Release|x64
		{EF1104F3-E346-4148-9EF1-71EFB263F0D5}.Release|x86.ActiveCfg = Release|x86
		{EF1104F3-E346-4148-9EF1-71EFB263F0D5}.Release|x86.Build.0 = Release|x86
		{EF1104F3-E346-4148-9EF1-71EFB263F0D5}.Release|x86.Deploy.0 = Release|x86
		{EC984407-662C-4AA4-8AA3-DF996E0E8085}.Ad-Hoc|Any CPU.ActiveCfg = Ad-Hoc|iPhone
		{EC984407-662C-4AA4-8AA3-DF996E0E8085}.Ad-Hoc|ARM.ActiveCfg = Ad-Hoc|iPhone
		{EC984407-662C-4AA4-8AA3-DF996E0E8085}.Ad-Hoc|iPhone.ActiveCfg = Ad-Hoc|iPhone
		{EC984407-662C-4AA4-8AA3-DF996E0E8085}.Ad-Hoc|iPhone.Build.0 = Ad-Hoc|iPhone
		{EC984407-662C-4AA4-8AA3-DF996E0E8085}.Ad-Hoc|iPhoneSimulator.ActiveCfg = Ad-Hoc|iPhoneSimulator
		{EC984407-662C-4AA4-8AA3-DF996E0E8085}.Ad-Hoc|iPhoneSimulator.Build.0 = Ad-Hoc|iPhoneSimulator
		{EC984407-662C-4AA4-8AA3-DF996E0E8085}.Ad-Hoc|x64.ActiveCfg = Ad-Hoc|iPhone
		{EC984407-662C-4AA4-8AA3-DF996E0E8085}.Ad-Hoc|x86.ActiveCfg = Ad-Hoc|iPhone
		{EC984407-662C-4AA4-8AA3-DF996E0E8085}.AppStore|Any CPU.ActiveCfg = AppStore|iPhone
		{EC984407-662C-4AA4-8AA3-DF996E0E8085}.AppStore|ARM.ActiveCfg = AppStore|iPhone
		{EC984407-662C-4AA4-8AA3-DF996E0E8085}.AppStore|iPhone.ActiveCfg = AppStore|iPhone
		{EC984407-662C-4AA4-8AA3-DF996E0E8085}.AppStore|iPhone.Build.0 = AppStore|iPhone
		{EC984407-662C-4AA4-8AA3-DF996E0E8085}.AppStore|iPhoneSimulator.ActiveCfg = AppStore|iPhoneSimulator
		{EC984407-662C-4AA4-8AA3-DF996E0E8085}.AppStore|iPhoneSimulator.Build.0 = AppStore|iPhoneSimulator
		{EC984407-662C-4AA4-8AA3-DF996E0E8085}.AppStore|x64.ActiveCfg = AppStore|iPhone
		{EC984407-662C-4AA4-8AA3-DF996E0E8085}.AppStore|x86.ActiveCfg = AppStore|iPhone
		{EC984407-662C-4AA4-8AA3-DF996E0E8085}.Debug|Any CPU.ActiveCfg = Debug|iPhone
		{EC984407-662C-4AA4-8AA3-DF996E0E8085}.Debug|ARM.ActiveCfg = Debug|iPhone
		{EC984407-662C-4AA4-8AA3-DF996E0E8085}.Debug|iPhone.ActiveCfg = Debug|iPhone
		{EC984407-662C-4AA4-8AA3-DF996E0E8085}.Debug|iPhone.Build.0 = Debug|iPhone
		{EC984407-662C-4AA4-8AA3-DF996E0E8085}.Debug|iPhoneSimulator.ActiveCfg = Debug|iPhoneSimulator
		{EC984407-662C-4AA4-8AA3-DF996E0E8085}.Debug|iPhoneSimulator.Build.0 = Debug|iPhoneSimulator
		{EC984407-662C-4AA4-8AA3-DF996E0E8085}.Debug|x64.ActiveCfg = Debug|iPhone
		{EC984407-662C-4AA4-8AA3-DF996E0E8085}.Debug|x86.ActiveCfg = Debug|iPhone
		{EC984407-662C-4AA4-8AA3-DF996E0E8085}.Release|Any CPU.ActiveCfg = Release|iPhone
		{EC984407-662C-4AA4-8AA3-DF996E0E8085}.Release|ARM.ActiveCfg = Release|iPhone
		{EC984407-662C-4AA4-8AA3-DF996E0E8085}.Release|iPhone.ActiveCfg = Release|iPhone
		{EC984407-662C-4AA4-8AA3-DF996E0E8085}.Release|iPhone.Build.0 = Release|iPhone
		{EC984407-662C-4AA4-8AA3-DF996E0E8085}.Release|iPhoneSimulator.ActiveCfg = Release|iPhoneSimulator
		{EC984407-662C-4AA4-8AA3-DF996E0E8085}.Release|iPhoneSimulator.Build.0 = Release|iPhoneSimulator
		{EC984407-662C-4AA4-8AA3-DF996E0E8085}.Release|x64.ActiveCfg = Release|iPhone
		{EC984407-662C-4AA4-8AA3-DF996E0E8085}.Release|x86.ActiveCfg = Release|iPhone
		{A3C509E5-6E0C-4E93-B0C1-FBACDB7244EE}.Ad-Hoc|Any CPU.ActiveCfg = Release|Any CPU
		{A3C509E5-6E0C-4E93-B0C1-FBACDB7244EE}.Ad-Hoc|Any CPU.Build.0 = Release|Any CPU
		{A3C509E5-6E0C-4E93-B0C1-FBACDB7244EE}.Ad-Hoc|Any CPU.Deploy.0 = Release|Any CPU
		{A3C509E5-6E0C-4E93-B0C1-FBACDB7244EE}.Ad-Hoc|ARM.ActiveCfg = Release|ARM
		{A3C509E5-6E0C-4E93-B0C1-FBACDB7244EE}.Ad-Hoc|ARM.Build.0 = Release|ARM
		{A3C509E5-6E0C-4E93-B0C1-FBACDB7244EE}.Ad-Hoc|ARM.Deploy.0 = Release|ARM
		{A3C509E5-6E0C-4E93-B0C1-FBACDB7244EE}.Ad-Hoc|iPhone.ActiveCfg = Release|Any CPU
		{A3C509E5-6E0C-4E93-B0C1-FBACDB7244EE}.Ad-Hoc|iPhone.Build.0 = Release|Any CPU
		{A3C509E5-6E0C-4E93-B0C1-FBACDB7244EE}.Ad-Hoc|iPhone.Deploy.0 = Release|Any CPU
		{A3C509E5-6E0C-4E93-B0C1-FBACDB7244EE}.Ad-Hoc|iPhoneSimulator.ActiveCfg = Release|Any CPU
		{A3C509E5-6E0C-4E93-B0C1-FBACDB7244EE}.Ad-Hoc|iPhoneSimulator.Build.0 = Release|Any CPU
		{A3C509E5-6E0C-4E93-B0C1-FBACDB7244EE}.Ad-Hoc|iPhoneSimulator.Deploy.0 = Release|Any CPU
		{A3C509E5-6E0C-4E93-B0C1-FBACDB7244EE}.Ad-Hoc|x64.ActiveCfg = Release|x64
		{A3C509E5-6E0C-4E93-B0C1-FBACDB7244EE}.Ad-Hoc|x64.Build.0 = Release|x64
		{A3C509E5-6E0C-4E93-B0C1-FBACDB7244EE}.Ad-Hoc|x64.Deploy.0 = Release|x64
		{A3C509E5-6E0C-4E93-B0C1-FBACDB7244EE}.Ad-Hoc|x86.ActiveCfg = Release|x86
		{A3C509E5-6E0C-4E93-B0C1-FBACDB7244EE}.Ad-Hoc|x86.Build.0 = Release|x86
		{A3C509E5-6E0C-4E93-B0C1-FBACDB7244EE}.Ad-Hoc|x86.Deploy.0 = Release|x86
		{A3C509E5-6E0C-4E93-B0C1-FBACDB7244EE}.AppStore|Any CPU.ActiveCfg = Release|Any CPU
		{A3C509E5-6E0C-4E93-B0C1-FBACDB7244EE}.AppStore|Any CPU.Build.0 = Release|Any CPU
		{A3C509E5-6E0C-4E93-B0C1-FBACDB7244EE}.AppStore|Any CPU.Deploy.0 = Release|Any CPU
		{A3C509E5-6E0C-4E93-B0C1-FBACDB7244EE}.AppStore|ARM.ActiveCfg = Release|ARM
		{A3C509E5-6E0C-4E93-B0C1-FBACDB7244EE}.AppStore|ARM.Build.0 = Release|ARM
		{A3C509E5-6E0C-4E93-B0C1-FBACDB7244EE}.AppStore|ARM.Deploy.0 = Release|ARM
		{A3C509E5-6E0C-4E93-B0C1-FBACDB7244EE}.AppStore|iPhone.ActiveCfg = Release|Any CPU
		{A3C509E5-6E0C-4E93-B0C1-FBACDB7244EE}.AppStore|iPhone.Build.0 = Release|Any CPU
		{A3C509E5-6E0C-4E93-B0C1-FBACDB7244EE}.AppStore|iPhone.Deploy.0 = Release|Any CPU
		{A3C509E5-6E0C-4E93-B0C1-FBACDB7244EE}.AppStore|iPhoneSimulator.ActiveCfg = Release|Any CPU
		{A3C509E5-6E0C-4E93-B0C1-FBACDB7244EE}.AppStore|iPhoneSimulator.Build.0 = Release|Any CPU
		{A3C509E5-6E0C-4E93-B0C1-FBACDB7244EE}.AppStore|iPhoneSimulator.Deploy.0 = Release|Any CPU
		{A3C509E5-6E0C-4E93-B0C1-FBACDB7244EE}.AppStore|x64.ActiveCfg = Release|x64
		{A3C509E5-6E0C-4E93-B0C1-FBACDB7244EE}.AppStore|x64.Build.0 = Release|x64
		{A3C509E5-6E0C-4E93-B0C1-FBACDB7244EE}.AppStore|x64.Deploy.0 = Release|x64
		{A3C509E5-6E0C-4E93-B0C1-FBACDB7244EE}.AppStore|x86.ActiveCfg = Release|x86
		{A3C509E5-6E0C-4E93-B0C1-FBACDB7244EE}.AppStore|x86.Build.0 = Release|x86
		{A3C509E5-6E0C-4E93-B0C1-FBACDB7244EE}.AppStore|x86.Deploy.0 = Release|x86
		{A3C509E5-6E0C-4E93-B0C1-FBACDB7244EE}.Debug|Any CPU.ActiveCfg = Debug|Any CPU
		{A3C509E5-6E0C-4E93-B0C1-FBACDB7244EE}.Debug|Any CPU.Build.0 = Debug|Any CPU
		{A3C509E5-6E0C-4E93-B0C1-FBACDB7244EE}.Debug|Any CPU.Deploy.0 = Debug|Any CPU
		{A3C509E5-6E0C-4E93-B0C1-FBACDB7244EE}.Debug|ARM.ActiveCfg = Debug|ARM
		{A3C509E5-6E0C-4E93-B0C1-FBACDB7244EE}.Debug|ARM.Build.0 = Debug|ARM
		{A3C509E5-6E0C-4E93-B0C1-FBACDB7244EE}.Debug|ARM.Deploy.0 = Debug|ARM
		{A3C509E5-6E0C-4E93-B0C1-FBACDB7244EE}.Debug|iPhone.ActiveCfg = Debug|Any CPU
		{A3C509E5-6E0C-4E93-B0C1-FBACDB7244EE}.Debug|iPhone.Build.0 = Debug|Any CPU
		{A3C509E5-6E0C-4E93-B0C1-FBACDB7244EE}.Debug|iPhone.Deploy.0 = Debug|Any CPU
		{A3C509E5-6E0C-4E93-B0C1-FBACDB7244EE}.Debug|iPhoneSimulator.ActiveCfg = Debug|Any CPU
		{A3C509E5-6E0C-4E93-B0C1-FBACDB7244EE}.Debug|iPhoneSimulator.Build.0 = Debug|Any CPU
		{A3C509E5-6E0C-4E93-B0C1-FBACDB7244EE}.Debug|iPhoneSimulator.Deploy.0 = Debug|Any CPU
		{A3C509E5-6E0C-4E93-B0C1-FBACDB7244EE}.Debug|x64.ActiveCfg = Debug|x64
		{A3C509E5-6E0C-4E93-B0C1-FBACDB7244EE}.Debug|x64.Build.0 = Debug|x64
		{A3C509E5-6E0C-4E93-B0C1-FBACDB7244EE}.Debug|x64.Deploy.0 = Debug|x64
		{A3C509E5-6E0C-4E93-B0C1-FBACDB7244EE}.Debug|x86.ActiveCfg = Debug|x86
		{A3C509E5-6E0C-4E93-B0C1-FBACDB7244EE}.Debug|x86.Build.0 = Debug|x86
		{A3C509E5-6E0C-4E93-B0C1-FBACDB7244EE}.Debug|x86.Deploy.0 = Debug|x86
		{A3C509E5-6E0C-4E93-B0C1-FBACDB7244EE}.Release|Any CPU.ActiveCfg = Release|Any CPU
		{A3C509E5-6E0C-4E93-B0C1-FBACDB7244EE}.Release|Any CPU.Build.0 = Release|Any CPU
		{A3C509E5-6E0C-4E93-B0C1-FBACDB7244EE}.Release|Any CPU.Deploy.0 = Release|Any CPU
		{A3C509E5-6E0C-4E93-B0C1-FBACDB7244EE}.Release|ARM.ActiveCfg = Release|ARM
		{A3C509E5-6E0C-4E93-B0C1-FBACDB7244EE}.Release|ARM.Build.0 = Release|ARM
		{A3C509E5-6E0C-4E93-B0C1-FBACDB7244EE}.Release|ARM.Deploy.0 = Release|ARM
		{A3C509E5-6E0C-4E93-B0C1-FBACDB7244EE}.Release|iPhone.ActiveCfg = Release|Any CPU
		{A3C509E5-6E0C-4E93-B0C1-FBACDB7244EE}.Release|iPhone.Build.0 = Release|Any CPU
		{A3C509E5-6E0C-4E93-B0C1-FBACDB7244EE}.Release|iPhone.Deploy.0 = Release|Any CPU
		{A3C509E5-6E0C-4E93-B0C1-FBACDB7244EE}.Release|iPhoneSimulator.ActiveCfg = Release|Any CPU
		{A3C509E5-6E0C-4E93-B0C1-FBACDB7244EE}.Release|iPhoneSimulator.Build.0 = Release|Any CPU
		{A3C509E5-6E0C-4E93-B0C1-FBACDB7244EE}.Release|iPhoneSimulator.Deploy.0 = Release|Any CPU
		{A3C509E5-6E0C-4E93-B0C1-FBACDB7244EE}.Release|x64.ActiveCfg = Release|x64
		{A3C509E5-6E0C-4E93-B0C1-FBACDB7244EE}.Release|x64.Build.0 = Release|x64
		{A3C509E5-6E0C-4E93-B0C1-FBACDB7244EE}.Release|x64.Deploy.0 = Release|x64
		{A3C509E5-6E0C-4E93-B0C1-FBACDB7244EE}.Release|x86.ActiveCfg = Release|x86
		{A3C509E5-6E0C-4E93-B0C1-FBACDB7244EE}.Release|x86.Build.0 = Release|x86
		{A3C509E5-6E0C-4E93-B0C1-FBACDB7244EE}.Release|x86.Deploy.0 = Release|x86
		{5A6C150D-6F43-4FA1-92E9-47F008885139}.Ad-Hoc|Any CPU.ActiveCfg = Release|Any CPU
		{5A6C150D-6F43-4FA1-92E9-47F008885139}.Ad-Hoc|Any CPU.Build.0 = Release|Any CPU
		{5A6C150D-6F43-4FA1-92E9-47F008885139}.Ad-Hoc|ARM.ActiveCfg = Release|Any CPU
		{5A6C150D-6F43-4FA1-92E9-47F008885139}.Ad-Hoc|ARM.Build.0 = Release|Any CPU
		{5A6C150D-6F43-4FA1-92E9-47F008885139}.Ad-Hoc|iPhone.ActiveCfg = Release|Any CPU
		{5A6C150D-6F43-4FA1-92E9-47F008885139}.Ad-Hoc|iPhone.Build.0 = Release|Any CPU
		{5A6C150D-6F43-4FA1-92E9-47F008885139}.Ad-Hoc|iPhoneSimulator.ActiveCfg = Release|Any CPU
		{5A6C150D-6F43-4FA1-92E9-47F008885139}.Ad-Hoc|iPhoneSimulator.Build.0 = Release|Any CPU
		{5A6C150D-6F43-4FA1-92E9-47F008885139}.Ad-Hoc|x64.ActiveCfg = Release|Any CPU
		{5A6C150D-6F43-4FA1-92E9-47F008885139}.Ad-Hoc|x64.Build.0 = Release|Any CPU
		{5A6C150D-6F43-4FA1-92E9-47F008885139}.Ad-Hoc|x86.ActiveCfg = Release|Any CPU
		{5A6C150D-6F43-4FA1-92E9-47F008885139}.Ad-Hoc|x86.Build.0 = Release|Any CPU
		{5A6C150D-6F43-4FA1-92E9-47F008885139}.AppStore|Any CPU.ActiveCfg = Release|Any CPU
		{5A6C150D-6F43-4FA1-92E9-47F008885139}.AppStore|Any CPU.Build.0 = Release|Any CPU
		{5A6C150D-6F43-4FA1-92E9-47F008885139}.AppStore|ARM.ActiveCfg = Release|Any CPU
		{5A6C150D-6F43-4FA1-92E9-47F008885139}.AppStore|ARM.Build.0 = Release|Any CPU
		{5A6C150D-6F43-4FA1-92E9-47F008885139}.AppStore|iPhone.ActiveCfg = Release|Any CPU
		{5A6C150D-6F43-4FA1-92E9-47F008885139}.AppStore|iPhone.Build.0 = Release|Any CPU
		{5A6C150D-6F43-4FA1-92E9-47F008885139}.AppStore|iPhoneSimulator.ActiveCfg = Release|Any CPU
		{5A6C150D-6F43-4FA1-92E9-47F008885139}.AppStore|iPhoneSimulator.Build.0 = Release|Any CPU
		{5A6C150D-6F43-4FA1-92E9-47F008885139}.AppStore|x64.ActiveCfg = Release|Any CPU
		{5A6C150D-6F43-4FA1-92E9-47F008885139}.AppStore|x64.Build.0 = Release|Any CPU
		{5A6C150D-6F43-4FA1-92E9-47F008885139}.AppStore|x86.ActiveCfg = Release|Any CPU
		{5A6C150D-6F43-4FA1-92E9-47F008885139}.AppStore|x86.Build.0 = Release|Any CPU
		{5A6C150D-6F43-4FA1-92E9-47F008885139}.Debug|Any CPU.ActiveCfg = Debug|Any CPU
		{5A6C150D-6F43-4FA1-92E9-47F008885139}.Debug|Any CPU.Build.0 = Debug|Any CPU
		{5A6C150D-6F43-4FA1-92E9-47F008885139}.Debug|ARM.ActiveCfg = Debug|Any CPU
		{5A6C150D-6F43-4FA1-92E9-47F008885139}.Debug|ARM.Build.0 = Debug|Any CPU
		{5A6C150D-6F43-4FA1-92E9-47F008885139}.Debug|iPhone.ActiveCfg = Debug|Any CPU
		{5A6C150D-6F43-4FA1-92E9-47F008885139}.Debug|iPhone.Build.0 = Debug|Any CPU
		{5A6C150D-6F43-4FA1-92E9-47F008885139}.Debug|iPhoneSimulator.ActiveCfg = Debug|Any CPU
		{5A6C150D-6F43-4FA1-92E9-47F008885139}.Debug|iPhoneSimulator.Build.0 = Debug|Any CPU
		{5A6C150D-6F43-4FA1-92E9-47F008885139}.Debug|x64.ActiveCfg = Debug|Any CPU
		{5A6C150D-6F43-4FA1-92E9-47F008885139}.Debug|x64.Build.0 = Debug|Any CPU
		{5A6C150D-6F43-4FA1-92E9-47F008885139}.Debug|x86.ActiveCfg = Debug|Any CPU
		{5A6C150D-6F43-4FA1-92E9-47F008885139}.Debug|x86.Build.0 = Debug|Any CPU
		{5A6C150D-6F43-4FA1-92E9-47F008885139}.Release|Any CPU.ActiveCfg = Release|Any CPU
		{5A6C150D-6F43-4FA1-92E9-47F008885139}.Release|Any CPU.Build.0 = Release|Any CPU
		{5A6C150D-6F43-4FA1-92E9-47F008885139}.Release|ARM.ActiveCfg = Release|Any CPU
		{5A6C150D-6F43-4FA1-92E9-47F008885139}.Release|ARM.Build.0 = Release|Any CPU
		{5A6C150D-6F43-4FA1-92E9-47F008885139}.Release|iPhone.ActiveCfg = Release|Any CPU
		{5A6C150D-6F43-4FA1-92E9-47F008885139}.Release|iPhone.Build.0 = Release|Any CPU
		{5A6C150D-6F43-4FA1-92E9-47F008885139}.Release|iPhoneSimulator.ActiveCfg = Release|Any CPU
		{5A6C150D-6F43-4FA1-92E9-47F008885139}.Release|iPhoneSimulator.Build.0 = Release|Any CPU
		{5A6C150D-6F43-4FA1-92E9-47F008885139}.Release|x64.ActiveCfg = Release|Any CPU
		{5A6C150D-6F43-4FA1-92E9-47F008885139}.Release|x64.Build.0 = Release|Any CPU
		{5A6C150D-6F43-4FA1-92E9-47F008885139}.Release|x86.ActiveCfg = Release|Any CPU
		{5A6C150D-6F43-4FA1-92E9-47F008885139}.Release|x86.Build.0 = Release|Any CPU
		{70147796-7E0C-4162-8890-C356114C4608}.Ad-Hoc|Any CPU.ActiveCfg = Release|Any CPU
		{70147796-7E0C-4162-8890-C356114C4608}.Ad-Hoc|Any CPU.Build.0 = Release|Any CPU
		{70147796-7E0C-4162-8890-C356114C4608}.Ad-Hoc|ARM.ActiveCfg = Release|Any CPU
		{70147796-7E0C-4162-8890-C356114C4608}.Ad-Hoc|ARM.Build.0 = Release|Any CPU
		{70147796-7E0C-4162-8890-C356114C4608}.Ad-Hoc|iPhone.ActiveCfg = Release|Any CPU
		{70147796-7E0C-4162-8890-C356114C4608}.Ad-Hoc|iPhone.Build.0 = Release|Any CPU
		{70147796-7E0C-4162-8890-C356114C4608}.Ad-Hoc|iPhoneSimulator.ActiveCfg = Release|Any CPU
		{70147796-7E0C-4162-8890-C356114C4608}.Ad-Hoc|iPhoneSimulator.Build.0 = Release|Any CPU
		{70147796-7E0C-4162-8890-C356114C4608}.Ad-Hoc|x64.ActiveCfg = Release|Any CPU
		{70147796-7E0C-4162-8890-C356114C4608}.Ad-Hoc|x64.Build.0 = Release|Any CPU
		{70147796-7E0C-4162-8890-C356114C4608}.Ad-Hoc|x86.ActiveCfg = Release|Any CPU
		{70147796-7E0C-4162-8890-C356114C4608}.Ad-Hoc|x86.Build.0 = Release|Any CPU
		{70147796-7E0C-4162-8890-C356114C4608}.AppStore|Any CPU.ActiveCfg = Release|Any CPU
		{70147796-7E0C-4162-8890-C356114C4608}.AppStore|Any CPU.Build.0 = Release|Any CPU
		{70147796-7E0C-4162-8890-C356114C4608}.AppStore|ARM.ActiveCfg = Release|Any CPU
		{70147796-7E0C-4162-8890-C356114C4608}.AppStore|ARM.Build.0 = Release|Any CPU
		{70147796-7E0C-4162-8890-C356114C4608}.AppStore|iPhone.ActiveCfg = Release|Any CPU
		{70147796-7E0C-4162-8890-C356114C4608}.AppStore|iPhone.Build.0 = Release|Any CPU
		{70147796-7E0C-4162-8890-C356114C4608}.AppStore|iPhoneSimulator.ActiveCfg = Release|Any CPU
		{70147796-7E0C-4162-8890-C356114C4608}.AppStore|iPhoneSimulator.Build.0 = Release|Any CPU
		{70147796-7E0C-4162-8890-C356114C4608}.AppStore|x64.ActiveCfg = Release|Any CPU
		{70147796-7E0C-4162-8890-C356114C4608}.AppStore|x64.Build.0 = Release|Any CPU
		{70147796-7E0C-4162-8890-C356114C4608}.AppStore|x86.ActiveCfg = Release|Any CPU
		{70147796-7E0C-4162-8890-C356114C4608}.AppStore|x86.Build.0 = Release|Any CPU
		{70147796-7E0C-4162-8890-C356114C4608}.Debug|Any CPU.ActiveCfg = Debug|Any CPU
		{70147796-7E0C-4162-8890-C356114C4608}.Debug|Any CPU.Build.0 = Debug|Any CPU
		{70147796-7E0C-4162-8890-C356114C4608}.Debug|ARM.ActiveCfg = Debug|Any CPU
		{70147796-7E0C-4162-8890-C356114C4608}.Debug|ARM.Build.0 = Debug|Any CPU
		{70147796-7E0C-4162-8890-C356114C4608}.Debug|iPhone.ActiveCfg = Debug|Any CPU
		{70147796-7E0C-4162-8890-C356114C4608}.Debug|iPhone.Build.0 = Debug|Any CPU
		{70147796-7E0C-4162-8890-C356114C4608}.Debug|iPhoneSimulator.ActiveCfg = Debug|Any CPU
		{70147796-7E0C-4162-8890-C356114C4608}.Debug|iPhoneSimulator.Build.0 = Debug|Any CPU
		{70147796-7E0C-4162-8890-C356114C4608}.Debug|x64.ActiveCfg = Debug|Any CPU
		{70147796-7E0C-4162-8890-C356114C4608}.Debug|x64.Build.0 = Debug|Any CPU
		{70147796-7E0C-4162-8890-C356114C4608}.Debug|x86.ActiveCfg = Debug|Any CPU
		{70147796-7E0C-4162-8890-C356114C4608}.Debug|x86.Build.0 = Debug|Any CPU
		{70147796-7E0C-4162-8890-C356114C4608}.Release|Any CPU.ActiveCfg = Release|Any CPU
		{70147796-7E0C-4162-8890-C356114C4608}.Release|Any CPU.Build.0 = Release|Any CPU
		{70147796-7E0C-4162-8890-C356114C4608}.Release|ARM.ActiveCfg = Release|Any CPU
		{70147796-7E0C-4162-8890-C356114C4608}.Release|ARM.Build.0 = Release|Any CPU
		{70147796-7E0C-4162-8890-C356114C4608}.Release|iPhone.ActiveCfg = Release|Any CPU
		{70147796-7E0C-4162-8890-C356114C4608}.Release|iPhone.Build.0 = Release|Any CPU
		{70147796-7E0C-4162-8890-C356114C4608}.Release|iPhoneSimulator.ActiveCfg = Release|Any CPU
		{70147796-7E0C-4162-8890-C356114C4608}.Release|iPhoneSimulator.Build.0 = Release|Any CPU
		{70147796-7E0C-4162-8890-C356114C4608}.Release|x64.ActiveCfg = Release|Any CPU
		{70147796-7E0C-4162-8890-C356114C4608}.Release|x64.Build.0 = Release|Any CPU
		{70147796-7E0C-4162-8890-C356114C4608}.Release|x86.ActiveCfg = Release|Any CPU
		{70147796-7E0C-4162-8890-C356114C4608}.Release|x86.Build.0 = Release|Any CPU
	EndGlobalSection
	GlobalSection(SolutionProperties) = preSolution
		HideSolutionNode = FALSE
	EndGlobalSection
	GlobalSection(NestedProjects) = preSolution
		{9BBD0184-6499-4E0D-8EDC-452B93E3154C} = {714EBB09-4278-42CC-922D-AE53ECE9763F}
		{001718B5-79F8-4897-87B8-6DC0AF5EA8A0} = {714EBB09-4278-42CC-922D-AE53ECE9763F}
		{41AE4B30-C5C2-4BC0-82BD-EF0B01D9B9F1} = {714EBB09-4278-42CC-922D-AE53ECE9763F}
		{EF1104F3-E346-4148-9EF1-71EFB263F0D5} = {714EBB09-4278-42CC-922D-AE53ECE9763F}
		{EC984407-662C-4AA4-8AA3-DF996E0E8085} = {714EBB09-4278-42CC-922D-AE53ECE9763F}
		{A3C509E5-6E0C-4E93-B0C1-FBACDB7244EE} = {714EBB09-4278-42CC-922D-AE53ECE9763F}
		{5A6C150D-6F43-4FA1-92E9-47F008885139} = {37E511C3-98E7-4AD0-B407-11EC9AF99C2A}
		{70147796-7E0C-4162-8890-C356114C4608} = {37E511C3-98E7-4AD0-B407-11EC9AF99C2A}
	EndGlobalSection
EndGlobal
